{
  "matched_destination[destination_index] = true\nmatched << {": [
    {
      "file": "lib/plain/merge.rb",
      "lines": [
        107,
        139
      ]
    }
  ],
  "template = analyze_text(template_source)\ndestination = analyze_text(destination_source)": [
    {
      "file": "lib/plain/merge.rb",
      "lines": [
        94,
        156
      ]
    }
  ],
  "vendored_gems_env: 'VENDORED_GEMS',\nvendor_gem_dir_env: 'VENDOR_GEM_DIR',": [
    {
      "file": "gemfiles/modular/templating_local.gemfile",
      "lines": [
        77,
        88
      ]
    }
  ]
}
