{
  ".simplecov:1859435982": [
    [1, 1, 1, "Style/FrozenStringLiteralComment: Missing frozen string literal comment.", 177542]
  ],
  "Rakefile:1078627597": [
    [18, 121, 17, "Layout/LineLength: Line is too long. [137/120]", 174264873],
    [79, 3, 1023, "Metrics/BlockLength: Block has too many lines. [32/25]", 54868638],
    [163, 121, 22, "Layout/LineLength: Line is too long. [142/120]", 1367093088],
    [166, 121, 18, "Layout/LineLength: Line is too long. [138/120]", 3881946477]
  ],
  "ast-merge-git.gemspec:1454814259": [
    [127, 121, 20, "Layout/LineLength: Line is too long. [140/120]", 2821357214],
    [142, 121, 50, "Layout/LineLength: Line is too long. [170/120]", 3888612416],
    [143, 121, 29, "Layout/LineLength: Line is too long. [149/120]", 981994949],
    [150, 121, 12, "Layout/LineLength: Line is too long. [132/120]", 4229808912]
  ],
  "gemfiles/modular/benchmark/r4/v0.5.gemfile:3644720371": [
    [1, 1, 1, "Style/FrozenStringLiteralComment: Missing frozen string literal comment.", 177542]
  ],
  "gemfiles/modular/benchmark/vHEAD.gemfile:2838879269": [
    [1, 1, 0, "Naming/FileName: The name of this source file (`vHEAD.gemfile`) should use snake_case.", 5381],
    [1, 1, 1, "Style/FrozenStringLiteralComment: Missing frozen string literal comment.", 177542]
  ],
  "gemfiles/modular/erb/r2/v3.0.gemfile:1688285565": [
    [1, 1, 1, "Style/FrozenStringLiteralComment: Missing frozen string literal comment.", 177602]
  ],
  "gemfiles/modular/erb/r3/v5.0.gemfile:2150258305": [
    [1, 1, 1, "Style/FrozenStringLiteralComment: Missing frozen string literal comment.", 177602]
  ],
  "gemfiles/modular/erb/r4/v5.0.gemfile:2150258305": [
    [1, 1, 1, "Style/FrozenStringLiteralComment: Missing frozen string literal comment.", 177602]
  ],
  "gemfiles/modular/erb/vHEAD.gemfile:981929959": [
    [1, 1, 0, "Naming/FileName: The name of this source file (`vHEAD.gemfile`) should use snake_case.", 5381],
    [1, 1, 1, "Style/FrozenStringLiteralComment: Missing frozen string literal comment.", 177542]
  ],
  "gemfiles/modular/mutex_m/r2/v0.3.gemfile:4055275004": [
    [1, 1, 1, "Style/FrozenStringLiteralComment: Missing frozen string literal comment.", 177542]
  ],
  "gemfiles/modular/mutex_m/r3/v0.3.gemfile:4055275004": [
    [1, 1, 1, "Style/FrozenStringLiteralComment: Missing frozen string literal comment.", 177542]
  ],
  "gemfiles/modular/mutex_m/r4/v0.3.gemfile:4055275004": [
    [1, 1, 1, "Style/FrozenStringLiteralComment: Missing frozen string literal comment.", 177542]
  ],
  "gemfiles/modular/mutex_m/vHEAD.gemfile:556854763": [
    [1, 1, 0, "Naming/FileName: The name of this source file (`vHEAD.gemfile`) should use snake_case.", 5381],
    [1, 1, 1, "Style/FrozenStringLiteralComment: Missing frozen string literal comment.", 177542]
  ],
  "gemfiles/modular/rspec.gemfile:2263543889": [
    [1, 1, 1, "Style/FrozenStringLiteralComment: Missing frozen string literal comment.", 177602]
  ],
  "gemfiles/modular/stringio/r2/v3.0.gemfile:821604304": [
    [1, 1, 1, "Style/FrozenStringLiteralComment: Missing frozen string literal comment.", 177542]
  ],
  "gemfiles/modular/stringio/r3/v3.0.gemfile:821604304": [
    [1, 1, 1, "Style/FrozenStringLiteralComment: Missing frozen string literal comment.", 177542]
  ],
  "gemfiles/modular/stringio/r4/v3.0.gemfile:821604304": [
    [1, 1, 1, "Style/FrozenStringLiteralComment: Missing frozen string literal comment.", 177542]
  ],
  "gemfiles/modular/stringio/vHEAD.gemfile:1045839691": [
    [1, 1, 0, "Naming/FileName: The name of this source file (`vHEAD.gemfile`) should use snake_case.", 5381],
    [1, 1, 1, "Style/FrozenStringLiteralComment: Missing frozen string literal comment.", 177542]
  ],
  "gemfiles/modular/x_std_libs.gemfile:2324400122": [
    [1, 1, 1, "Style/FrozenStringLiteralComment: Missing frozen string literal comment.", 177542]
  ],
  "gemfiles/modular/x_std_libs/r2/libs.gemfile:36276542": [
    [1, 1, 1, "Style/FrozenStringLiteralComment: Missing frozen string literal comment.", 177600]
  ],
  "gemfiles/modular/x_std_libs/r3/libs.gemfile:4030570297": [
    [1, 1, 1, "Style/FrozenStringLiteralComment: Missing frozen string literal comment.", 177600]
  ],
  "gemfiles/modular/x_std_libs/r4/libs.gemfile:909736663": [
    [1, 1, 1, "Style/FrozenStringLiteralComment: Missing frozen string literal comment.", 177600]
  ],
  "gemfiles/modular/x_std_libs/vHEAD.gemfile:907917303": [
    [1, 1, 0, "Naming/FileName: The name of this source file (`vHEAD.gemfile`) should use snake_case.", 5381],
    [1, 1, 1, "Style/FrozenStringLiteralComment: Missing frozen string literal comment.", 177600]
  ],
  "lib/ast-merge-git.rb:2225160157": [
    [1, 1, 0, "Naming/FileName: The name of this source file (`ast-merge-git.rb`) should use snake_case.", 5381]
  ],
  "lib/ast/merge/git.rb:1842264944": [
    [11, 5, 10, "Style/Documentation: Missing top-level documentation comment for `module Ast::Merge::Git`.", 3851934373],
    [11, 5, 16583, "Metrics/ModuleLength: Module has too many lines. [376/100]", 1524969990],
    [17, 7, 487, "Metrics/MethodLength: Method has too many lines. [15/10]", 186495496],
    [35, 7, 2131, "Metrics/AbcSize: Assignment Branch Condition size for `merge3_json` is too high. [<10, 21, 5> 23.79/17]", 4226122829],
    [35, 7, 2131, "Metrics/MethodLength: Method has too many lines. [49/10]", 4226122829],
    [92, 7, 1030, "Metrics/MethodLength: Method has too many lines. [23/10]", 3760313662],
    [119, 7, 1773, "Metrics/AbcSize: Assignment Branch Condition size for `response` is too high. [<0, 20, 6> 20.88/17]", 2729446571],
    [119, 7, 1773, "Metrics/MethodLength: Method has too many lines. [33/10]", 2729446571],
    [119, 19, 285, "Metrics/ParameterLists: Avoid parameter lists longer than 5 parameters. [13/5]", 1214652168],
    [119, 20, 2, "Naming/MethodParameterName: Method parameter must be at least 3 characters long.", 5861217],
    [120, 121, 90, "Layout/LineLength: Line is too long. [210/120]", 198321059],
    [136, 121, 4, "Layout/LineLength: Line is too long. [124/120]", 2089543276],
    [143, 121, 6, "Layout/LineLength: Line is too long. [126/120]", 1756879393],
    [150, 121, 10, "Layout/LineLength: Line is too long. [130/120]", 3825289243],
    [156, 7, 1545, "Metrics/MethodLength: Method has too many lines. [22/10]", 3913227083],
    [158, 121, 6, "Layout/LineLength: Line is too long. [126/120]", 3143802438],
    [182, 7, 633, "Metrics/MethodLength: Method has too many lines. [17/10]", 1596017211],
    [211, 7, 580, "Metrics/MethodLength: Method has too many lines. [14/10]", 806995714],
    [228, 7, 1207, "Metrics/AbcSize: Assignment Branch Condition size for `render_json_owned_region_conflict_source` is too high. [<11, 31, 9> 34.1/17]", 3379641138],
    [228, 7, 1207, "Metrics/CyclomaticComplexity: Cyclomatic complexity for `render_json_owned_region_conflict_source` is too high. [9/7]", 3379641138],
    [228, 7, 1207, "Metrics/MethodLength: Method has too many lines. [22/10]", 3379641138],
    [228, 7, 1207, "Metrics/PerceivedComplexity: Perceived complexity for `render_json_owned_region_conflict_source` is too high. [9/8]", 3379641138],
    [267, 7, 1003, "Metrics/MethodLength: Method has too many lines. [21/10]", 3925322740],
    [322, 7, 647, "Metrics/AbcSize: Assignment Branch Condition size for `merge_json_objects` is too high. [<9, 19, 8> 22.49/17]", 3282600463],
    [322, 7, 647, "Metrics/CyclomaticComplexity: Cyclomatic complexity for `merge_json_objects` is too high. [9/7]", 3282600463],
    [322, 7, 647, "Metrics/MethodLength: Method has too many lines. [14/10]", 3282600463],
    [322, 7, 647, "Metrics/PerceivedComplexity: Perceived complexity for `merge_json_objects` is too high. [9/8]", 3282600463],
    [339, 7, 1225, "Metrics/AbcSize: Assignment Branch Condition size for `classify_json_changes` is too high. [<9, 26, 19> 33.44/17]", 1184093629],
    [339, 7, 1225, "Metrics/CyclomaticComplexity: Cyclomatic complexity for `classify_json_changes` is too high. [16/7]", 1184093629],
    [339, 7, 1225, "Metrics/MethodLength: Method has too many lines. [18/10]", 1184093629],
    [339, 7, 1225, "Metrics/PerceivedComplexity: Perceived complexity for `classify_json_changes` is too high. [16/8]", 1184093629],
    [372, 7, 1204, "Metrics/AbcSize: Assignment Branch Condition size for `merge_json_entry` is too high. [<3, 4, 24> 24.52/17]", 4167732292],
    [372, 7, 1204, "Metrics/CyclomaticComplexity: Cyclomatic complexity for `merge_json_entry` is too high. [19/7]", 4167732292],
    [372, 7, 1204, "Metrics/MethodLength: Method has too many lines. [23/10]", 4167732292],
    [372, 7, 1204, "Metrics/PerceivedComplexity: Perceived complexity for `merge_json_entry` is too high. [19/8]", 4167732292]
  ],
  "spec/fixtures_integration_spec.rb:3913389885": [
    [5, 1, 4397, "Metrics/BlockLength: Block has too many lines. [76/25]", 3987365418],
    [14, 3, 2790, "Metrics/BlockLength: Block has too many lines. [44/25]", 1864930381],
    [19, 5, 2476, "Metrics/BlockLength: Block has too many lines. [39/25]", 2685930561]
  ]
}
