{
  ".simplecov:495473973": [
    [1, 1, 1, "Style/FrozenStringLiteralComment: Missing frozen string literal comment.", 177542]
  ],
  "Rakefile:522749197": [
    [18, 121, 17, "Layout/LineLength: Line is too long. [137/120]", 174264873],
    [79, 3, 1023, "Metrics/BlockLength: Block has too many lines. [32/25]", 54868638],
    [163, 121, 22, "Layout/LineLength: Line is too long. [142/120]", 1367093088],
    [166, 121, 18, "Layout/LineLength: Line is too long. [138/120]", 3881946477]
  ],
  "gemfiles/modular/benchmark/r4/v0.5.gemfile:3644720371": [
    [1, 1, 1, "Style/FrozenStringLiteralComment: Missing frozen string literal comment.", 177542]
  ],
  "gemfiles/modular/benchmark/vHEAD.gemfile:2838879269": [
    [1, 1, 0, "Naming/FileName: The name of this source file (`vHEAD.gemfile`) should use snake_case.", 5381],
    [1, 1, 1, "Style/FrozenStringLiteralComment: Missing frozen string literal comment.", 177542]
  ],
  "gemfiles/modular/cgi/r4/v0.5.gemfile:367169322": [
    [1, 1, 1, "Style/FrozenStringLiteralComment: Missing frozen string literal comment.", 177602]
  ],
  "gemfiles/modular/cgi/vHEAD.gemfile:2729540777": [
    [1, 1, 0, "Naming/FileName: The name of this source file (`vHEAD.gemfile`) should use snake_case.", 5381],
    [1, 1, 1, "Style/FrozenStringLiteralComment: Missing frozen string literal comment.", 177602]
  ],
  "gemfiles/modular/erb/r2/v3.0.gemfile:1688285565": [
    [1, 1, 1, "Style/FrozenStringLiteralComment: Missing frozen string literal comment.", 177602]
  ],
  "gemfiles/modular/erb/r3/v5.0.gemfile:2394062339": [
    [1, 1, 1, "Style/FrozenStringLiteralComment: Missing frozen string literal comment.", 177602]
  ],
  "gemfiles/modular/erb/r4/v5.0.gemfile:2394062339": [
    [1, 1, 1, "Style/FrozenStringLiteralComment: Missing frozen string literal comment.", 177602]
  ],
  "gemfiles/modular/erb/vHEAD.gemfile:981929959": [
    [1, 1, 0, "Naming/FileName: The name of this source file (`vHEAD.gemfile`) should use snake_case.", 5381],
    [1, 1, 1, "Style/FrozenStringLiteralComment: Missing frozen string literal comment.", 177542]
  ],
  "gemfiles/modular/mutex_m/r2/v0.3.gemfile:4055275004": [
    [1, 1, 1, "Style/FrozenStringLiteralComment: Missing frozen string literal comment.", 177542]
  ],
  "gemfiles/modular/mutex_m/r3/v0.3.gemfile:4055275004": [
    [1, 1, 1, "Style/FrozenStringLiteralComment: Missing frozen string literal comment.", 177542]
  ],
  "gemfiles/modular/mutex_m/r4/v0.3.gemfile:4055275004": [
    [1, 1, 1, "Style/FrozenStringLiteralComment: Missing frozen string literal comment.", 177542]
  ],
  "gemfiles/modular/mutex_m/vHEAD.gemfile:556854763": [
    [1, 1, 0, "Naming/FileName: The name of this source file (`vHEAD.gemfile`) should use snake_case.", 5381],
    [1, 1, 1, "Style/FrozenStringLiteralComment: Missing frozen string literal comment.", 177542]
  ],
  "gemfiles/modular/rspec.gemfile:2263543889": [
    [1, 1, 1, "Style/FrozenStringLiteralComment: Missing frozen string literal comment.", 177602]
  ],
  "gemfiles/modular/stringio/r2/v3.0.gemfile:821604304": [
    [1, 1, 1, "Style/FrozenStringLiteralComment: Missing frozen string literal comment.", 177542]
  ],
  "gemfiles/modular/stringio/r3/v3.0.gemfile:821604304": [
    [1, 1, 1, "Style/FrozenStringLiteralComment: Missing frozen string literal comment.", 177542]
  ],
  "gemfiles/modular/stringio/r4/v3.0.gemfile:821604304": [
    [1, 1, 1, "Style/FrozenStringLiteralComment: Missing frozen string literal comment.", 177542]
  ],
  "gemfiles/modular/stringio/vHEAD.gemfile:1045839691": [
    [1, 1, 0, "Naming/FileName: The name of this source file (`vHEAD.gemfile`) should use snake_case.", 5381],
    [1, 1, 1, "Style/FrozenStringLiteralComment: Missing frozen string literal comment.", 177542]
  ],
  "gemfiles/modular/webrick/r4/v1.9.gemfile:3092661193": [
    [1, 1, 1, "Style/FrozenStringLiteralComment: Missing frozen string literal comment.", 177602]
  ],
  "gemfiles/modular/webrick/vHEAD.gemfile:3867684682": [
    [1, 1, 0, "Naming/FileName: The name of this source file (`vHEAD.gemfile`) should use snake_case.", 5381],
    [1, 1, 1, "Style/FrozenStringLiteralComment: Missing frozen string literal comment.", 177602]
  ],
  "gemfiles/modular/x_std_libs.gemfile:2324400122": [
    [1, 1, 1, "Style/FrozenStringLiteralComment: Missing frozen string literal comment.", 177542]
  ],
  "gemfiles/modular/x_std_libs/r2/libs.gemfile:36276542": [
    [1, 1, 1, "Style/FrozenStringLiteralComment: Missing frozen string literal comment.", 177600]
  ],
  "gemfiles/modular/x_std_libs/r3/libs.gemfile:4030570297": [
    [1, 1, 1, "Style/FrozenStringLiteralComment: Missing frozen string literal comment.", 177600]
  ],
  "gemfiles/modular/x_std_libs/r4/libs.gemfile:732451732": [
    [1, 1, 1, "Style/FrozenStringLiteralComment: Missing frozen string literal comment.", 177600]
  ],
  "gemfiles/modular/x_std_libs/vHEAD.gemfile:2390363993": [
    [1, 1, 0, "Naming/FileName: The name of this source file (`vHEAD.gemfile`) should use snake_case.", 5381],
    [1, 1, 1, "Style/FrozenStringLiteralComment: Missing frozen string literal comment.", 177600]
  ],
  "go-merge.gemspec:2951098809": [
    [137, 121, 34, "Layout/LineLength: Line is too long. [154/120]", 4147388508],
    [148, 121, 50, "Layout/LineLength: Line is too long. [170/120]", 3888612416],
    [149, 121, 29, "Layout/LineLength: Line is too long. [149/120]", 981994949]
  ],
  "lib/go-merge.rb:1938991181": [
    [1, 1, 0, "Naming/FileName: The name of this source file (`go-merge.rb`) should use snake_case.", 5381]
  ],
  "lib/go/merge.rb:1429248778": [
    [10, 3, 12, "Style/Documentation: Missing top-level documentation comment for `module Go::Merge`.", 2866359175],
    [10, 3, 8162, "Metrics/ModuleLength: Module has too many lines. [191/100]", 1602270489],
    [11, 5, 11, "Style/ModuleFunction: Use `module_function` instead of `extend self`.", 1210897631],
    [74, 121, 20, "Layout/LineLength: Line is too long. [140/120]", 1491828652],
    [102, 5, 1399, "Metrics/AbcSize: Assignment Branch Condition size for `merge_go` is too high. [<13, 32, 11> 36.25/17]", 3471957286],
    [102, 5, 1399, "Metrics/CyclomaticComplexity: Cyclomatic complexity for `merge_go` is too high. [11/7]", 3471957286],
    [102, 5, 1399, "Metrics/MethodLength: Method has too many lines. [22/10]", 3471957286],
    [102, 5, 1399, "Metrics/PerceivedComplexity: Perceived complexity for `merge_go` is too high. [11/8]", 3471957286],
    [121, 34, 7, "Style/MultilineBlockChain: Avoid multi-line chains of blocks.", 4045560504],
    [129, 5, 1447, "Metrics/AbcSize: Assignment Branch Condition size for `analyze_go_module` is too high. [<8, 19, 5> 21.21/17]", 1720548769],
    [129, 5, 1447, "Metrics/MethodLength: Method has too many lines. [40/10]", 1720548769],
    [171, 5, 73, "Lint/ShadowedException: Do not shadow rescued Exceptions.", 2046499071]
  ],
  "spec/fixtures_integration_spec.rb:341155994": [
    [3, 1, 5172, "Metrics/BlockLength: Block has too many lines. [76/25]", 420437002],
    [8, 3, 4420, "Metrics/BlockLength: Block has too many lines. [61/25]", 566085077]
  ]
}
