{
  ".simplecov:2374550318": [
    [1, 1, 1, "Style/FrozenStringLiteralComment: Missing frozen string literal comment.", 177542]
  ],
  "Rakefile:1777384205": [
    [18, 121, 17, "Layout/LineLength: Line is too long. [137/120]", 174264873],
    [79, 3, 1023, "Metrics/BlockLength: Block has too many lines. [32/25]", 54868638],
    [163, 121, 22, "Layout/LineLength: Line is too long. [142/120]", 1367093088],
    [166, 121, 18, "Layout/LineLength: Line is too long. [138/120]", 3881946477]
  ],
  "gemfiles/modular/benchmark/r4/v0.5.gemfile:3644720371": [
    [1, 1, 1, "Style/FrozenStringLiteralComment: Missing frozen string literal comment.", 177542]
  ],
  "gemfiles/modular/benchmark/vHEAD.gemfile:2838879269": [
    [1, 1, 0, "Naming/FileName: The name of this source file (`vHEAD.gemfile`) should use snake_case.", 5381],
    [1, 1, 1, "Style/FrozenStringLiteralComment: Missing frozen string literal comment.", 177542]
  ],
  "gemfiles/modular/erb/r2/v3.0.gemfile:1688285565": [
    [1, 1, 1, "Style/FrozenStringLiteralComment: Missing frozen string literal comment.", 177602]
  ],
  "gemfiles/modular/erb/r3/v5.0.gemfile:2150258305": [
    [1, 1, 1, "Style/FrozenStringLiteralComment: Missing frozen string literal comment.", 177602]
  ],
  "gemfiles/modular/erb/r4/v5.0.gemfile:2150258305": [
    [1, 1, 1, "Style/FrozenStringLiteralComment: Missing frozen string literal comment.", 177602]
  ],
  "gemfiles/modular/erb/vHEAD.gemfile:981929959": [
    [1, 1, 0, "Naming/FileName: The name of this source file (`vHEAD.gemfile`) should use snake_case.", 5381],
    [1, 1, 1, "Style/FrozenStringLiteralComment: Missing frozen string literal comment.", 177542]
  ],
  "gemfiles/modular/mutex_m/r2/v0.3.gemfile:4055275004": [
    [1, 1, 1, "Style/FrozenStringLiteralComment: Missing frozen string literal comment.", 177542]
  ],
  "gemfiles/modular/mutex_m/r3/v0.3.gemfile:4055275004": [
    [1, 1, 1, "Style/FrozenStringLiteralComment: Missing frozen string literal comment.", 177542]
  ],
  "gemfiles/modular/mutex_m/r4/v0.3.gemfile:4055275004": [
    [1, 1, 1, "Style/FrozenStringLiteralComment: Missing frozen string literal comment.", 177542]
  ],
  "gemfiles/modular/mutex_m/vHEAD.gemfile:556854763": [
    [1, 1, 0, "Naming/FileName: The name of this source file (`vHEAD.gemfile`) should use snake_case.", 5381],
    [1, 1, 1, "Style/FrozenStringLiteralComment: Missing frozen string literal comment.", 177542]
  ],
  "gemfiles/modular/rspec.gemfile:2263543889": [
    [1, 1, 1, "Style/FrozenStringLiteralComment: Missing frozen string literal comment.", 177602]
  ],
  "gemfiles/modular/stringio/r2/v3.0.gemfile:821604304": [
    [1, 1, 1, "Style/FrozenStringLiteralComment: Missing frozen string literal comment.", 177542]
  ],
  "gemfiles/modular/stringio/r3/v3.0.gemfile:821604304": [
    [1, 1, 1, "Style/FrozenStringLiteralComment: Missing frozen string literal comment.", 177542]
  ],
  "gemfiles/modular/stringio/r4/v3.0.gemfile:821604304": [
    [1, 1, 1, "Style/FrozenStringLiteralComment: Missing frozen string literal comment.", 177542]
  ],
  "gemfiles/modular/stringio/vHEAD.gemfile:1045839691": [
    [1, 1, 0, "Naming/FileName: The name of this source file (`vHEAD.gemfile`) should use snake_case.", 5381],
    [1, 1, 1, "Style/FrozenStringLiteralComment: Missing frozen string literal comment.", 177542]
  ],
  "gemfiles/modular/x_std_libs.gemfile:2324400122": [
    [1, 1, 1, "Style/FrozenStringLiteralComment: Missing frozen string literal comment.", 177542]
  ],
  "gemfiles/modular/x_std_libs/r2/libs.gemfile:36276542": [
    [1, 1, 1, "Style/FrozenStringLiteralComment: Missing frozen string literal comment.", 177600]
  ],
  "gemfiles/modular/x_std_libs/r3/libs.gemfile:4030570297": [
    [1, 1, 1, "Style/FrozenStringLiteralComment: Missing frozen string literal comment.", 177600]
  ],
  "gemfiles/modular/x_std_libs/r4/libs.gemfile:909736663": [
    [1, 1, 1, "Style/FrozenStringLiteralComment: Missing frozen string literal comment.", 177600]
  ],
  "gemfiles/modular/x_std_libs/vHEAD.gemfile:907917303": [
    [1, 1, 0, "Naming/FileName: The name of this source file (`vHEAD.gemfile`) should use snake_case.", 5381],
    [1, 1, 1, "Style/FrozenStringLiteralComment: Missing frozen string literal comment.", 177600]
  ],
  "lib/rust-merge.rb:3264986437": [
    [1, 1, 0, "Naming/FileName: The name of this source file (`rust-merge.rb`) should use snake_case.", 5381]
  ],
  "lib/rust/merge.rb:2035906460": [
    [10, 3, 12, "Style/Documentation: Missing top-level documentation comment for `module Rust::Merge`.", 2866359175],
    [10, 3, 5517, "Metrics/ModuleLength: Module has too many lines. [111/100]", 1654067060],
    [56, 121, 22, "Layout/LineLength: Line is too long. [142/120]", 1494061343],
    [63, 5, 1405, "Metrics/AbcSize: Assignment Branch Condition size for `merge_rust` is too high. [<13, 32, 11> 36.25/17]", 3235979822],
    [63, 5, 1405, "Metrics/CyclomaticComplexity: Cyclomatic complexity for `merge_rust` is too high. [11/7]", 3235979822],
    [63, 5, 1405, "Metrics/MethodLength: Method has too many lines. [22/10]", 3235979822],
    [63, 5, 1405, "Metrics/PerceivedComplexity: Perceived complexity for `merge_rust` is too high. [11/8]", 3235979822],
    [82, 34, 7, "Style/MultilineBlockChain: Avoid multi-line chains of blocks.", 4045560504],
    [90, 5, 1669, "Metrics/AbcSize: Assignment Branch Condition size for `analyze_rust_module` is too high. [<11, 34, 8> 36.62/17]", 284573767],
    [90, 5, 1669, "Metrics/CyclomaticComplexity: Cyclomatic complexity for `analyze_rust_module` is too high. [9/7]", 284573767],
    [90, 5, 1669, "Metrics/MethodLength: Method has too many lines. [30/10]", 284573767],
    [90, 5, 1669, "Metrics/PerceivedComplexity: Perceived complexity for `analyze_rust_module` is too high. [9/8]", 284573767],
    [103, 50, 20, "Style/SymbolProc: Pass `&:name` as an argument to `select` instead of a block.", 2833012298],
    [107, 7, 3, "Layout/BlockAlignment: `end` at 107, 6 is not aligned with `processed[:analysis].structure` at 102, 21 or `.map do |item|` at 104, 41.", 193405706],
    [107, 7, 53, "Style/MultilineBlockChain: Avoid multi-line chains of blocks.", 1601274288]
  ],
  "rust-merge.gemspec:959412390": [
    [128, 121, 20, "Layout/LineLength: Line is too long. [140/120]", 2821357214],
    [143, 121, 50, "Layout/LineLength: Line is too long. [170/120]", 3888612416],
    [144, 121, 29, "Layout/LineLength: Line is too long. [149/120]", 981994949],
    [151, 121, 12, "Layout/LineLength: Line is too long. [132/120]", 4229808912]
  ],
  "spec/fixtures_integration_spec.rb:1865148926": [
    [3, 1, 4160, "Metrics/BlockLength: Block has too many lines. [59/25]", 2367003442],
    [8, 3, 3901, "Metrics/BlockLength: Block has too many lines. [54/25]", 906300658]
  ]
}
