{
  ".simplecov:2330981413": [
    [1, 1, 1, "Style/FrozenStringLiteralComment: Missing frozen string literal comment.", 177542]
  ],
  "Rakefile:3255865505": [
    [18, 121, 17, "Layout/LineLength: Line is too long. [137/120]", 174264873],
    [81, 3, 1023, "Metrics/BlockLength: Block has too many lines. [32/25]", 54868638],
    [165, 121, 22, "Layout/LineLength: Line is too long. [142/120]", 1367093088],
    [168, 121, 18, "Layout/LineLength: Line is too long. [138/120]", 3881946477]
  ],
  "gemfiles/modular/benchmark/r4/v0.5.gemfile:3644720371": [
    [1, 1, 1, "Style/FrozenStringLiteralComment: Missing frozen string literal comment.", 177542]
  ],
  "gemfiles/modular/benchmark/vHEAD.gemfile:2838879269": [
    [1, 1, 0, "Naming/FileName: The name of this source file (`vHEAD.gemfile`) should use snake_case.", 5381],
    [1, 1, 1, "Style/FrozenStringLiteralComment: Missing frozen string literal comment.", 177542]
  ],
  "gemfiles/modular/cgi/r4/v0.5.gemfile:367169322": [
    [1, 1, 1, "Style/FrozenStringLiteralComment: Missing frozen string literal comment.", 177602]
  ],
  "gemfiles/modular/cgi/vHEAD.gemfile:2729540777": [
    [1, 1, 0, "Naming/FileName: The name of this source file (`vHEAD.gemfile`) should use snake_case.", 5381],
    [1, 1, 1, "Style/FrozenStringLiteralComment: Missing frozen string literal comment.", 177602]
  ],
  "gemfiles/modular/erb/r2/v3.0.gemfile:1688285565": [
    [1, 1, 1, "Style/FrozenStringLiteralComment: Missing frozen string literal comment.", 177602]
  ],
  "gemfiles/modular/erb/r3/v5.0.gemfile:343545730": [
    [1, 1, 1, "Style/FrozenStringLiteralComment: Missing frozen string literal comment.", 177602]
  ],
  "gemfiles/modular/erb/r4/v5.0.gemfile:343545730": [
    [1, 1, 1, "Style/FrozenStringLiteralComment: Missing frozen string literal comment.", 177602]
  ],
  "gemfiles/modular/erb/vHEAD.gemfile:981929959": [
    [1, 1, 0, "Naming/FileName: The name of this source file (`vHEAD.gemfile`) should use snake_case.", 5381],
    [1, 1, 1, "Style/FrozenStringLiteralComment: Missing frozen string literal comment.", 177542]
  ],
  "gemfiles/modular/mutex_m/r2/v0.3.gemfile:4055275004": [
    [1, 1, 1, "Style/FrozenStringLiteralComment: Missing frozen string literal comment.", 177542]
  ],
  "gemfiles/modular/mutex_m/r3/v0.3.gemfile:4055275004": [
    [1, 1, 1, "Style/FrozenStringLiteralComment: Missing frozen string literal comment.", 177542]
  ],
  "gemfiles/modular/mutex_m/r4/v0.3.gemfile:4055275004": [
    [1, 1, 1, "Style/FrozenStringLiteralComment: Missing frozen string literal comment.", 177542]
  ],
  "gemfiles/modular/mutex_m/vHEAD.gemfile:556854763": [
    [1, 1, 0, "Naming/FileName: The name of this source file (`vHEAD.gemfile`) should use snake_case.", 5381],
    [1, 1, 1, "Style/FrozenStringLiteralComment: Missing frozen string literal comment.", 177542]
  ],
  "gemfiles/modular/rspec.gemfile:2263543889": [
    [1, 1, 1, "Style/FrozenStringLiteralComment: Missing frozen string literal comment.", 177602]
  ],
  "gemfiles/modular/stringio/r2/v3.0.gemfile:821604304": [
    [1, 1, 1, "Style/FrozenStringLiteralComment: Missing frozen string literal comment.", 177542]
  ],
  "gemfiles/modular/stringio/r3/v3.0.gemfile:821604304": [
    [1, 1, 1, "Style/FrozenStringLiteralComment: Missing frozen string literal comment.", 177542]
  ],
  "gemfiles/modular/stringio/r4/v3.0.gemfile:821604304": [
    [1, 1, 1, "Style/FrozenStringLiteralComment: Missing frozen string literal comment.", 177542]
  ],
  "gemfiles/modular/stringio/vHEAD.gemfile:1045839691": [
    [1, 1, 0, "Naming/FileName: The name of this source file (`vHEAD.gemfile`) should use snake_case.", 5381],
    [1, 1, 1, "Style/FrozenStringLiteralComment: Missing frozen string literal comment.", 177542]
  ],
  "gemfiles/modular/templating.gemfile:637207389": [
    [15, 3, 47, "Bundler/DuplicatedGem: Gem `tree_sitter_language_pack` requirements already given on line 11 of the Gemfile.", 2310012541]
  ],
  "gemfiles/modular/webrick/r4/v1.9.gemfile:3092661193": [
    [1, 1, 1, "Style/FrozenStringLiteralComment: Missing frozen string literal comment.", 177602]
  ],
  "gemfiles/modular/webrick/vHEAD.gemfile:3867684682": [
    [1, 1, 0, "Naming/FileName: The name of this source file (`vHEAD.gemfile`) should use snake_case.", 5381],
    [1, 1, 1, "Style/FrozenStringLiteralComment: Missing frozen string literal comment.", 177602]
  ],
  "gemfiles/modular/x_std_libs.gemfile:2324400122": [
    [1, 1, 1, "Style/FrozenStringLiteralComment: Missing frozen string literal comment.", 177542]
  ],
  "gemfiles/modular/x_std_libs/r2/libs.gemfile:36276542": [
    [1, 1, 1, "Style/FrozenStringLiteralComment: Missing frozen string literal comment.", 177600]
  ],
  "gemfiles/modular/x_std_libs/r3/libs.gemfile:4030570297": [
    [1, 1, 1, "Style/FrozenStringLiteralComment: Missing frozen string literal comment.", 177600]
  ],
  "gemfiles/modular/x_std_libs/r4/libs.gemfile:732451732": [
    [1, 1, 1, "Style/FrozenStringLiteralComment: Missing frozen string literal comment.", 177600]
  ],
  "gemfiles/modular/x_std_libs/vHEAD.gemfile:2390363993": [
    [1, 1, 0, "Naming/FileName: The name of this source file (`vHEAD.gemfile`) should use snake_case.", 5381],
    [1, 1, 1, "Style/FrozenStringLiteralComment: Missing frozen string literal comment.", 177600]
  ],
  "lib/psych-merge.rb:3372466005": [
    [1, 1, 0, "Naming/FileName: The name of this source file (`psych-merge.rb`) should use snake_case.", 5381]
  ],
  "lib/psych/merge.rb:3801074297": [
    [36, 3, 9448, "Metrics/ModuleLength: Module has too many lines. [190/100]", 2155600486],
    [113, 5, 6403, "Metrics/ClassLength: Class has too many lines. [162/100]", 2805786752],
    [161, 7, 81, "Lint/ShadowedException: Do not shadow rescued Exceptions.", 3378244706],
    [169, 7, 1593, "Metrics/MethodLength: Method has too many lines. [26/10]", 162695378],
    [169, 21, 295, "Metrics/ParameterLists: Avoid parameter lists longer than 5 parameters. [9/5]", 2742902791],
    [210, 7, 440, "Metrics/MethodLength: Method has too many lines. [11/10]", 4238054657],
    [252, 7, 417, "Metrics/MethodLength: Method has too many lines. [11/10]", 3661776213],
    [275, 7, 458, "Metrics/MethodLength: Method has too many lines. [15/10]", 1125262299]
  ],
  "lib/psych/merge/comment_tracker.rb:109829813": [
    [33, 7, 711, "Metrics/MethodLength: Method has too many lines. [24/10]", 4175176008],
    [65, 48, 2, "Lint/RedundantSafeNavigation: Redundant safe navigation detected, use `.` instead.", 5858765]
  ],
  "lib/psych/merge/conflict_resolver.rb:873702721": [
    [24, 5, 98302, "Metrics/ClassLength: Class has too many lines. [1720/100]", 2348154605],
    [49, 7, 1257, "Metrics/MethodLength: Method has too many lines. [18/10]", 2709727248],
    [49, 21, 354, "Metrics/ParameterLists: Avoid parameter lists longer than 5 parameters. [13/5]", 1127138839],
    [50, 121, 141, "Layout/LineLength: Line is too long. [261/120]", 84971754],
    [64, 121, 22, "Layout/LineLength: Line is too long. [142/120]", 1411495206],
    [76, 7, 1316, "Metrics/MethodLength: Method has too many lines. [22/10]", 841707991],
    [122, 7, 1128, "Metrics/AbcSize: Assignment Branch Condition size for `build_refined_matches` is too high. [<11, 16, 8> 21/17]", 4214539560],
    [122, 7, 1128, "Metrics/CyclomaticComplexity: Cyclomatic complexity for `build_refined_matches` is too high. [9/7]", 4214539560],
    [122, 7, 1128, "Metrics/MethodLength: Method has too many lines. [18/10]", 4214539560],
    [122, 7, 1128, "Metrics/PerceivedComplexity: Perceived complexity for `build_refined_matches` is too high. [9/8]", 4214539560],
    [150, 7, 11524, "Metrics/AbcSize: Assignment Branch Condition size for `merge_nodes_to_emitter` is too high. [<57, 120, 50> 142/17]", 2474480422],
    [150, 7, 11524, "Metrics/CyclomaticComplexity: Cyclomatic complexity for `merge_nodes_to_emitter` is too high. [43/7]", 2474480422],
    [150, 7, 11524, "Metrics/MethodLength: Method has too many lines. [194/10]", 2474480422],
    [150, 7, 11524, "Metrics/PerceivedComplexity: Perceived complexity for `merge_nodes_to_emitter` is too high. [49/8]", 2474480422],
    [150, 33, 186, "Metrics/ParameterLists: Avoid parameter lists longer than 5 parameters. [7/5]", 421356977],
    [151, 121, 10, "Layout/LineLength: Line is too long. [130/120]", 97621789],
    [194, 24, 42, "Lint/HashCompareByIdentity: Use `Hash#compare_by_identity` instead of using `object_id` for keys.", 2944491302],
    [205, 9, 7819, "Metrics/BlockLength: Block has too many lines. [136/25]", 519912312],
    [206, 28, 36, "Lint/HashCompareByIdentity: Use `Hash#compare_by_identity` instead of using `object_id` for keys.", 345161915],
    [264, 39, 44, "Lint/HashCompareByIdentity: Use `Hash#compare_by_identity` instead of using `object_id` for keys.", 3425527675],
    [271, 39, 44, "Lint/HashCompareByIdentity: Use `Hash#compare_by_identity` instead of using `object_id` for keys.", 3425527675],
    [287, 121, 11, "Layout/LineLength: Line is too long. [131/120]", 2818803335],
    [331, 37, 44, "Lint/HashCompareByIdentity: Use `Hash#compare_by_identity` instead of using `object_id` for keys.", 3425527675],
    [338, 37, 44, "Lint/HashCompareByIdentity: Use `Hash#compare_by_identity` instead of using `object_id` for keys.", 3425527675],
    [377, 26, 42, "Lint/HashCompareByIdentity: Use `Hash#compare_by_identity` instead of using `object_id` for keys.", 2944491302],
    [392, 24, 42, "Lint/HashCompareByIdentity: Use `Hash#compare_by_identity` instead of using `object_id` for keys.", 2944491302],
    [437, 7, 1049, "Metrics/MethodLength: Method has too many lines. [14/10]", 2563450827],
    [456, 7, 1990, "Metrics/AbcSize: Assignment Branch Condition size for `emit_supplemental_document_postlude` is too high. [<8, 20, 6> 22.36/17]", 1604415261],
    [456, 7, 1990, "Metrics/MethodLength: Method has too many lines. [24/10]", 1604415261],
    [502, 7, 982, "Metrics/AbcSize: Assignment Branch Condition size for `emit_nonpreferred_document_postlude_regions` is too high. [<5, 20, 10> 22.91/17]", 7588338],
    [502, 7, 982, "Metrics/CyclomaticComplexity: Cyclomatic complexity for `emit_nonpreferred_document_postlude_regions` is too high. [10/7]", 7588338],
    [502, 7, 982, "Metrics/MethodLength: Method has too many lines. [17/10]", 7588338],
    [502, 7, 982, "Metrics/PerceivedComplexity: Perceived complexity for `emit_nonpreferred_document_postlude_regions` is too high. [11/8]", 7588338],
    [524, 7, 429, "Metrics/MethodLength: Method has too many lines. [11/10]", 2317545285],
    [552, 7, 1153, "Metrics/MethodLength: Method has too many lines. [27/10]", 2050460902],
    [582, 7, 1164, "Metrics/MethodLength: Method has too many lines. [16/10]", 293708573],
    [603, 7, 1132, "Metrics/MethodLength: Method has too many lines. [15/10]", 2657257420],
    [611, 121, 3, "Layout/LineLength: Line is too long. [123/120]", 193417991],
    [625, 68, 2, "Lint/RedundantSafeNavigation: Redundant safe navigation detected, use `.` instead.", 5858765],
    [628, 19, 2, "Lint/RedundantSafeNavigation: Redundant safe navigation detected, use `.` instead.", 5858765],
    [631, 7, 718, "Metrics/CyclomaticComplexity: Cyclomatic complexity for `preference_for_pair` is too high. [8/7]", 3339910669],
    [631, 7, 718, "Metrics/MethodLength: Method has too many lines. [12/10]", 3339910669],
    [657, 7, 1442, "Metrics/MethodLength: Method has too many lines. [34/10]", 3775627321],
    [724, 7, 1439, "Metrics/AbcSize: Assignment Branch Condition size for `can_merge_recursively?` is too high. [<0, 18, 13> 22.2/17]", 3986446452],
    [724, 7, 1439, "Metrics/CyclomaticComplexity: Cyclomatic complexity for `can_merge_recursively?` is too high. [13/7]", 3986446452],
    [724, 7, 1439, "Metrics/MethodLength: Method has too many lines. [11/10]", 3986446452],
    [724, 7, 1439, "Metrics/PerceivedComplexity: Perceived complexity for `can_merge_recursively?` is too high. [14/8]", 3986446452],
    [755, 7, 368, "Metrics/CyclomaticComplexity: Cyclomatic complexity for `flow_sequence?` is too high. [9/7]", 13791150],
    [755, 7, 368, "Metrics/PerceivedComplexity: Perceived complexity for `flow_sequence?` is too high. [9/8]", 13791150],
    [766, 7, 452, "Metrics/CyclomaticComplexity: Cyclomatic complexity for `flow_mapping?` is too high. [11/7]", 4104291177],
    [766, 7, 452, "Metrics/PerceivedComplexity: Perceived complexity for `flow_mapping?` is too high. [11/8]", 4104291177],
    [803, 7, 705, "Metrics/AbcSize: Assignment Branch Condition size for `bare_dash_sequence_item_mapping?` is too high. [<5, 18, 8> 20.32/17]", 625586302],
    [803, 7, 705, "Metrics/MethodLength: Method has too many lines. [11/10]", 625586302],
    [830, 7, 2511, "Metrics/AbcSize: Assignment Branch Condition size for `emit_recursive_merge` is too high. [<0, 19, 10> 21.47/17]", 3873511358],
    [830, 7, 2511, "Metrics/CyclomaticComplexity: Cyclomatic complexity for `emit_recursive_merge` is too high. [9/7]", 3873511358],
    [830, 7, 2511, "Metrics/MethodLength: Method has too many lines. [49/10]", 3873511358],
    [830, 7, 2511, "Metrics/PerceivedComplexity: Perceived complexity for `emit_recursive_merge` is too high. [11/8]", 3873511358],
    [831, 9, 2388, "Metrics/BlockLength: Block has too many lines. [47/25]", 1655278799],
    [907, 7, 2400, "Metrics/AbcSize: Assignment Branch Condition size for `emit_recursive_mapping_merge` is too high. [<15, 29, 14> 35.52/17]", 1648233163],
    [907, 7, 2400, "Metrics/CyclomaticComplexity: Cyclomatic complexity for `emit_recursive_mapping_merge` is too high. [15/7]", 1648233163],
    [907, 7, 2400, "Metrics/MethodLength: Method has too many lines. [44/10]", 1648233163],
    [907, 7, 2400, "Metrics/PerceivedComplexity: Perceived complexity for `emit_recursive_mapping_merge` is too high. [17/8]", 1648233163],
    [975, 7, 6966, "Metrics/AbcSize: Assignment Branch Condition size for `emit_recursive_sequence_merge` is too high. [<35, 84, 35> 97.5/17]", 2427419647],
    [975, 7, 6966, "Metrics/CyclomaticComplexity: Cyclomatic complexity for `emit_recursive_sequence_merge` is too high. [30/7]", 2427419647],
    [975, 7, 6966, "Metrics/MethodLength: Method has too many lines. [113/10]", 2427419647],
    [975, 7, 6966, "Metrics/PerceivedComplexity: Perceived complexity for `emit_recursive_sequence_merge` is too high. [37/8]", 2427419647],
    [1021, 74, 42, "Lint/HashCompareByIdentity: Use `Hash#compare_by_identity` instead of using `object_id` for keys.", 2678193523],
    [1024, 9, 3871, "Metrics/BlockLength: Block has too many lines. [72/25]", 4174342864],
    [1037, 28, 31, "Lint/HashCompareByIdentity: Use `Hash#compare_by_identity` instead of using `object_id` for keys.", 1010804247],
    [1049, 37, 44, "Lint/HashCompareByIdentity: Use `Hash#compare_by_identity` instead of using `object_id` for keys.", 2630532814],
    [1065, 28, 44, "Lint/HashCompareByIdentity: Use `Hash#compare_by_identity` instead of using `object_id` for keys.", 2630532814],
    [1078, 121, 10, "Layout/LineLength: Line is too long. [130/120]", 2582359665],
    [1103, 76, 42, "Lint/HashCompareByIdentity: Use `Hash#compare_by_identity` instead of using `object_id` for keys.", 2678193523],
    [1112, 74, 42, "Lint/HashCompareByIdentity: Use `Hash#compare_by_identity` instead of using `object_id` for keys.", 2678193523],
    [1116, 7, 1262, "Metrics/AbcSize: Assignment Branch Condition size for `build_sequence_item_matches` is too high. [<11, 13, 2> 17.15/17]", 3127840652],
    [1116, 7, 1262, "Metrics/MethodLength: Method has too many lines. [21/10]", 3127840652],
    [1147, 7, 3065, "Metrics/AbcSize: Assignment Branch Condition size for `build_refined_sequence_observation_matches` is too high. [<19, 51, 17> 57.02/17]", 2950540403],
    [1147, 7, 3065, "Metrics/CyclomaticComplexity: Cyclomatic complexity for `build_refined_sequence_observation_matches` is too high. [18/7]", 2950540403],
    [1147, 7, 3065, "Metrics/MethodLength: Method has too many lines. [55/10]", 2950540403],
    [1147, 7, 3065, "Metrics/PerceivedComplexity: Perceived complexity for `build_refined_sequence_observation_matches` is too high. [18/8]", 2950540403],
    [1210, 9, 24, "Style/MultilineBlockChain: Avoid multi-line chains of blocks.", 32301403],
    [1262, 7, 901, "Metrics/MethodLength: Method has too many lines. [14/10]", 3298193773],
    [1262, 29, 147, "Metrics/ParameterLists: Avoid parameter lists longer than 5 parameters. [6/5]", 3718416672],
    [1286, 7, 1642, "Metrics/AbcSize: Assignment Branch Condition size for `emit_node` is too high. [<4, 22, 10> 24.49/17]", 518692521],
    [1286, 7, 1642, "Metrics/CyclomaticComplexity: Cyclomatic complexity for `emit_node` is too high. [11/7]", 518692521],
    [1286, 7, 1642, "Metrics/MethodLength: Method has too many lines. [32/10]", 518692521],
    [1286, 7, 1642, "Metrics/PerceivedComplexity: Perceived complexity for `emit_node` is too high. [11/8]", 518692521],
    [1286, 20, 138, "Metrics/ParameterLists: Avoid parameter lists longer than 5 parameters. [6/5]", 109777589],
    [1332, 7, 1577, "Metrics/AbcSize: Assignment Branch Condition size for `emit_mapping_entry` is too high. [<6, 17, 15> 23.45/17]", 3927797439],
    [1332, 7, 1577, "Metrics/CyclomaticComplexity: Cyclomatic complexity for `emit_mapping_entry` is too high. [13/7]", 3927797439],
    [1332, 7, 1577, "Metrics/MethodLength: Method has too many lines. [28/10]", 3927797439],
    [1332, 7, 1577, "Metrics/PerceivedComplexity: Perceived complexity for `emit_mapping_entry` is too high. [13/8]", 3927797439],
    [1332, 29, 148, "Metrics/ParameterLists: Avoid parameter lists longer than 5 parameters. [6/5]", 2283756321],
    [1376, 7, 1975, "Metrics/AbcSize: Assignment Branch Condition size for `emit_mapping_entry_prelude` is too high. [<9, 26, 16> 31.83/17]", 3449491730],
    [1376, 7, 1975, "Metrics/CyclomaticComplexity: Cyclomatic complexity for `emit_mapping_entry_prelude` is too high. [16/7]", 3449491730],
    [1376, 7, 1975, "Metrics/MethodLength: Method has too many lines. [35/10]", 3449491730],
    [1376, 7, 1975, "Metrics/PerceivedComplexity: Perceived complexity for `emit_mapping_entry_prelude` is too high. [16/8]", 3449491730],
    [1420, 7, 1550, "Metrics/AbcSize: Assignment Branch Condition size for `emit_node_prelude` is too high. [<6, 17, 9> 20.15/17]", 4132652846],
    [1420, 7, 1550, "Metrics/CyclomaticComplexity: Cyclomatic complexity for `emit_node_prelude` is too high. [10/7]", 4132652846],
    [1420, 7, 1550, "Metrics/MethodLength: Method has too many lines. [26/10]", 4132652846],
    [1420, 7, 1550, "Metrics/PerceivedComplexity: Perceived complexity for `emit_node_prelude` is too high. [10/8]", 4132652846],
    [1464, 7, 1256, "Metrics/AbcSize: Assignment Branch Condition size for `emit_node_first_line` is too high. [<3, 16, 5> 17.03/17]", 809936874],
    [1464, 7, 1256, "Metrics/MethodLength: Method has too many lines. [24/10]", 809936874],
    [1493, 7, 838, "Metrics/AbcSize: Assignment Branch Condition size for `emit_removed_destination_node_comments` is too high. [<3, 16, 7> 17.72/17]", 1801654574],
    [1493, 7, 838, "Metrics/MethodLength: Method has too many lines. [13/10]", 1801654574],
    [1532, 121, 4, "Layout/LineLength: Line is too long. [124/120]", 2088091358],
    [1552, 7, 587, "Metrics/MethodLength: Method has too many lines. [14/10]", 1778584112],
    [1595, 7, 1089, "Metrics/AbcSize: Assignment Branch Condition size for `canonical_sequence_item_value` is too high. [<7, 20, 8> 22.65/17]", 2923924756],
    [1595, 7, 1089, "Metrics/CyclomaticComplexity: Cyclomatic complexity for `canonical_sequence_item_value` is too high. [9/7]", 2923924756],
    [1595, 7, 1089, "Metrics/MethodLength: Method has too many lines. [15/10]", 2923924756],
    [1595, 7, 1089, "Metrics/PerceivedComplexity: Perceived complexity for `canonical_sequence_item_value` is too high. [9/8]", 2923924756],
    [1622, 7, 918, "Metrics/AbcSize: Assignment Branch Condition size for `sequence_item_observations` is too high. [<7, 26, 9> 28.39/17]", 1736204122],
    [1622, 7, 918, "Metrics/CyclomaticComplexity: Cyclomatic complexity for `sequence_item_observations` is too high. [10/7]", 1736204122],
    [1622, 7, 918, "Metrics/MethodLength: Method has too many lines. [15/10]", 1736204122],
    [1622, 7, 918, "Metrics/PerceivedComplexity: Perceived complexity for `sequence_item_observations` is too high. [10/8]", 1736204122],
    [1627, 121, 36, "Layout/LineLength: Line is too long. [156/120]", 3762412176],
    [1636, 121, 30, "Layout/LineLength: Line is too long. [150/120]", 4096127909],
    [1657, 7, 901, "Metrics/AbcSize: Assignment Branch Condition size for `trimmed_sequence_item_lines` is too high. [<11, 26, 10> 29.95/17]", 4091201884],
    [1657, 7, 901, "Metrics/CyclomaticComplexity: Cyclomatic complexity for `trimmed_sequence_item_lines` is too high. [10/7]", 4091201884],
    [1657, 7, 901, "Metrics/MethodLength: Method has too many lines. [15/10]", 4091201884],
    [1657, 7, 901, "Metrics/PerceivedComplexity: Perceived complexity for `trimmed_sequence_item_lines` is too high. [10/8]", 4091201884],
    [1679, 7, 713, "Metrics/AbcSize: Assignment Branch Condition size for `sequence_item_start_line` is too high. [<5, 22, 8> 23.94/17]", 2061460995],
    [1713, 11, 61, "Lint/HashCompareByIdentity: Use `Hash#compare_by_identity` instead of using `object_id` for keys.", 1718502596],
    [1719, 7, 629, "Metrics/AbcSize: Assignment Branch Condition size for `effective_end_line` is too high. [<4, 14, 10> 17.66/17]", 2226115349],
    [1719, 7, 629, "Metrics/CyclomaticComplexity: Cyclomatic complexity for `effective_end_line` is too high. [10/7]", 2226115349],
    [1719, 7, 629, "Metrics/PerceivedComplexity: Perceived complexity for `effective_end_line` is too high. [10/8]", 2226115349],
    [1723, 41, 2, "Lint/RedundantSafeNavigation: Redundant safe navigation detected, use `.` instead.", 5858765],
    [1765, 7, 1381, "Metrics/AbcSize: Assignment Branch Condition size for `region_already_emitted?` is too high. [<11, 32, 14> 36.62/17]", 2166775868],
    [1765, 7, 1381, "Metrics/CyclomaticComplexity: Cyclomatic complexity for `region_already_emitted?` is too high. [13/7]", 2166775868],
    [1765, 7, 1381, "Metrics/MethodLength: Method has too many lines. [26/10]", 2166775868],
    [1765, 7, 1381, "Metrics/PerceivedComplexity: Perceived complexity for `region_already_emitted?` is too high. [14/8]", 2166775868],
    [1805, 7, 2218, "Metrics/AbcSize: Assignment Branch Condition size for `emit_document_postlude` is too high. [<17, 30, 14> 37.22/17]", 1397438331],
    [1805, 7, 2218, "Metrics/CyclomaticComplexity: Cyclomatic complexity for `emit_document_postlude` is too high. [15/7]", 1397438331],
    [1805, 7, 2218, "Metrics/MethodLength: Method has too many lines. [27/10]", 1397438331],
    [1805, 7, 2218, "Metrics/PerceivedComplexity: Perceived complexity for `emit_document_postlude` is too high. [15/8]", 1397438331],
    [1849, 7, 1304, "Metrics/AbcSize: Assignment Branch Condition size for `emit_document_prelude` is too high. [<8, 28, 11> 31.13/17]", 325827008],
    [1849, 7, 1304, "Metrics/CyclomaticComplexity: Cyclomatic complexity for `emit_document_prelude` is too high. [12/7]", 325827008],
    [1849, 7, 1304, "Metrics/MethodLength: Method has too many lines. [24/10]", 325827008],
    [1849, 7, 1304, "Metrics/PerceivedComplexity: Perceived complexity for `emit_document_prelude` is too high. [13/8]", 325827008],
    [1897, 9, 48, "Lint/HashCompareByIdentity: Use `Hash#compare_by_identity` instead of using `object_id` for keys.", 2339197345],
    [1900, 7, 691, "Metrics/AbcSize: Assignment Branch Condition size for `document_leading_regions_for` is too high. [<5, 19, 14> 24.12/17]", 796439642],
    [1900, 7, 691, "Metrics/CyclomaticComplexity: Cyclomatic complexity for `document_leading_regions_for` is too high. [14/7]", 796439642],
    [1900, 7, 691, "Metrics/MethodLength: Method has too many lines. [12/10]", 796439642],
    [1900, 7, 691, "Metrics/PerceivedComplexity: Perceived complexity for `document_leading_regions_for` is too high. [14/8]", 796439642],
    [1929, 7, 646, "Metrics/CyclomaticComplexity: Cyclomatic complexity for `canonical_leading_comment_region` is too high. [10/7]", 1342472091],
    [1929, 7, 646, "Metrics/PerceivedComplexity: Perceived complexity for `canonical_leading_comment_region` is too high. [10/8]", 1342472091],
    [1943, 7, 1410, "Metrics/AbcSize: Assignment Branch Condition size for `collapse_template_preamble_prefix_region` is too high. [<7, 25, 15> 29.98/17]", 449550851],
    [1943, 7, 1410, "Metrics/CyclomaticComplexity: Cyclomatic complexity for `collapse_template_preamble_prefix_region` is too high. [11/7]", 449550851],
    [1943, 7, 1410, "Metrics/MethodLength: Method has too many lines. [27/10]", 449550851],
    [1943, 7, 1410, "Metrics/PerceivedComplexity: Perceived complexity for `collapse_template_preamble_prefix_region` is too high. [11/8]", 449550851],
    [1976, 7, 991, "Metrics/AbcSize: Assignment Branch Condition size for `duplicated_template_preamble_prefix_in_first_node_leading_region?` is too high. [<7, 25, 14> 29.5/17]", 4012549279],
    [1976, 7, 991, "Metrics/CyclomaticComplexity: Cyclomatic complexity for `duplicated_template_preamble_prefix_in_first_node_leading_region?` is too high. [12/7]", 4012549279],
    [1976, 7, 991, "Metrics/MethodLength: Method has too many lines. [13/10]", 4012549279],
    [1976, 7, 991, "Metrics/PerceivedComplexity: Perceived complexity for `duplicated_template_preamble_prefix_in_first_node_leading_region?` is too high. [12/8]", 4012549279],
    [2031, 7, 956, "Metrics/AbcSize: Assignment Branch Condition size for `document_trailing_regions_for` is too high. [<6, 16, 12> 20.88/17]", 3560026445],
    [2031, 7, 956, "Metrics/CyclomaticComplexity: Cyclomatic complexity for `document_trailing_regions_for` is too high. [12/7]", 3560026445],
    [2031, 7, 956, "Metrics/PerceivedComplexity: Perceived complexity for `document_trailing_regions_for` is too high. [12/8]", 3560026445],
    [2054, 7, 456, "Metrics/CyclomaticComplexity: Cyclomatic complexity for `deflated_content_end_line` is too high. [8/7]", 3297059340],
    [2090, 7, 614, "Metrics/CyclomaticComplexity: Cyclomatic complexity for `leading_gap_line_count_for` is too high. [9/7]", 1127644346],
    [2090, 7, 614, "Metrics/PerceivedComplexity: Perceived complexity for `leading_gap_line_count_for` is too high. [10/8]", 1127644346],
    [2094, 121, 33, "Layout/LineLength: Line is too long. [153/120]", 2290159738],
    [2125, 27, 2, "Lint/RedundantSafeNavigation: Redundant safe navigation detected, use `.` instead.", 5858765],
    [2154, 31, 2, "Lint/RedundantSafeNavigation: Redundant safe navigation detected, use `.` instead.", 5858765],
    [2161, 55, 2, "Lint/RedundantSafeNavigation: Redundant safe navigation detected, use `.` instead.", 5858765],
    [2169, 54, 2, "Lint/RedundantSafeNavigation: Redundant safe navigation detected, use `.` instead.", 5858765],
    [2177, 56, 2, "Lint/RedundantSafeNavigation: Redundant safe navigation detected, use `.` instead.", 5858765],
    [2182, 7, 822, "Metrics/CyclomaticComplexity: Cyclomatic complexity for `preferred_leading_comment_region` is too high. [10/7]", 1272157667],
    [2182, 7, 822, "Metrics/PerceivedComplexity: Perceived complexity for `preferred_leading_comment_region` is too high. [10/8]", 1272157667],
    [2294, 7, 465, "Metrics/CyclomaticComplexity: Cyclomatic complexity for `emit_interstitial_blank_lines` is too high. [9/7]", 1640065866],
    [2294, 7, 465, "Metrics/PerceivedComplexity: Perceived complexity for `emit_interstitial_blank_lines` is too high. [9/8]", 1640065866],
    [2306, 7, 586, "Metrics/MethodLength: Method has too many lines. [12/10]", 3310131662]
  ],
  "lib/psych/merge/debug_logger.rb:110646504": [
    [26, 9, 680, "Metrics/MethodLength: Method has too many lines. [12/10]", 1981451425]
  ],
  "lib/psych/merge/diff_mapper.rb:844380236": [
    [20, 5, 7887, "Metrics/ClassLength: Class has too many lines. [118/100]", 3492547573],
    [34, 7, 471, "Metrics/MethodLength: Method has too many lines. [11/10]", 577300188],
    [75, 7, 627, "Metrics/MethodLength: Method has too many lines. [12/10]", 2362564224],
    [102, 7, 786, "Metrics/MethodLength: Method has too many lines. [11/10]", 1096016446],
    [131, 7, 1613, "Metrics/AbcSize: Assignment Branch Condition size for `find_nested_path` is too high. [<12, 27, 20> 35.68/17]", 4005634231],
    [131, 7, 1613, "Metrics/CyclomaticComplexity: Cyclomatic complexity for `find_nested_path` is too high. [17/7]", 4005634231],
    [131, 7, 1613, "Metrics/MethodLength: Method has too many lines. [30/10]", 4005634231],
    [131, 7, 1613, "Metrics/PerceivedComplexity: Perceived complexity for `find_nested_path` is too high. [18/8]", 4005634231],
    [183, 7, 758, "Metrics/MethodLength: Method has too many lines. [13/10]", 2773539171],
    [204, 20, 11, "Style/NumericPredicate: Use `indent.zero?` instead of `indent == 0`.", 1189613385]
  ],
  "lib/psych/merge/emitter.rb:2851865662": [
    [14, 5, 7357, "Metrics/ClassLength: Class has too many lines. [147/100]", 579415518],
    [138, 42, 6, "Lint/UnusedMethodArgument: Unused method argument - `region`.", 2124512157],
    [151, 55, 12, "Lint/UnusedMethodArgument: Unused method argument - `current_line`.", 2091263933],
    [166, 7, 560, "Metrics/AbcSize: Assignment Branch Condition size for `repeated_region_segment_length` is too high. [<6, 14, 8> 17.2/17]", 800046942],
    [194, 7, 596, "Metrics/MethodLength: Method has too many lines. [12/10]", 2092207138],
    [228, 7, 662, "Metrics/CyclomaticComplexity: Cyclomatic complexity for `needs_quoting?` is too high. [10/7]", 172072954],
    [228, 7, 662, "Metrics/PerceivedComplexity: Perceived complexity for `needs_quoting?` is too high. [10/8]", 172072954]
  ],
  "lib/psych/merge/file_analysis.rb:2915732648": [
    [13, 5, 15087, "Metrics/ClassLength: Class has too many lines. [253/100]", 3755372144],
    [37, 7, 1080, "Metrics/MethodLength: Method has too many lines. [15/10]", 4243676919],
    [203, 7, 533, "Metrics/MethodLength: Method has too many lines. [11/10]", 2772113363],
    [237, 7, 998, "Metrics/AbcSize: Assignment Branch Condition size for `mapping_entry_attachment` is too high. [<5, 23, 7> 24.56/17]", 3001873728],
    [237, 7, 998, "Metrics/CyclomaticComplexity: Cyclomatic complexity for `mapping_entry_attachment` is too high. [8/7]", 3001873728],
    [237, 7, 998, "Metrics/MethodLength: Method has too many lines. [13/10]", 3001873728],
    [267, 7, 809, "Metrics/AbcSize: Assignment Branch Condition size for `full_line_comment_blocks_before` is too high. [<9, 16, 6> 19.31/17]", 2033268754],
    [267, 7, 809, "Metrics/MethodLength: Method has too many lines. [22/10]", 2033268754],
    [331, 7, 1353, "Metrics/AbcSize: Assignment Branch Condition size for `extract_freeze_blocks` is too high. [<12, 20, 12> 26.23/17]", 4244924302],
    [331, 7, 1353, "Metrics/CyclomaticComplexity: Cyclomatic complexity for `extract_freeze_blocks` is too high. [10/7]", 4244924302],
    [331, 7, 1353, "Metrics/MethodLength: Method has too many lines. [27/10]", 4244924302],
    [331, 7, 1353, "Metrics/PerceivedComplexity: Perceived complexity for `extract_freeze_blocks` is too high. [11/8]", 4244924302],
    [372, 7, 1756, "Metrics/AbcSize: Assignment Branch Condition size for `integrate_nodes_and_freeze_blocks` is too high. [<11, 28, 19> 35.58/17]", 1233865722],
    [372, 7, 1756, "Metrics/CyclomaticComplexity: Cyclomatic complexity for `integrate_nodes_and_freeze_blocks` is too high. [18/7]", 1233865722],
    [372, 7, 1756, "Metrics/MethodLength: Method has too many lines. [31/10]", 1233865722],
    [372, 7, 1756, "Metrics/PerceivedComplexity: Perceived complexity for `integrate_nodes_and_freeze_blocks` is too high. [19/8]", 1233865722]
  ],
  "lib/psych/merge/freeze_node.rb:3007012923": [
    [33, 21, 127, "Metrics/ParameterLists: Avoid parameter lists longer than 5 parameters. [6/5]", 1948779238]
  ],
  "lib/psych/merge/mapping_match_refiner.rb:3428808618": [
    [29, 5, 7580, "Metrics/ClassLength: Class has too many lines. [111/100]", 3764504760],
    [121, 7, 800, "Metrics/MethodLength: Method has too many lines. [13/10]", 2814728338],
    [150, 15, 20, "Style/ClassEqualityComparison: Use `instance_of?(node2.class)` instead of comparing classes.", 1212490233],
    [193, 7, 270, "Metrics/CyclomaticComplexity: Cyclomatic complexity for `sequence_similarity` is too high. [9/7]", 724822377],
    [193, 7, 270, "Metrics/PerceivedComplexity: Perceived complexity for `sequence_similarity` is too high. [9/8]", 724822377],
    [197, 23, 9, "Style/NumericPredicate: Use `len1.zero?` instead of `len1 == 0`.", 913205219],
    [197, 36, 9, "Style/NumericPredicate: Use `len2.zero?` instead of `len2 == 0`.", 871697920],
    [198, 23, 9, "Style/NumericPredicate: Use `len1.zero?` instead of `len1 == 0`.", 913205219],
    [198, 36, 9, "Style/NumericPredicate: Use `len2.zero?` instead of `len2 == 0`.", 871697920],
    [225, 7, 854, "Metrics/AbcSize: Assignment Branch Condition size for `levenshtein_distance` is too high. [<13, 29, 8> 32.77/17]", 2946547420],
    [225, 7, 854, "Metrics/MethodLength: Method has too many lines. [20/10]", 2946547420]
  ],
  "lib/psych/merge/merge_result.rb:4276173304": [
    [140, 7, 421, "Metrics/MethodLength: Method has too many lines. [11/10]", 2459390040]
  ],
  "lib/psych/merge/node_wrapper.rb:1997974804": [
    [12, 5, 12280, "Metrics/ClassLength: Class has too many lines. [222/100]", 463540785],
    [42, 7, 2039, "Metrics/CyclomaticComplexity: Cyclomatic complexity for `initialize` is too high. [8/7]", 338533329],
    [42, 21, 274, "Metrics/ParameterLists: Avoid parameter lists longer than 5 parameters. [10/5]", 2646089467],
    [144, 7, 699, "Metrics/MethodLength: Method has too many lines. [20/10]", 2676695829],
    [210, 7, 985, "Metrics/MethodLength: Method has too many lines. [16/10]", 59427073],
    [256, 7, 686, "Metrics/AbcSize: Assignment Branch Condition size for `compute_signature` is too high. [<4, 21, 13> 25.02/17]", 2657240579],
    [256, 7, 686, "Metrics/CyclomaticComplexity: Cyclomatic complexity for `compute_signature` is too high. [14/7]", 2657240579],
    [256, 7, 686, "Metrics/MethodLength: Method has too many lines. [18/10]", 2657240579],
    [256, 7, 686, "Metrics/PerceivedComplexity: Perceived complexity for `compute_signature` is too high. [10/8]", 2657240579],
    [277, 7, 425, "Metrics/MethodLength: Method has too many lines. [11/10]", 3170039988],
    [310, 7, 1150, "Metrics/MethodLength: Method has too many lines. [24/10]", 647387009],
    [321, 31, 2, "Lint/RedundantSafeNavigation: Redundant safe navigation detected, use `.` instead.", 5858765],
    [340, 7, 484, "Metrics/CyclomaticComplexity: Cyclomatic complexity for `clamp_end_line_to_next_sibling!` is too high. [10/7]", 953824779],
    [340, 7, 484, "Metrics/PerceivedComplexity: Perceived complexity for `clamp_end_line_to_next_sibling!` is too high. [10/8]", 953824779]
  ],
  "lib/psych/merge/smart_merger.rb:1750771088": [
    [45, 5, 10514, "Metrics/ClassLength: Class has too many lines. [192/100]", 4260193581],
    [81, 7, 1336, "Metrics/MethodLength: Method has too many lines. [18/10]", 1713606127],
    [81, 21, 557, "Metrics/ParameterLists: Avoid parameter lists longer than 5 parameters. [16/5]", 1646356108],
    [153, 7, 1440, "Metrics/AbcSize: Assignment Branch Condition size for `merge_with_debug` is too high. [<3, 24, 7> 25.18/17]", 695369520],
    [153, 7, 1440, "Metrics/CyclomaticComplexity: Cyclomatic complexity for `merge_with_debug` is too high. [8/7]", 695369520],
    [153, 7, 1440, "Metrics/MethodLength: Method has too many lines. [32/10]", 695369520],
    [243, 7, 635, "Metrics/MethodLength: Method has too many lines. [14/10]", 1970994061],
    [277, 7, 1176, "Metrics/MethodLength: Method has too many lines. [27/10]", 3083136477]
  ],
  "psych-merge.gemspec:2125789263": [
    [137, 121, 34, "Layout/LineLength: Line is too long. [154/120]", 4147388508],
    [148, 121, 50, "Layout/LineLength: Line is too long. [170/120]", 3888612416],
    [149, 121, 29, "Layout/LineLength: Line is too long. [149/120]", 981994949]
  ],
  "spec/fixtures_integration_spec.rb:1717446685": [
    [3, 1, 9786, "Metrics/BlockLength: Block has too many lines. [222/25]", 1649396447],
    [16, 3, 1302, "Metrics/BlockLength: Block has too many lines. [32/25]", 1546514966],
    [52, 3, 2159, "Metrics/BlockLength: Block has too many lines. [28/25]", 270765486],
    [109, 3, 1594, "Metrics/BlockLength: Block has too many lines. [41/25]", 568154065],
    [227, 3, 1413, "Metrics/BlockLength: Block has too many lines. [29/25]", 1847754351]
  ],
  "spec/reproducible_merge_spec.rb:2168097366": [
    [3, 1, 5699, "Metrics/BlockLength: Block has too many lines. [107/25]", 3775945048],
    [4, 3, 61, "Lint/ConstantDefinitionInBlock: Do not define constants this way within a block.", 1575360142],
    [6, 3, 4847, "Lint/ConstantDefinitionInBlock: Do not define constants this way within a block.", 3343843514],
    [47, 121, 15, "Layout/LineLength: Line is too long. [135/120]", 3440433042],
    [53, 121, 11, "Layout/LineLength: Line is too long. [131/120]", 3187380084]
  ]
}
