{
  "Rakefile:2215390445": [
    [18, 121, 17, "Layout/LineLength: Line is too long. [137/120]", 174264873],
    [79, 3, 1023, "Metrics/BlockLength: Block has too many lines. [32/25]", 54868638],
    [163, 121, 22, "Layout/LineLength: Line is too long. [142/120]", 1367093088],
    [166, 121, 18, "Layout/LineLength: Line is too long. [138/120]", 3881946477]
  ],
  "gemfiles/modular/benchmark/vHEAD.gemfile:2470730558": [
    [1, 1, 0, "Naming/FileName: The name of this source file (`vHEAD.gemfile`) should use snake_case.", 5381]
  ],
  "gemfiles/modular/cgi/vHEAD.gemfile:3553019122": [
    [1, 1, 0, "Naming/FileName: The name of this source file (`vHEAD.gemfile`) should use snake_case.", 5381]
  ],
  "gemfiles/modular/erb/vHEAD.gemfile:2213203580": [
    [1, 1, 0, "Naming/FileName: The name of this source file (`vHEAD.gemfile`) should use snake_case.", 5381]
  ],
  "gemfiles/modular/mutex_m/vHEAD.gemfile:2029176784": [
    [1, 1, 0, "Naming/FileName: The name of this source file (`vHEAD.gemfile`) should use snake_case.", 5381]
  ],
  "gemfiles/modular/stringio/vHEAD.gemfile:460304240": [
    [1, 1, 0, "Naming/FileName: The name of this source file (`vHEAD.gemfile`) should use snake_case.", 5381]
  ],
  "gemfiles/modular/templating.gemfile:1411170554": [
    [15, 3, 47, "Bundler/DuplicatedGem: Gem `tree_sitter_language_pack` requirements already given on line 11 of the Gemfile.", 2310012541]
  ],
  "gemfiles/modular/webrick/vHEAD.gemfile:47110865": [
    [1, 1, 0, "Naming/FileName: The name of this source file (`vHEAD.gemfile`) should use snake_case.", 5381]
  ],
  "gemfiles/modular/x_std_libs/vHEAD.gemfile:2439251106": [
    [1, 1, 0, "Naming/FileName: The name of this source file (`vHEAD.gemfile`) should use snake_case.", 5381]
  ],
  "kramdown-merge.gemspec:537170291": [
    [137, 121, 34, "Layout/LineLength: Line is too long. [154/120]", 4147388508],
    [148, 121, 50, "Layout/LineLength: Line is too long. [170/120]", 3888612416],
    [149, 121, 29, "Layout/LineLength: Line is too long. [149/120]", 981994949]
  ],
  "lib/kramdown-merge.rb:1062827663": [
    [1, 1, 0, "Naming/FileName: The name of this source file (`kramdown-merge.rb`) should use snake_case.", 5381]
  ],
  "lib/kramdown/merge.rb:4073277571": [
    [8, 3, 12, "Style/Documentation: Missing top-level documentation comment for `module Kramdown::Merge`.", 2866359175],
    [8, 3, 7123, "Metrics/ModuleLength: Module has too many lines. [163/100]", 2863788786],
    [46, 5, 1042, "Metrics/MethodLength: Method has too many lines. [25/10]", 2523239963],
    [89, 5, 652, "Metrics/MethodLength: Method has too many lines. [12/10]", 1548795337],
    [89, 52, 144, "Metrics/ParameterLists: Avoid parameter lists longer than 5 parameters. [6/5]", 3050457682],
    [106, 5, 667, "Metrics/MethodLength: Method has too many lines. [11/10]", 1334645416],
    [122, 5, 684, "Metrics/MethodLength: Method has too many lines. [11/10]", 107846886],
    [138, 5, 662, "Metrics/MethodLength: Method has too many lines. [11/10]", 2351504264],
    [154, 5, 681, "Metrics/MethodLength: Method has too many lines. [11/10]", 1477270603]
  ],
  "lib/kramdown/merge/backend.rb:2959746783": [
    [5, 5, 14, "Style/Documentation: Missing top-level documentation comment for `module Kramdown::Merge::Backend`.", 1362832539],
    [13, 7, 14, "Style/Documentation: Missing top-level documentation comment for `class Kramdown::Merge::Backend::Language`.", 3674592793],
    [30, 7, 12, "Style/Documentation: Missing top-level documentation comment for `class Kramdown::Merge::Backend::Parser`.", 2485220908],
    [41, 7, 10, "Style/Documentation: Missing top-level documentation comment for `class Kramdown::Merge::Backend::Node`.", 3515419275]
  ],
  "spec/fixtures_integration_spec.rb:2561901375": [
    [3, 1, 13168, "Metrics/BlockLength: Block has too many lines. [282/25]", 879285638],
    [16, 3, 1369, "Metrics/BlockLength: Block has too many lines. [32/25]", 3932999278],
    [159, 3, 1345, "Metrics/BlockLength: Block has too many lines. [26/25]", 2630958569],
    [242, 3, 1352, "Metrics/BlockLength: Block has too many lines. [30/25]", 2376182886],
    [277, 3, 1386, "Metrics/BlockLength: Block has too many lines. [29/25]", 3678391303]
  ]
}
