{
  ".simplecov:514631589": [
    [1, 1, 1, "Style/FrozenStringLiteralComment: Missing frozen string literal comment.", 177542]
  ],
  "Rakefile:3512681697": [
    [18, 121, 17, "Layout/LineLength: Line is too long. [137/120]", 174264873],
    [81, 3, 1023, "Metrics/BlockLength: Block has too many lines. [32/25]", 54868638],
    [165, 121, 22, "Layout/LineLength: Line is too long. [142/120]", 1367093088],
    [168, 121, 18, "Layout/LineLength: Line is too long. [138/120]", 3881946477]
  ],
  "citrus-toml-merge.gemspec:2757693999": [
    [138, 121, 34, "Layout/LineLength: Line is too long. [154/120]", 4147388508],
    [149, 121, 50, "Layout/LineLength: Line is too long. [170/120]", 3888612416],
    [150, 121, 29, "Layout/LineLength: Line is too long. [149/120]", 981994949]
  ],
  "gemfiles/modular/benchmark/r4/v0.5.gemfile:3644720371": [
    [1, 1, 1, "Style/FrozenStringLiteralComment: Missing frozen string literal comment.", 177542]
  ],
  "gemfiles/modular/benchmark/vHEAD.gemfile:2838879269": [
    [1, 1, 0, "Naming/FileName: The name of this source file (`vHEAD.gemfile`) should use snake_case.", 5381],
    [1, 1, 1, "Style/FrozenStringLiteralComment: Missing frozen string literal comment.", 177542]
  ],
  "gemfiles/modular/cgi/r4/v0.5.gemfile:367169322": [
    [1, 1, 1, "Style/FrozenStringLiteralComment: Missing frozen string literal comment.", 177602]
  ],
  "gemfiles/modular/cgi/vHEAD.gemfile:2729540777": [
    [1, 1, 0, "Naming/FileName: The name of this source file (`vHEAD.gemfile`) should use snake_case.", 5381],
    [1, 1, 1, "Style/FrozenStringLiteralComment: Missing frozen string literal comment.", 177602]
  ],
  "gemfiles/modular/erb/r2/v3.0.gemfile:1688285565": [
    [1, 1, 1, "Style/FrozenStringLiteralComment: Missing frozen string literal comment.", 177602]
  ],
  "gemfiles/modular/erb/r3/v5.0.gemfile:343545730": [
    [1, 1, 1, "Style/FrozenStringLiteralComment: Missing frozen string literal comment.", 177602]
  ],
  "gemfiles/modular/erb/r4/v5.0.gemfile:343545730": [
    [1, 1, 1, "Style/FrozenStringLiteralComment: Missing frozen string literal comment.", 177602]
  ],
  "gemfiles/modular/erb/vHEAD.gemfile:981929959": [
    [1, 1, 0, "Naming/FileName: The name of this source file (`vHEAD.gemfile`) should use snake_case.", 5381],
    [1, 1, 1, "Style/FrozenStringLiteralComment: Missing frozen string literal comment.", 177542]
  ],
  "gemfiles/modular/mutex_m/r2/v0.3.gemfile:4055275004": [
    [1, 1, 1, "Style/FrozenStringLiteralComment: Missing frozen string literal comment.", 177542]
  ],
  "gemfiles/modular/mutex_m/r3/v0.3.gemfile:4055275004": [
    [1, 1, 1, "Style/FrozenStringLiteralComment: Missing frozen string literal comment.", 177542]
  ],
  "gemfiles/modular/mutex_m/r4/v0.3.gemfile:4055275004": [
    [1, 1, 1, "Style/FrozenStringLiteralComment: Missing frozen string literal comment.", 177542]
  ],
  "gemfiles/modular/mutex_m/vHEAD.gemfile:556854763": [
    [1, 1, 0, "Naming/FileName: The name of this source file (`vHEAD.gemfile`) should use snake_case.", 5381],
    [1, 1, 1, "Style/FrozenStringLiteralComment: Missing frozen string literal comment.", 177542]
  ],
  "gemfiles/modular/rspec.gemfile:2263543889": [
    [1, 1, 1, "Style/FrozenStringLiteralComment: Missing frozen string literal comment.", 177602]
  ],
  "gemfiles/modular/stringio/r2/v3.0.gemfile:821604304": [
    [1, 1, 1, "Style/FrozenStringLiteralComment: Missing frozen string literal comment.", 177542]
  ],
  "gemfiles/modular/stringio/r3/v3.0.gemfile:821604304": [
    [1, 1, 1, "Style/FrozenStringLiteralComment: Missing frozen string literal comment.", 177542]
  ],
  "gemfiles/modular/stringio/r4/v3.0.gemfile:821604304": [
    [1, 1, 1, "Style/FrozenStringLiteralComment: Missing frozen string literal comment.", 177542]
  ],
  "gemfiles/modular/stringio/vHEAD.gemfile:1045839691": [
    [1, 1, 0, "Naming/FileName: The name of this source file (`vHEAD.gemfile`) should use snake_case.", 5381],
    [1, 1, 1, "Style/FrozenStringLiteralComment: Missing frozen string literal comment.", 177542]
  ],
  "gemfiles/modular/templating.gemfile:637207389": [
    [15, 3, 47, "Bundler/DuplicatedGem: Gem `tree_sitter_language_pack` requirements already given on line 11 of the Gemfile.", 2310012541]
  ],
  "gemfiles/modular/webrick/r4/v1.9.gemfile:3092661193": [
    [1, 1, 1, "Style/FrozenStringLiteralComment: Missing frozen string literal comment.", 177602]
  ],
  "gemfiles/modular/webrick/vHEAD.gemfile:3867684682": [
    [1, 1, 0, "Naming/FileName: The name of this source file (`vHEAD.gemfile`) should use snake_case.", 5381],
    [1, 1, 1, "Style/FrozenStringLiteralComment: Missing frozen string literal comment.", 177602]
  ],
  "gemfiles/modular/x_std_libs.gemfile:2324400122": [
    [1, 1, 1, "Style/FrozenStringLiteralComment: Missing frozen string literal comment.", 177542]
  ],
  "gemfiles/modular/x_std_libs/r2/libs.gemfile:36276542": [
    [1, 1, 1, "Style/FrozenStringLiteralComment: Missing frozen string literal comment.", 177600]
  ],
  "gemfiles/modular/x_std_libs/r3/libs.gemfile:4030570297": [
    [1, 1, 1, "Style/FrozenStringLiteralComment: Missing frozen string literal comment.", 177600]
  ],
  "gemfiles/modular/x_std_libs/r4/libs.gemfile:732451732": [
    [1, 1, 1, "Style/FrozenStringLiteralComment: Missing frozen string literal comment.", 177600]
  ],
  "gemfiles/modular/x_std_libs/vHEAD.gemfile:2390363993": [
    [1, 1, 0, "Naming/FileName: The name of this source file (`vHEAD.gemfile`) should use snake_case.", 5381],
    [1, 1, 1, "Style/FrozenStringLiteralComment: Missing frozen string literal comment.", 177600]
  ],
  "lib/citrus-toml-merge.rb:977074392": [
    [1, 1, 0, "Naming/FileName: The name of this source file (`citrus-toml-merge.rb`) should use snake_case.", 5381]
  ],
  "lib/citrus/toml/merge.rb:124885214": [
    [10, 5, 12, "Style/Documentation: Missing top-level documentation comment for `module Citrus::Toml::Merge`.", 2866359175],
    [10, 5, 4983, "Metrics/ModuleLength: Module has too many lines. [104/100]", 2144297633],
    [75, 7, 1663, "Metrics/AbcSize: Assignment Branch Condition size for `merge_toml` is too high. [<7, 21, 8> 23.54/17]", 3550313116],
    [75, 7, 1663, "Metrics/MethodLength: Method has too many lines. [27/10]", 3550313116],
    [138, 7, 17, "Style/Documentation: Missing top-level documentation comment for `class Citrus::Toml::Merge::SmartMerger`.", 497427992]
  ],
  "spec/fixtures_integration_spec.rb:1166287120": [
    [3, 1, 7458, "Metrics/BlockLength: Block has too many lines. [163/25]", 3966119837],
    [26, 3, 1531, "Metrics/BlockLength: Block has too many lines. [38/25]", 106015755],
    [68, 3, 2344, "Metrics/BlockLength: Block has too many lines. [36/25]", 228336363],
    [118, 3, 1148, "Metrics/BlockLength: Block has too many lines. [27/25]", 2358141919],
    [156, 3, 1419, "Metrics/BlockLength: Block has too many lines. [29/25]", 944475815]
  ]
}
