---
version: 1
template_state:
  version: 7.1.0
  applied_at: '2026-08-03'
  changelog_replay:
    last_entry_key: kettle-jem-template-20260802-001
    last_entry_date: '2026-08-02'
  checksums:
    ".aiignore.example": 48a5dfdd93afd1a15fdce39cc28ca9920263f00018b0968ab031fa744521e5ce
    ".config/mise/env.sh": aeea5a2ab489ba6e5467ae8de6e386ec8c8fe4ff31a044e69d0cd6a092dd6654
    ".devcontainer/apt-install/devcontainer-feature.json.example": 273a07f9d3926e1b6287c37709a469ee05d724cfedae62ad3b0cd8c09befc9ec
    ".devcontainer/apt-install/install.sh.example": b61e020b60ca172bb7b658e63c9cd4342e49bda0531a6b19b36475e515ad20b0
    ".devcontainer/devcontainer.json.example": 4a80d471379b9720cc65cc89543cbbc0a7be87b188a818160296577c4e87606f
    ".devcontainer/scripts/setup-tree-sitter.sh.example": c34f48d7bac8561fb780c4c7a81cec5004c3ac0edc11f229799ec9a4e3eccd54
    ".env.local.example": 35cb867e8bacb75252a85c29f78899b36d0d1843511ae1ba1fbc7da863b128b3
    ".envrc.example": b7232f4bae0fb399cc9c9cdc4a5eb694bd69623aeeadcbab18c9990e443040a1
    ".envrc.no-osc.example": b7232f4bae0fb399cc9c9cdc4a5eb694bd69623aeeadcbab18c9990e443040a1
    ".gemrc.example": 77b1c36ae6f91bedf08b99e662a971b02f7e66e0d65267805d068d30ff118aba
    ".git-hooks/commit-msg.example": d858575bf70d6175fdd7656e9ba0b41672de3fb49163181efe3fbc9e40306024
    ".git-hooks/commit-subjects-goalie.txt.example": bb1179c8911af8afeb1f9a604b3de789d4a4b33d9d4a7743b3145998c15b0a94
    ".git-hooks/footer-template.erb.txt.example": 70ed3616ee04a4062126f53892cc255e7aa2b66741fe22d6b372f7df99676718
    ".git-hooks/prepare-commit-msg.example": 35266ead46a6385d20eeff7ec64afedef33a2db18d1238b8662a1bc758f05335
    ".github/.codecov.yml.example": d6ef3208a90eca74f79d8ff4e5ae21a915562b075cb17978b1eaadc231dd4e85
    ".github/FUNDING.yml.example": fd27dff7db58f4e8a39c35ccb60e39422517038501a5f2a99ef2aaeea2d1fa5d
    ".github/FUNDING.yml.no-osc.example": 8f1a867b1921b3dec1c63f7a7cd629362c1fb1ad0d1052494b48ba746b0fc5c6
    ".github/copilot_instructions.md.example": f5c5791df013e89e170fd436379b14e251d0ff4cb6b330a6d961e80c9071f2d3
    ".github/dependabot.yml.example": db84d1c13f64100d2f48212c022f0d985e9061ca76c36d82e7057fd845ecd528
    ".github/workflows/auto-assign.yml.example": 57b8159a15bf49946506e1b624934feed6a1cc8f71ad68968323c87acac56c67
    ".github/workflows/coverage.yml.example": 0c0c33b30ea319edf1afade6c49acdb00b230c431338407524f0c7d695875b80
    ".github/workflows/current.yml.example": a770c211c972fad52313f7ae565f82627e49b0b630491ff53757c6e715a53165
    ".github/workflows/dep-heads.yml.example": 3ef34205832e7378ef6ce0aec2e57edaf46931805227bd710ff6fb7ea28844e6
    ".github/workflows/dependency-review.yml.example": a895d52257a7112d796fabf349ced1079bed93e81e3aa9cb088f9af3f44d1e5f
    ".github/workflows/discord-notifier.yml.example": f9cc83a87058bd420426444510a1dd1520fd7cc15af50832ad52c25c5766be94
    ".github/workflows/framework-ci.yml.example": ecad510ddaf0c2283fda6cd858f3a99edd53ae0e620f602d8b16e4a9a1f4b14a
    ".github/workflows/heads.yml.example": ba4771336de4620238649d0e7399ba6f1021ca54e3154c4b72b2d3a4a57c2565
    ".github/workflows/jruby-10.0.yml.example": 3a88c7a591000978e77750aa13b9f0b118687ce4e4480fb23560e21b50dbee08
    ".github/workflows/jruby-9.1.yml.example": bd87762bf7295ccbd0b5628a954e6cb29477874ffc06e8f02695073f18286a03
    ".github/workflows/jruby-9.2.yml.example": 4d2a27af4ef88c7eaa61bb491244e78c2d284c2092ffc50b9912e20a079295b6
    ".github/workflows/jruby-9.3.yml.example": 6f9b3365b62478594263095504fc16e45d500b7f08576f180876439a4394cc1a
    ".github/workflows/jruby-9.4.yml.example": 1a3cf3b840c3694ff0e7d1dd7a85920050e496af729fc2d3d3e3eab81b70726e
    ".github/workflows/jruby.yml.example": e47c7496e419524219494382e194a7ae719125adc844b35ce83b0aba621ef2a4
    ".github/workflows/license-eye.yml.example": 23db5d6ee9b5382de1f2042642219d65214e09c3f975c418d4dec4d46375036c
    ".github/workflows/locked_deps.yml.example": 3145d845aac8b06c2d846ae8edadf5bd59457f427ed21aed19499e52b6653eaa
    ".github/workflows/opencollective.yml.example": 47c2ba73032438cc519924e4a5c3875c9b9c95fb5d258bf9050c3e13f34ad7d8
    ".github/workflows/ruby-2.3.yml.example": 53428800d7add77e25be558713a7e913b1b9cb2d2480aa7bc43df39fd0d988f1
    ".github/workflows/ruby-2.4.yml.example": 7f265998fd54f9f0d7e99628046db041100790681e3a28276505114b460cc6b4
    ".github/workflows/ruby-2.5.yml.example": d4eab50ba01b59e52b5d5d0cfa6a92a197ace528b50c7fcf518a81655f57c600
    ".github/workflows/ruby-2.6.yml.example": d371839468aafd0bcfbb35716308075b7e57501d043fdb4902697e0ec46a5303
    ".github/workflows/ruby-2.7.yml.example": 31feb88ade332f71a8f5a79702b9a0f8619eba53f72a2f0a9277b5f0b8d16930
    ".github/workflows/ruby-3.0.yml.example": 061f7fa8d163c5eeda8af7d49f76ba6c3de3c079446263eb0ae05cc50f8f43c6
    ".github/workflows/ruby-3.1.yml.example": 1ab31597415465c082d8970ce8d406bb12896becc04c23d7061562ac2ff7fe02
    ".github/workflows/ruby-3.2.yml.example": 042c275fbf8b30b98aee0f669d103fc4d3654158e33f6875f4ca25b3fb4a1293
    ".github/workflows/ruby-3.3.yml.example": 54339d448aab2a0fd128118e7a1a3a54acf96e8dee97935f3f29402e60729b65
    ".github/workflows/ruby-3.4.yml.example": 54dcc3cf9487398d97eb54be5bac05e0bd2f390c0bb83bdc057ab067da9ebdaf
    ".github/workflows/style.yml.example": 8507e69cb0e2a2f508bc541831af454058beccb3704607aad2f123a97f00beb2
    ".github/workflows/templating.yml.example": 560c2f5ab95416751ef179190c6fb055cb9c1e8609acad1bba0d4365da87b67d
    ".github/workflows/truffle.yml.example": d5354effaf6c1d615954e3edbc6f9937e09cde12e7dd1cfc832e19830c7bbff1
    ".github/workflows/truffleruby-22.3.yml.example": c42c40faab43b60c11a5c9821397cd59630e1f8967315c4c22470263889d0a66
    ".github/workflows/truffleruby-23.0.yml.example": 1c3f3e8130048236d5a4b1c4eefa9bdc323c1f94da0e2c67000221766baf9f1d
    ".github/workflows/truffleruby-23.1.yml.example": 379fd91c53acd21764e1472ff6cc1401784fa24ff40aebd6e19c3e950e06dc5c
    ".github/workflows/truffleruby-24.2.yml.example": 0a8f564b9e100fd1e55c77caad7fca80fbf95c255561527f9592e47bb63e5001
    ".github/workflows/truffleruby-25.0.yml.example": 1a6170a39e9d2ba4469743800b21412a89783ab8504bd9497341922a756b70f3
    ".github/workflows/truffleruby-33.0.yml.example": c2d4d85fe5b9e952fff28d2f263a9d141e02a0467076a1fd9daddfa806ee44e4
    ".github/workflows/unlocked_deps.yml.example": 39e31c137b64f0be7ebf17a55f8764ae922841034d09e1290b2d0b8c912059bc
    ".gitignore.example": 306fb86c9a8ce4f450e798fa0965a0b2dd6f828ec2b48926f3e6961fbaf7302a
    ".gitlab-ci.yml.example": ef64afa9855ebb59bbc87446fa9533238d3ce180966ceb19649a7f165715b92b
    ".idea/.gitignore.example": b44a5aa16bf9fe5635558af347454b05a76d600084308a9f43d4d0b54789ecab
    ".licenserc.yaml.example": 8787fa7bddce911f8ba47bda3eb6ad9786b6650d5d94786723e88773098ed37d
    ".opencollective.yml.example": 9ad9b83fe54f0bddac7fb614575585d98f78df0e181ee70a7acd0168d26e3142
    ".qlty/qlty.toml.example": cf3d750d2328f6c057b08b7ce3d7ec00a4056c7f0eedda59af321d6caca03553
    ".rspec.example": 87c2b075fb76dcaeb07357fa307dded4e98924ce56aa39dc769736e15d0b6ef8
    ".rubocop.example": 591e4b45430e85b0dd460cc11c70650912fa2734988420b934109d06a749344f
    ".rubocop.yml.example": c66f3a03fbdba089d7624de1174cc197e0eb25c3e67b8f1f19e32da3bde8db91
    ".rubocop_rspec.yml.example": 288ad75e7eb14d87d80fafe6f7272217be5c57547536ee56c780a7d10ac7ec74
    ".simplecov.example": 222f2e6ce8cf089c70a21f0f5e5423d4bd59a96fdb2ce7754b0fb3d6f430c229
    ".structuredmerge/git-drivers.toml.example": 9d241a44c9edffcdbd3da018fa188a238089c3d1635040924df594a6929a4f97
    ".structuredmerge/kettle-jem.yml.example": d431accf9ae516d28bb234614ef4596229b559d1e7c41ed4ad3a18085224a0f4
    ".yard-lint.yml.example": 90def46867c9436b4e177c47d91fc8165f4602e335715aecc39f5587ae20b55b
    ".yardignore.example": 821f453c609df7d46145d675424b39dfbe6dfdca8edac5f367b85fff48502455
    ".yardopts.example": 6fd6f2701713096a8a9ea095c213bbc68eeef37797c4754d97837e3229a3a5f6
    AGENTS.md.example: aec69512cbe17004660ac0abfabb9ec91a5c51c2cd82c10f30f08886f9bf64a7
    AGPL-3.0-only.md.example: d8a6cc31abc16b6748c7a21f21611f5a1ec33f67d22ca23d7da1c19b95496bee
    Appraisal.root.gemfile.example: 8724e3f6faea995be655ac49369bec64a70710112b1f65707fa38f1fd2fd3254
    Appraisals.example: 9cb1abcfb1a0bd6d859ca0705efb874dbe546754c8c71f9f95025ff6817f1471
    Big-Time-Public-License.md.example: b0c02a112c9eee0ed69f05fd8f22277a2f8bc62d447b6cb75d6df560e05bf431
    CHANGELOG.md.example: 73459e50dad34d84db88844c993d975097557bdf5229e101b0d1339de6f98ffc
    CHANGELOG.transfer.md: 21331d8a9e58b4ff6e088b88eb408bcccb0f2f64e78f8f4d42ac3f11a24baad8
    CITATION.cff.example: e404ea0a7919d78a83d53d80e211d17b9663576aa606583b709795dc023fd75c
    CODE_OF_CONDUCT.md.example: f1ad532f1860f73ef774c6b27a26d41f4bc1cb8813034f5957487766ebb0986b
    CONTRIBUTING.md.example: b8702655a5f66200bcb92dd7b68d8d3bab742e4ac359c54c25c83eae88f22513
    FUNDING.md.example: 392d047904b1557b29f4b43d37ec403b7480edd5b6ab51180be979b57a91e6ba
    FUNDING.md.no-osc.example: 3ef0258dd3e3b7f7e17e8bc2d20dcbcb3e74aa5a5a6f51297075696645e34c77
    Gemfile.example: f4a09c84c8842bab5c8dee173123c481a622ff5b74fa3cc9b90c1baf245ee7e9
    IRP.md.example: 85d8887d9b0e77f7fa9835ca5b9be31f586fdc94764ed1819af2a9a7fec98e96
    LICENSE.md.example: 120edf5f23173ebbdb5ad384ffc2e9b97e62aa6d0e61b733c003bd4db1b08276
    MIT.md.example: 365fce2a82f9d258ada9a527accfd5754b406ee9cdd8f8ed86bbec64b8c42ab2
    PolyForm-Noncommercial-1.0.0.md.example: ffcca38841adb694b6f380647e15f17c446a4d1656fed51a1e2041d064c94cc8
    PolyForm-Small-Business-1.0.0.md.example: 2f81e317d36f83a199c9fa10bcb250775fd90510303eaeb15aac2d8f0c1fc2d6
    README.md.example: ff2b5aad4c56c2a9976469027779580896386256edfb57fba52ba4eb4523a3ca
    REEK: e3b0c44298fc1c149afbf4c8996fb92427ae41e4649b934ca495991b7852b855
    RUBOCOP.md.example: c09e5533ccc59b70a2efa05c99f66e521137c1053d3c12eb43509cebd5b68b0e
    Rakefile.example: 569803e726b07ea26267fec6891367a3096a0dff3c266269a7081d36afe496af
    SECURITY.md.example: ee9411aa85f36d88363fdaea7a1baea4362b6ec112cf2688e711b05de1d3144c
    bin/setup.example: 0ac35089c95a91d8973fe7a318bf9fd98b9f8e00db92c5d9ca6cd858abb8d41b
    certs/pboling.pem.example: 18956f60643666cc181e2743b3b3691bec08c5326f514f60af54d0cdb9ebc554
    gem.gemspec.example: c6d59d4ed3d38f6c2dd8a233755f4ecc508f70f457ebcd63ccbff0f5dd34a14a
    gemfiles/modular/benchmark/r4/v0.5.gemfile.example: 5bc3190090ae456df1a8cce28dd47a7fb293495f6d845ec7e53a7a8b50f14ae1
    gemfiles/modular/benchmark/vHEAD.gemfile.example: ca6cd52c55c3082759c6ddc97638970f12d953aec1822470823d316086aa6e25
    gemfiles/modular/cgi/r4/v0.5.gemfile.example: c2d14a39377a2435419ceaca22a3421ebd899e9cba943df8a90b576a33624870
    gemfiles/modular/cgi/vHEAD.gemfile.example: 9ff3dc789b3279642876c0aad4b0094c1139bb8fbbf36daab804d3b2b3a60b43
    gemfiles/modular/coverage.gemfile.example: faab65b82ebf648b436f701d41916a23cc3b2cf2bf7280559baf4e18486c5421
    gemfiles/modular/coverage_local.gemfile.example: 928d5f260d7b119c038baa56da9fb78dd524dee613aea33ab72894bbce5c506e
    gemfiles/modular/debug.gemfile.example: 0a508bfb02e51b75394b43f4f09d98174dac36ead41cba09c1f730671a1f5905
    gemfiles/modular/documentation.gemfile.example: c1b3693d5bd6e1fa7f07acf80cf543dfd7ee0600bcf77aef63965d2a5229f6c7
    gemfiles/modular/documentation_local.gemfile.example: 84a20f5d4b0feb94c2cf2f7a8dce8f682f1483498e41484c2b447a5661fd1870
    gemfiles/modular/erb/r2.3/default.gemfile.example: 9da0d08fb6a299b965c37fe85efcaebd9eb0a82b2ea35fdc157c41bd75431396
    gemfiles/modular/erb/r2.6/v2.2.gemfile.example: '01787cbdf7136c0d75cc7b734c6bb3d2ef6c70d6c1c50e7d0ad2112c0f8ef8e7'
    gemfiles/modular/erb/r2/v3.0.gemfile.example: 3793e7dc9ef23a7ccd893d48cbba092fd27594c63e65cca011cc658218425670
    gemfiles/modular/erb/r3.1/v4.0.gemfile.example: bdf71ddcfe5001aab7d71b10a645a785928957ef7bae61d49307eb7f712279f3
    gemfiles/modular/erb/r3/v5.0.gemfile.example: 5cab50a56db5a2c1bfe6023bc5490e662649deaa7cee278553d63dc9186adb2b
    gemfiles/modular/erb/r4/v5.0.gemfile.example: 5cab50a56db5a2c1bfe6023bc5490e662649deaa7cee278553d63dc9186adb2b
    gemfiles/modular/erb/vHEAD.gemfile.example: ad6f104a49e80e0cf625440e3dc816343fe7e2f037fc4971df75e7bb4305c683
    gemfiles/modular/json/truffleruby_22_3.gemfile.example: 249c12eacbe90f9d0d2e81e7a62c4c7e9102e504ededcda4ecf660cb3bb68be4
    gemfiles/modular/json/truffleruby_23_0.gemfile.example: 66aa010567f7afa1af8244a74c3c88ecaaf84dc87b6a25180691bb480d02ed28
    gemfiles/modular/json/truffleruby_23_1.gemfile.example: '080fcbdaf2bec73cad40832a3d51eebb380af789917b96f493d1460b0dd6361d'
    gemfiles/modular/mutex_m/r2.4/v0.1.gemfile.example: '09728bdc10807b3ca9dd3b9f12986acbe8c40ac08ada438bcfd49cd69445c650'
    gemfiles/modular/mutex_m/r2/v0.3.gemfile.example: 887eaaff14e1f1d24087a82ec117450559eab9552260a132caf56f21e4c681e1
    gemfiles/modular/mutex_m/r3/v0.3.gemfile.example: 887eaaff14e1f1d24087a82ec117450559eab9552260a132caf56f21e4c681e1
    gemfiles/modular/mutex_m/r4/v0.3.gemfile.example: 887eaaff14e1f1d24087a82ec117450559eab9552260a132caf56f21e4c681e1
    gemfiles/modular/mutex_m/vHEAD.gemfile.example: '08018641c97f894788fa91b462da504ab2237213d18d95404136c393274ae3cb'
    gemfiles/modular/optional.gemfile.example: b45eb8ecde2902441c02b2f01d4aa8f79bff75c853ef92555c3201ee798d9e87
    gemfiles/modular/recording/r2.3/recording.gemfile.example: 154da539583c51ca78ff8affa7a7caaf7f354d321b5e748beb64de61ff72f80a
    gemfiles/modular/recording/r2.4/recording.gemfile.example: 6d69381eb2f8be681c72e7a5a8b5d6ec6ee586da8ce51b9b39d845d2a87e4ecf
    gemfiles/modular/recording/r2.5/recording.gemfile.example: c0ca8bbf47c34e144be90d96526f894af60cf062f2aecfa861492104170548d9
    gemfiles/modular/recording/r3/recording.gemfile.example: c0ca8bbf47c34e144be90d96526f894af60cf062f2aecfa861492104170548d9
    gemfiles/modular/recording/r4/recording.gemfile.example: c0ca8bbf47c34e144be90d96526f894af60cf062f2aecfa861492104170548d9
    gemfiles/modular/recording/vHEAD.gemfile.example: 7480fd116e9671972a2735d1d97050a4fd5754aa7abfab3d115bf9bebbca038c
    gemfiles/modular/rspec.gemfile.example: d043f5c9344f6435edb4607c5adaf42c78e7fb6b8b6726007de2bbedefb376c3
    gemfiles/modular/runtime_heads.gemfile.example: f163201999bf68a942b1e5bcea506bfc4b9c59711ff502091eb215d5d5f8f658
    gemfiles/modular/shunted.gemfile.example: a54a86124eff06163497462012704f62a691daa224cebeac605cdd14cffacfbe
    gemfiles/modular/stringio/r2.4/v0.0.2.gemfile.example: 6425ebcd70b2e782f4c1d9074f8685c1e93ca7bf371728ef7ebbc8b5ebdf491a
    gemfiles/modular/stringio/r2/v3.0.gemfile.example: 6a21546445b166b784f5dc0458d9f9acc506f3b6fcc1931daa5c62821da90d6c
    gemfiles/modular/stringio/r3/v3.0.gemfile.example: 6a21546445b166b784f5dc0458d9f9acc506f3b6fcc1931daa5c62821da90d6c
    gemfiles/modular/stringio/r4/v3.0.gemfile.example: 6a21546445b166b784f5dc0458d9f9acc506f3b6fcc1931daa5c62821da90d6c
    gemfiles/modular/stringio/vHEAD.gemfile.example: e0497ab6dad9667b22725485b781e9d99349a079250eb29cb125d58f01f4a5be
    gemfiles/modular/style.gemfile.example: a15db732f566d958c2459ef549ae3877d984df3d205116e714284d1fe4f9b068
    gemfiles/modular/style_local.gemfile.example: '0083605323d23879dc7223f0198e9f1db24a25fa38730c4dbcc71c7a8a4c307f'
    gemfiles/modular/templating.gemfile.example: f63e9254dcd76f02406fff515090570d2394dae220faac4f9b3cad6c1a78346a
    gemfiles/modular/templating_local.gemfile.example: 84b328af40ee4f9b0355cd5b466f7c7903c49f86e9eb0d1bc3a1f34c8f0f1668
    gemfiles/modular/webrick/r4/v1.9.gemfile.example: 1ee940ff54d5ca3ce7fcff0d82ee9553386979656b9e220d5be5404d0991d5ea
    gemfiles/modular/webrick/vHEAD.gemfile.example: da545f591af987648ffbaba181707480a38dfb375db7d289617986ec2c2ca23b
    gemfiles/modular/x_std_libs.gemfile.example: e3917e90717d7f9f4393d847549a78c53de7f6c8de52a7f590b34b515fd6111a
    gemfiles/modular/x_std_libs/r2.3/libs.gemfile.example: 379ac2a3698615789e39dc18a961b9c793b2cc594856bb3163524a99fd4ac86f
    gemfiles/modular/x_std_libs/r2.4/libs.gemfile.example: ccad8f592943481317c082ce8d340316b9e90a52463c8c1eea5c5109b23e8c3d
    gemfiles/modular/x_std_libs/r2.6/libs.gemfile.example: 9af20396f404a32bf76d8999c7fdd112f0282ba331f71100ab093663b2ab5670
    gemfiles/modular/x_std_libs/r2/libs.gemfile.example: e80ec8ad06cb1b31ac982bc25cf7696987fca131aa1001eaefd0bf5cd379c273
    gemfiles/modular/x_std_libs/r3.1/libs.gemfile.example: 38068bd6a0f5d02918eb286af9bdbdf0c7cf7cf026486b9fd157b541b6153d58
    gemfiles/modular/x_std_libs/r3/libs.gemfile.example: 546f8849f4267bb19aa10ff0de40be30957197f229e6887847181ea9127b2650
    gemfiles/modular/x_std_libs/r4/libs.gemfile.example: 8c2582eaa218d216b98c86c933465295c8b4e43f3251ea388b9eaf6e471f8da6
    gemfiles/modular/x_std_libs/vHEAD.gemfile.example: d3133ec4c0638363a7fb025d19be7e95a615fd61c35ddb8d17f2280ee74a7486
    lib/gem/version.rb.example: 15e219ac3a928b5580035f891e415551213175020f1131f6e7ca0ccd55a1b2d6
    lib/gem/version_gem.rb.example: 0c86551349f6b6571b61019b1a5618ecdab4a0d1c25cc21abe8866dfdcbfde9b
    mise.toml.example: b2eb06f7daaf0c3916bba155f463e166bd1de218637ba82e636c528c077c8d6d
    mise.toml.no-osc.example: 35ec90d3c67b74e0014876dccad14f5883fdad88036f6b0cf5d29ea181e132ac
    parsers.toml.example: f0538ae7ad8596be2dc39b3ea663f1164dec21fb0457233c1885097e774aff6f
    readme/partials/basic_usage.md.example: adaa8f9de9768d1f29cb15d957404004715e7687db68c29b121d6467db13158a
    readme/partials/configuration.md.example: 5ad82bc7eaf05015d31cea9265173718abc1d92729b52e3856c8366aa54184e8
    readme/partials/synopsis.md.example: 2b7383f8261086da0995fbf2c10017b3f162723b32c324ae8c0e1c1a8d1c79ef
    shim/.github/workflows/current.yml.example: c2a2a2053f2726276bb8571c8a76a4b97bcce6cd54bdca01cba63d713c3a0e2f
    shim/.rspec.example: a52036d5e192e99e33f450cef13ecc5b58d987725339289a7030c32e6794a5bc
    shim/.structuredmerge/kettle-jem.yml.example: 03faae6cfda3947ef8489008b4836aad3ca280e94ddf9d08ef733071d7daa167
    shim/CHANGELOG.md.example: 2c098802b9971c51796e34067d061adbc31fa443df96be8a1fc71fc84c262d0e
    shim/Gemfile.example: 4fc6993842feb4d0a3f28185ece6e81b3fb8668e9cd977f0e4be521e13413769
    shim/README.md.example: 3a2f7211b7f92a1dfae5e523b8e34b051a3d8af942144b05286eca0b3c8f6fbe
    shim/Rakefile.example: 572c94da7052083b39b62a6600785419e314a109efd7a3d8c3a96eb77ad34fd1
    shim/gem.gemspec.example: 1be6617833c333b7430f4bc1914a0c03b047a1fd7dacfb25eb5d16b75a7b5dd0
    shim/lib/compat_require.rb.example: 94ee85e353a3ca08c8a35c9063d4ff789214ea594c7f803f6cf09d7142f48379
    shim/lib/entrypoint.rb.example: dd57613520daca01d6f6bcaa9b83b00ff74505240dc04b84ceb686df3c0539d7
    shim/lib/version.rb.example: 15e219ac3a928b5580035f891e415551213175020f1131f6e7ca0ccd55a1b2d6
    shim/spec/shim_spec.rb.example: '060013019bf39b8dc267169df83752661d02c7ad890b65a99a1d97137938edfd'
    shim/spec/spec_helper.rb.example: 88e2ab0bd8888022a68e856e04f61053e238e54f51b428b386aaebf93ae8ad83
    sig/gem.rbs.example: 47a4f7e524cc6f773875b6c08691ca4d65c2b14618abd5b9b91055ae5b248cec
    spec/README.md.example: d8f0d2288bdee716c18b093755c6eff2158e81620306cbf96fc62226a8f22f1c
    spec/spec_helper.rb.example: f9821ea448bbfa67ce3108d3713217c15be097429365821a431d6af360d2d053
files:
  ".simplecov":
    recipe: template_source_application_simplecov
    action: write
    dest_sha256: 3529fc201f57ea59449f472121b9163f9757ed7bc64d69028bbaf75fafde992f
    input_fingerprint: a1f5e6d6e599de4b364c73d1f4a8d25ab232098585b0c334bef0a4e324c5633c
    template_sources:
    - ".simplecov.example"
  AGPL-3.0-only.md:
    recipe: template_source_application_AGPL_3_0_only_md
    action: write
    dest_sha256: d8a6cc31abc16b6748c7a21f21611f5a1ec33f67d22ca23d7da1c19b95496bee
    input_fingerprint: 2134b58fd2d287cb6dee80256cd0a14b6d3607eefcdbd21f24000383245179a1
    template_sources:
    - AGPL-3.0-only.md.example
  Gemfile:
    recipe: template_source_application_Gemfile
    action: write
    dest_sha256: e658e5edcba4a3a4e07c4c4b857cb112e05dab445a139f35ea6c6c8a347716e7
    input_fingerprint: b15552a0697b25b38b2644eb802cddd8b97435514060534f4656af69f0a37b92
    template_sources:
    - Gemfile.example
  LICENSE.md:
    recipe: template_source_application_LICENSE_md
    action: write
    dest_sha256: f6188bfd474a636d2a526420ebb411250faa447d94c9b9ccee097128ce4101b5
    input_fingerprint: 6ca1a259f8afad1cf58dcd3a7a5d3079c5224a570dd12be950be421d9d335a30
    template_sources:
    - LICENSE.md.example
  PolyForm-Small-Business-1.0.0.md:
    recipe: template_source_application_PolyForm_Small_Business_1_0_0_md
    action: write
    dest_sha256: 2f81e317d36f83a199c9fa10bcb250775fd90510303eaeb15aac2d8f0c1fc2d6
    input_fingerprint: 4693aa67d686b4e6ee77ff1b189262cd0c72acbb7ea39666a51a1bc4c508e17c
    template_sources:
    - PolyForm-Small-Business-1.0.0.md.example
  README.md:
    recipe: template_source_application_README_md
    action: write
    dest_sha256: b92355df352a838e88437bd969a3ba57d64db9cb1f854eb691d4aa6dfd774e64
    input_fingerprint: a8e9f5ea90b048163fa917790a3dc7ecbd28df79e74c1aa473c6b2bc0fb0c51e
    template_sources:
    - README.md.example
  ast-crispr-ruby-prism.gemspec:
    recipe: template_source_application_ast_crispr_ruby_prism_gemspec
    action: write
    dest_sha256: c6a2091ad82d8ca650df5f9a5c5083ef9f94cfd20f6b210adaec1ca95d52d85b
    input_fingerprint: f085f2ab29d80b31ddd643c007edfa23d88135ece4534f993938d78f3eb0e5c9
    template_sources:
    - gem.gemspec.example
  certs/pboling.pem:
    recipe: template_source_application_certs_pboling_pem
    action: write
    dest_sha256: 18956f60643666cc181e2743b3b3691bec08c5326f514f60af54d0cdb9ebc554
    input_fingerprint: 9ac58c055319d421bac30765810a695baff1d0d03ab31dd38166d50ff2a12723
    template_sources:
    - certs/pboling.pem.example
  gemfiles/modular/benchmark/r4/v0.5.gemfile:
    recipe: template_source_application_gemfiles_modular_benchmark_r4_v0_5_gemfile
    action: write
    dest_sha256: 5bc3190090ae456df1a8cce28dd47a7fb293495f6d845ec7e53a7a8b50f14ae1
    input_fingerprint: e61b01bc463d2f44aa092ac3521b2185aabe4731b02950b6c88232697a8ada18
    template_sources:
    - gemfiles/modular/benchmark/r4/v0.5.gemfile.example
  gemfiles/modular/benchmark/vHEAD.gemfile:
    recipe: template_source_application_gemfiles_modular_benchmark_vHEAD_gemfile
    action: write
    dest_sha256: ca6cd52c55c3082759c6ddc97638970f12d953aec1822470823d316086aa6e25
    input_fingerprint: c5336a5f5f8d78a7f55ed7770d09814f43e59b8837f1599e6a3f3ede8bd15843
    template_sources:
    - gemfiles/modular/benchmark/vHEAD.gemfile.example
  gemfiles/modular/cgi/r4/v0.5.gemfile:
    recipe: template_source_application_gemfiles_modular_cgi_r4_v0_5_gemfile
    action: write
    dest_sha256: c2d14a39377a2435419ceaca22a3421ebd899e9cba943df8a90b576a33624870
    input_fingerprint: 1e05696232c0f36668ba176cb1ff6eefc7dd9e1d30e4b8ffe6f9304105534d24
    template_sources:
    - gemfiles/modular/cgi/r4/v0.5.gemfile.example
  gemfiles/modular/cgi/vHEAD.gemfile:
    recipe: template_source_application_gemfiles_modular_cgi_vHEAD_gemfile
    action: write
    dest_sha256: 9ff3dc789b3279642876c0aad4b0094c1139bb8fbbf36daab804d3b2b3a60b43
    input_fingerprint: bcfa74a3b31f268a3e7b19f18a10b9d1ee75c33bb6b3409efb01a796e1dbea6d
    template_sources:
    - gemfiles/modular/cgi/vHEAD.gemfile.example
  gemfiles/modular/coverage.gemfile:
    recipe: template_source_application_gemfiles_modular_coverage_gemfile
    action: write
    dest_sha256: faab65b82ebf648b436f701d41916a23cc3b2cf2bf7280559baf4e18486c5421
    input_fingerprint: 7daa8cce99ff9cf2034118bd204a8e5aa91f7fee104035759fd0d8f1e5297dba
    template_sources:
    - gemfiles/modular/coverage.gemfile.example
  gemfiles/modular/coverage_local.gemfile:
    recipe: template_source_application_gemfiles_modular_coverage_local_gemfile
    action: write
    dest_sha256: 05250cec85bffe701ff42025076ddca7ea9d3164012526e1e7854a3b5cc5af00
    input_fingerprint: 86ff6687b3bc8b3db9cec5211b4b96ad3b1d2d3192a947110b6ebf4125785c8e
    template_sources:
    - gemfiles/modular/coverage_local.gemfile.example
  gemfiles/modular/debug.gemfile:
    recipe: template_source_application_gemfiles_modular_debug_gemfile
    action: write
    dest_sha256: 0a508bfb02e51b75394b43f4f09d98174dac36ead41cba09c1f730671a1f5905
    input_fingerprint: a4f9307c3dbb98f12433ae6ceaf1c56b8e647b0c5a973e74ab469d1895f143fe
    template_sources:
    - gemfiles/modular/debug.gemfile.example
  gemfiles/modular/documentation.gemfile:
    recipe: template_source_application_gemfiles_modular_documentation_gemfile
    action: write
    dest_sha256: c1b3693d5bd6e1fa7f07acf80cf543dfd7ee0600bcf77aef63965d2a5229f6c7
    input_fingerprint: 627ec6a05ad80ab4cf20b7f855179a018aed12d6d5c1df0fc302145d7e7ddee4
    template_sources:
    - gemfiles/modular/documentation.gemfile.example
  gemfiles/modular/documentation_local.gemfile:
    recipe: template_source_application_gemfiles_modular_documentation_local_gemfile
    action: write
    dest_sha256: 789b114fedcef8d9b6f303f34daaf521b6aa55fefb95198e9ef52ac0d2010fa1
    input_fingerprint: c1f9d1e4c1608474d8c25db0ddf5294bb4662292a91803177526f72a5686b884
    template_sources:
    - gemfiles/modular/documentation_local.gemfile.example
  gemfiles/modular/erb/r2/v3.0.gemfile:
    recipe: template_source_application_gemfiles_modular_erb_r2_v3_0_gemfile
    action: write
    dest_sha256: 3793e7dc9ef23a7ccd893d48cbba092fd27594c63e65cca011cc658218425670
    input_fingerprint: 64b9c094f6bcf7bfb48219ed70cf657e618a0a1f356d55fc43c3a8143310f2ec
    template_sources:
    - gemfiles/modular/erb/r2/v3.0.gemfile.example
  gemfiles/modular/erb/r3/v5.0.gemfile:
    recipe: template_source_application_gemfiles_modular_erb_r3_v5_0_gemfile
    action: write
    dest_sha256: 5cab50a56db5a2c1bfe6023bc5490e662649deaa7cee278553d63dc9186adb2b
    input_fingerprint: eab4a6feb1ba20dfdc3d76570ca47cba0e2acbd10bb667c00e0465967294cfd2
    template_sources:
    - gemfiles/modular/erb/r3/v5.0.gemfile.example
  gemfiles/modular/erb/r4/v5.0.gemfile:
    recipe: template_source_application_gemfiles_modular_erb_r4_v5_0_gemfile
    action: write
    dest_sha256: 5cab50a56db5a2c1bfe6023bc5490e662649deaa7cee278553d63dc9186adb2b
    input_fingerprint: 0e61b5d8e6ba21a3ddcbee9d844f2d9d05aa3547cff1c29cd4f70833cc44b501
    template_sources:
    - gemfiles/modular/erb/r4/v5.0.gemfile.example
  gemfiles/modular/erb/vHEAD.gemfile:
    recipe: template_source_application_gemfiles_modular_erb_vHEAD_gemfile
    action: write
    dest_sha256: ad6f104a49e80e0cf625440e3dc816343fe7e2f037fc4971df75e7bb4305c683
    input_fingerprint: 16920580ee321450c214c5d79e5fe92d3f7556db441dc75e92180d3720c96e3c
    template_sources:
    - gemfiles/modular/erb/vHEAD.gemfile.example
  gemfiles/modular/json/truffleruby_22_3.gemfile:
    recipe: template_source_application_gemfiles_modular_json_truffleruby_22_3_gemfile
    action: write
    dest_sha256: 249c12eacbe90f9d0d2e81e7a62c4c7e9102e504ededcda4ecf660cb3bb68be4
    input_fingerprint: 9208091d4df70525405b769a44f8bc8980b7087cbc573ae4bad3ad999660453f
    template_sources:
    - gemfiles/modular/json/truffleruby_22_3.gemfile.example
  gemfiles/modular/json/truffleruby_23_0.gemfile:
    recipe: template_source_application_gemfiles_modular_json_truffleruby_23_0_gemfile
    action: write
    dest_sha256: 66aa010567f7afa1af8244a74c3c88ecaaf84dc87b6a25180691bb480d02ed28
    input_fingerprint: 63daeec842daf7ec165d2352bd7ae28801f28ed34027c1c0e6836db18b6862d9
    template_sources:
    - gemfiles/modular/json/truffleruby_23_0.gemfile.example
  gemfiles/modular/json/truffleruby_23_1.gemfile:
    recipe: template_source_application_gemfiles_modular_json_truffleruby_23_1_gemfile
    action: write
    dest_sha256: '080fcbdaf2bec73cad40832a3d51eebb380af789917b96f493d1460b0dd6361d'
    input_fingerprint: 32dba20445ce13a8247152760f7d82981cde628b53b6d57d8214a75cd6687091
    template_sources:
    - gemfiles/modular/json/truffleruby_23_1.gemfile.example
  gemfiles/modular/mutex_m/r2/v0.3.gemfile:
    recipe: template_source_application_gemfiles_modular_mutex_m_r2_v0_3_gemfile
    action: write
    dest_sha256: 887eaaff14e1f1d24087a82ec117450559eab9552260a132caf56f21e4c681e1
    input_fingerprint: 97c8db49f80b57f39481da544007e52a5b39961e0a988810dd28de674987cc2d
    template_sources:
    - gemfiles/modular/mutex_m/r2/v0.3.gemfile.example
  gemfiles/modular/mutex_m/r3/v0.3.gemfile:
    recipe: template_source_application_gemfiles_modular_mutex_m_r3_v0_3_gemfile
    action: write
    dest_sha256: 887eaaff14e1f1d24087a82ec117450559eab9552260a132caf56f21e4c681e1
    input_fingerprint: 9e425dd21d64aad7d5b395ac534ae2de2a98fbc8ca81d5d46f3e5b999e9da134
    template_sources:
    - gemfiles/modular/mutex_m/r3/v0.3.gemfile.example
  gemfiles/modular/mutex_m/r4/v0.3.gemfile:
    recipe: template_source_application_gemfiles_modular_mutex_m_r4_v0_3_gemfile
    action: write
    dest_sha256: 887eaaff14e1f1d24087a82ec117450559eab9552260a132caf56f21e4c681e1
    input_fingerprint: a3871a5c9d07ddb482100ce176d1150a305b5e0f773010ed69c63e168aa6f4f5
    template_sources:
    - gemfiles/modular/mutex_m/r4/v0.3.gemfile.example
  gemfiles/modular/mutex_m/vHEAD.gemfile:
    recipe: template_source_application_gemfiles_modular_mutex_m_vHEAD_gemfile
    action: write
    dest_sha256: '08018641c97f894788fa91b462da504ab2237213d18d95404136c393274ae3cb'
    input_fingerprint: 3701c5de75f77ab500522809b947a062db8e259642005f10af29d479b0ff4c87
    template_sources:
    - gemfiles/modular/mutex_m/vHEAD.gemfile.example
  gemfiles/modular/optional.gemfile:
    recipe: template_source_application_gemfiles_modular_optional_gemfile
    action: write
    dest_sha256: f770e6e9a9dd2bd0f1f132e882d88038b2e21127dce3afe270908c7338c28bfd
    input_fingerprint: 8ae390e132b6f19be0f90ebafb51f650bcdba7ab656bedc398fdbd0f05b93c95
    template_sources:
    - gemfiles/modular/optional.gemfile.example
  gemfiles/modular/rspec.gemfile:
    recipe: template_source_application_gemfiles_modular_rspec_gemfile
    action: write
    dest_sha256: d043f5c9344f6435edb4607c5adaf42c78e7fb6b8b6726007de2bbedefb376c3
    input_fingerprint: 7e893045095f86f7e0b8ea1b66143f0879ea629811825095119825c981738ebf
    template_sources:
    - gemfiles/modular/rspec.gemfile.example
  gemfiles/modular/runtime_heads.gemfile:
    recipe: template_source_application_gemfiles_modular_runtime_heads_gemfile
    action: write
    dest_sha256: 6ac7158c4a3088190f2a9082f01439eb27eca2172ab3464b15c9cb045aa885e1
    input_fingerprint: 4408c62df1382303f3bec14d29ff1350a34d10be6d32d518e96ea7ea7ef73b4b
    template_sources:
    - gemfiles/modular/runtime_heads.gemfile.example
  gemfiles/modular/stringio/r2/v3.0.gemfile:
    recipe: template_source_application_gemfiles_modular_stringio_r2_v3_0_gemfile
    action: write
    dest_sha256: 6a21546445b166b784f5dc0458d9f9acc506f3b6fcc1931daa5c62821da90d6c
    input_fingerprint: 871d02ee615e0f8ca0196c4a540f7383c83a47d91b38ecda6f7035105870a19b
    template_sources:
    - gemfiles/modular/stringio/r2/v3.0.gemfile.example
  gemfiles/modular/stringio/r3/v3.0.gemfile:
    recipe: template_source_application_gemfiles_modular_stringio_r3_v3_0_gemfile
    action: write
    dest_sha256: 6a21546445b166b784f5dc0458d9f9acc506f3b6fcc1931daa5c62821da90d6c
    input_fingerprint: 62598bca4912d32af889f936c9bad3bd08c1c07ccd4a0aac82f1918d98f3da1d
    template_sources:
    - gemfiles/modular/stringio/r3/v3.0.gemfile.example
  gemfiles/modular/stringio/r4/v3.0.gemfile:
    recipe: template_source_application_gemfiles_modular_stringio_r4_v3_0_gemfile
    action: write
    dest_sha256: 6a21546445b166b784f5dc0458d9f9acc506f3b6fcc1931daa5c62821da90d6c
    input_fingerprint: 6215c1a63c287c946b405009d3932303f5342e7bbc6305b0896e15891780f9aa
    template_sources:
    - gemfiles/modular/stringio/r4/v3.0.gemfile.example
  gemfiles/modular/stringio/vHEAD.gemfile:
    recipe: template_source_application_gemfiles_modular_stringio_vHEAD_gemfile
    action: write
    dest_sha256: e0497ab6dad9667b22725485b781e9d99349a079250eb29cb125d58f01f4a5be
    input_fingerprint: 772efc2770f21370d8cee7e13f0b3d42a2faad8115a61e7a83cf175bfb6dac95
    template_sources:
    - gemfiles/modular/stringio/vHEAD.gemfile.example
  gemfiles/modular/style.gemfile:
    recipe: template_source_application_gemfiles_modular_style_gemfile
    action: write
    dest_sha256: 071066457ce6081cbc03d10d777f741b84019071c78e45c23889f13658a0a4a6
    input_fingerprint: cfff8b55bf71d361e7ac285501cceb869bef1fc2cc708377e764cfdc1e277a30
    template_sources:
    - gemfiles/modular/style.gemfile.example
  gemfiles/modular/style_local.gemfile:
    recipe: template_source_application_gemfiles_modular_style_local_gemfile
    action: write
    dest_sha256: fcc81027665b7d5a874f37d4d2de38e3b8c0a376b7dc7c8c10e2a3aa12f11693
    input_fingerprint: 9fdded4373fc667bfa8d2f61f6c34fa23c277a2abf2b28de711e16d0530ea4c6
    template_sources:
    - gemfiles/modular/style_local.gemfile.example
  gemfiles/modular/templating.gemfile:
    recipe: template_source_application_gemfiles_modular_templating_gemfile
    action: write
    dest_sha256: f63e9254dcd76f02406fff515090570d2394dae220faac4f9b3cad6c1a78346a
    input_fingerprint: 12d530da00bc4d947ce1cf79c18fecd7680c73eb9ccd8677bcacdd5467a9ebf6
    template_sources:
    - gemfiles/modular/templating.gemfile.example
  gemfiles/modular/templating_local.gemfile:
    recipe: template_source_application_gemfiles_modular_templating_local_gemfile
    action: write
    dest_sha256: c6d6033e227117c9f98b405915f7e58bd74f37f52642063edc1ebb17ec46641a
    input_fingerprint: 73637b195343411047783498ff1483c0963711a5078663e6a6dcb62bf364af16
    template_sources:
    - gemfiles/modular/templating_local.gemfile.example
  gemfiles/modular/webrick/r4/v1.9.gemfile:
    recipe: template_source_application_gemfiles_modular_webrick_r4_v1_9_gemfile
    action: write
    dest_sha256: 1ee940ff54d5ca3ce7fcff0d82ee9553386979656b9e220d5be5404d0991d5ea
    input_fingerprint: fc86c0ad650792b4965fc89dd591f3bdccdcc10c70af60b52c2489cd4be77053
    template_sources:
    - gemfiles/modular/webrick/r4/v1.9.gemfile.example
  gemfiles/modular/webrick/vHEAD.gemfile:
    recipe: template_source_application_gemfiles_modular_webrick_vHEAD_gemfile
    action: write
    dest_sha256: da545f591af987648ffbaba181707480a38dfb375db7d289617986ec2c2ca23b
    input_fingerprint: cf705eb529588e142b1716c91ad7ce7fa8d278d35626720b56a71ab8e60f04cb
    template_sources:
    - gemfiles/modular/webrick/vHEAD.gemfile.example
  gemfiles/modular/x_std_libs.gemfile:
    recipe: template_source_application_gemfiles_modular_x_std_libs_gemfile
    action: write
    dest_sha256: e3917e90717d7f9f4393d847549a78c53de7f6c8de52a7f590b34b515fd6111a
    input_fingerprint: 3291e4c11033524962185c4307f2a93d7a7c6dffc1e0d483f7492f9474ff4876
    template_sources:
    - gemfiles/modular/x_std_libs.gemfile.example
  gemfiles/modular/x_std_libs/r2/libs.gemfile:
    recipe: template_source_application_gemfiles_modular_x_std_libs_r2_libs_gemfile
    action: write
    dest_sha256: e80ec8ad06cb1b31ac982bc25cf7696987fca131aa1001eaefd0bf5cd379c273
    input_fingerprint: bf612bfa7a341ccd875676660ccab5c5399e0fb771d1bf7d8c60042a4f8a5e53
    template_sources:
    - gemfiles/modular/x_std_libs/r2/libs.gemfile.example
  gemfiles/modular/x_std_libs/r3/libs.gemfile:
    recipe: template_source_application_gemfiles_modular_x_std_libs_r3_libs_gemfile
    action: write
    dest_sha256: 546f8849f4267bb19aa10ff0de40be30957197f229e6887847181ea9127b2650
    input_fingerprint: f6aa4e2218b4d37c81a2e88cc468503854ea470a6f01627f683c0c07b5963037
    template_sources:
    - gemfiles/modular/x_std_libs/r3/libs.gemfile.example
  gemfiles/modular/x_std_libs/r4/libs.gemfile:
    recipe: template_source_application_gemfiles_modular_x_std_libs_r4_libs_gemfile
    action: write
    dest_sha256: 8c2582eaa218d216b98c86c933465295c8b4e43f3251ea388b9eaf6e471f8da6
    input_fingerprint: 674a07faabad727c5e6a79406a808cb7e86a04cb82b97ac84ec16ea0280a4c5f
    template_sources:
    - gemfiles/modular/x_std_libs/r4/libs.gemfile.example
  gemfiles/modular/x_std_libs/vHEAD.gemfile:
    recipe: template_source_application_gemfiles_modular_x_std_libs_vHEAD_gemfile
    action: write
    dest_sha256: d3133ec4c0638363a7fb025d19be7e95a615fd61c35ddb8d17f2280ee74a7486
    input_fingerprint: 95664914526376c2648e3702d2326dc76260bdc55f3a523039345d01d7dc98c0
    template_sources:
    - gemfiles/modular/x_std_libs/vHEAD.gemfile.example
  lib/ast/crispr/ruby/prism/version.rb:
    recipe: template_source_application_lib_ast_crispr_ruby_prism_version_rb
    action: write
    dest_sha256: 6d8b52a7c47103337de5be098b8afd0f6ca0ea04f5ccff61ec1332deceef3cea
    input_fingerprint: 902b90fb73a5e8566872b572fa58a194d10ac70c36cc0b67aa4e374db6217eaa
    template_sources:
    - lib/gem/version.rb.example
  sig/ast/crispr/ruby/prism.rbs:
    recipe: template_source_application_sig_ast_crispr_ruby_prism_rbs
    action: write
    dest_sha256: 557ce194cb22954d85f6c7356a5a1ef1706641a97952ad43fddefefeb4f8f3ee
    input_fingerprint: c6f9fb23ae13316acc1d3bf1c27e9216b4d8651803a9f23c723c5f61ac2bafc4
    template_sources:
    - sig/gem.rbs.example
  spec/spec_helper.rb:
    recipe: template_source_application_spec_spec_helper_rb
    action: write
    dest_sha256: 250632d102648384680b38ac66219218633bfa91463e21e62b7f59a537547702
    input_fingerprint: 5e74efa4fb75c99c57542a3fd5721d84112a584ec058e53c01eac33bbc530e3f
    template_sources:
    - spec/spec_helper.rb.example
