{
  ".simplecov:479300517": [
    [1, 1, 1, "Style/FrozenStringLiteralComment: Missing frozen string literal comment.", 177542]
  ],
  "Rakefile:351892577": [
    [18, 121, 17, "Layout/LineLength: Line is too long. [137/120]", 174264873],
    [81, 3, 1023, "Metrics/BlockLength: Block has too many lines. [32/25]", 54868638],
    [165, 121, 22, "Layout/LineLength: Line is too long. [142/120]", 1367093088],
    [168, 121, 18, "Layout/LineLength: Line is too long. [138/120]", 3881946477]
  ],
  "gemfiles/modular/benchmark/r4/v0.5.gemfile:3644720371": [
    [1, 1, 1, "Style/FrozenStringLiteralComment: Missing frozen string literal comment.", 177542]
  ],
  "gemfiles/modular/benchmark/vHEAD.gemfile:2838879269": [
    [1, 1, 0, "Naming/FileName: The name of this source file (`vHEAD.gemfile`) should use snake_case.", 5381],
    [1, 1, 1, "Style/FrozenStringLiteralComment: Missing frozen string literal comment.", 177542]
  ],
  "gemfiles/modular/cgi/r4/v0.5.gemfile:367169322": [
    [1, 1, 1, "Style/FrozenStringLiteralComment: Missing frozen string literal comment.", 177602]
  ],
  "gemfiles/modular/cgi/vHEAD.gemfile:2729540777": [
    [1, 1, 0, "Naming/FileName: The name of this source file (`vHEAD.gemfile`) should use snake_case.", 5381],
    [1, 1, 1, "Style/FrozenStringLiteralComment: Missing frozen string literal comment.", 177602]
  ],
  "gemfiles/modular/erb/r2/v3.0.gemfile:1688285565": [
    [1, 1, 1, "Style/FrozenStringLiteralComment: Missing frozen string literal comment.", 177602]
  ],
  "gemfiles/modular/erb/r3/v5.0.gemfile:343545730": [
    [1, 1, 1, "Style/FrozenStringLiteralComment: Missing frozen string literal comment.", 177602]
  ],
  "gemfiles/modular/erb/r4/v5.0.gemfile:343545730": [
    [1, 1, 1, "Style/FrozenStringLiteralComment: Missing frozen string literal comment.", 177602]
  ],
  "gemfiles/modular/erb/vHEAD.gemfile:981929959": [
    [1, 1, 0, "Naming/FileName: The name of this source file (`vHEAD.gemfile`) should use snake_case.", 5381],
    [1, 1, 1, "Style/FrozenStringLiteralComment: Missing frozen string literal comment.", 177542]
  ],
  "gemfiles/modular/mutex_m/r2/v0.3.gemfile:4055275004": [
    [1, 1, 1, "Style/FrozenStringLiteralComment: Missing frozen string literal comment.", 177542]
  ],
  "gemfiles/modular/mutex_m/r3/v0.3.gemfile:4055275004": [
    [1, 1, 1, "Style/FrozenStringLiteralComment: Missing frozen string literal comment.", 177542]
  ],
  "gemfiles/modular/mutex_m/r4/v0.3.gemfile:4055275004": [
    [1, 1, 1, "Style/FrozenStringLiteralComment: Missing frozen string literal comment.", 177542]
  ],
  "gemfiles/modular/mutex_m/vHEAD.gemfile:556854763": [
    [1, 1, 0, "Naming/FileName: The name of this source file (`vHEAD.gemfile`) should use snake_case.", 5381],
    [1, 1, 1, "Style/FrozenStringLiteralComment: Missing frozen string literal comment.", 177542]
  ],
  "gemfiles/modular/rspec.gemfile:2263543889": [
    [1, 1, 1, "Style/FrozenStringLiteralComment: Missing frozen string literal comment.", 177602]
  ],
  "gemfiles/modular/stringio/r2/v3.0.gemfile:821604304": [
    [1, 1, 1, "Style/FrozenStringLiteralComment: Missing frozen string literal comment.", 177542]
  ],
  "gemfiles/modular/stringio/r3/v3.0.gemfile:821604304": [
    [1, 1, 1, "Style/FrozenStringLiteralComment: Missing frozen string literal comment.", 177542]
  ],
  "gemfiles/modular/stringio/r4/v3.0.gemfile:821604304": [
    [1, 1, 1, "Style/FrozenStringLiteralComment: Missing frozen string literal comment.", 177542]
  ],
  "gemfiles/modular/stringio/vHEAD.gemfile:1045839691": [
    [1, 1, 0, "Naming/FileName: The name of this source file (`vHEAD.gemfile`) should use snake_case.", 5381],
    [1, 1, 1, "Style/FrozenStringLiteralComment: Missing frozen string literal comment.", 177542]
  ],
  "gemfiles/modular/templating.gemfile:637207389": [
    [15, 3, 47, "Bundler/DuplicatedGem: Gem `tree_sitter_language_pack` requirements already given on line 11 of the Gemfile.", 2310012541]
  ],
  "gemfiles/modular/webrick/r4/v1.9.gemfile:3092661193": [
    [1, 1, 1, "Style/FrozenStringLiteralComment: Missing frozen string literal comment.", 177602]
  ],
  "gemfiles/modular/webrick/vHEAD.gemfile:3867684682": [
    [1, 1, 0, "Naming/FileName: The name of this source file (`vHEAD.gemfile`) should use snake_case.", 5381],
    [1, 1, 1, "Style/FrozenStringLiteralComment: Missing frozen string literal comment.", 177602]
  ],
  "gemfiles/modular/x_std_libs.gemfile:2324400122": [
    [1, 1, 1, "Style/FrozenStringLiteralComment: Missing frozen string literal comment.", 177542]
  ],
  "gemfiles/modular/x_std_libs/r2/libs.gemfile:36276542": [
    [1, 1, 1, "Style/FrozenStringLiteralComment: Missing frozen string literal comment.", 177600]
  ],
  "gemfiles/modular/x_std_libs/r3/libs.gemfile:4030570297": [
    [1, 1, 1, "Style/FrozenStringLiteralComment: Missing frozen string literal comment.", 177600]
  ],
  "gemfiles/modular/x_std_libs/r4/libs.gemfile:732451732": [
    [1, 1, 1, "Style/FrozenStringLiteralComment: Missing frozen string literal comment.", 177600]
  ],
  "gemfiles/modular/x_std_libs/vHEAD.gemfile:2390363993": [
    [1, 1, 0, "Naming/FileName: The name of this source file (`vHEAD.gemfile`) should use snake_case.", 5381],
    [1, 1, 1, "Style/FrozenStringLiteralComment: Missing frozen string literal comment.", 177600]
  ],
  "lib/yaml-merge.rb:3997364401": [
    [1, 1, 0, "Naming/FileName: The name of this source file (`yaml-merge.rb`) should use snake_case.", 5381]
  ],
  "lib/yaml/merge.rb:1211489138": [
    [10, 3, 12, "Style/Documentation: Missing top-level documentation comment for `module Yaml::Merge`.", 2866359175],
    [10, 3, 15852, "Metrics/ModuleLength: Module has too many lines. [378/100]", 922364693],
    [84, 5, 767, "Metrics/AbcSize: Assignment Branch Condition size for `parse_yaml` is too high. [<4, 15, 7> 17.03/17]", 2313256161],
    [84, 5, 767, "Metrics/MethodLength: Method has too many lines. [11/10]", 2313256161],
    [122, 5, 1483, "Metrics/AbcSize: Assignment Branch Condition size for `merge_yaml_with_parser` is too high. [<6, 19, 8> 21.47/17]", 1965394059],
    [122, 5, 1483, "Metrics/CyclomaticComplexity: Cyclomatic complexity for `merge_yaml_with_parser` is too high. [8/7]", 1965394059],
    [122, 5, 1483, "Metrics/MethodLength: Method has too many lines. [36/10]", 1965394059],
    [211, 5, 925, "Metrics/AbcSize: Assignment Branch Condition size for `yaml_value_from_tree` is too high. [<2, 20, 10> 22.45/17]", 787182706],
    [211, 5, 925, "Metrics/CyclomaticComplexity: Cyclomatic complexity for `yaml_value_from_tree` is too high. [9/7]", 787182706],
    [211, 5, 925, "Metrics/MethodLength: Method has too many lines. [21/10]", 787182706],
    [268, 5, 685, "Metrics/AbcSize: Assignment Branch Condition size for `yaml_scalar_from_text` is too high. [<1, 21, 12> 24.21/17]", 3123350773],
    [268, 5, 685, "Metrics/CyclomaticComplexity: Cyclomatic complexity for `yaml_scalar_from_text` is too high. [12/7]", 3123350773],
    [268, 5, 685, "Metrics/MethodLength: Method has too many lines. [11/10]", 3123350773],
    [268, 5, 685, "Metrics/PerceivedComplexity: Perceived complexity for `yaml_scalar_from_text` is too high. [12/8]", 3123350773],
    [285, 5, 334, "Metrics/MethodLength: Method has too many lines. [12/10]", 732082977],
    [301, 5, 857, "Metrics/AbcSize: Assignment Branch Condition size for `validate_yaml_node` is too high. [<8, 20, 8> 22.98/17]", 1513454330],
    [301, 5, 857, "Metrics/CyclomaticComplexity: Cyclomatic complexity for `validate_yaml_node` is too high. [8/7]", 1513454330],
    [301, 5, 857, "Metrics/MethodLength: Method has too many lines. [17/10]", 1513454330],
    [301, 5, 857, "Metrics/PerceivedComplexity: Perceived complexity for `validate_yaml_node` is too high. [9/8]", 1513454330],
    [319, 121, 25, "Layout/LineLength: Line is too long. [145/120]", 223655047],
    [368, 5, 472, "Metrics/MethodLength: Method has too many lines. [12/10]", 3240975354],
    [389, 5, 773, "Metrics/MethodLength: Method has too many lines. [16/10]", 3727949237],
    [409, 5, 582, "Metrics/AbcSize: Assignment Branch Condition size for `merge_yaml_mappings` is too high. [<3, 17, 6> 18.28/17]", 3352000353],
    [409, 5, 582, "Metrics/MethodLength: Method has too many lines. [11/10]", 3352000353]
  ],
  "lib/yaml/merge/debug_logger.rb:1199302346": [
    [5, 5, 18, "Style/Documentation: Missing top-level documentation comment for `module Yaml::Merge::DebugLogger`.", 2665994874]
  ],
  "lib/yaml/merge/emitter.rb:3817962687": [
    [5, 5, 13, "Style/Documentation: Missing top-level documentation comment for `class Yaml::Merge::Emitter`.", 2789937437]
  ],
  "lib/yaml/merge/file_analysis.rb:1154111653": [
    [5, 5, 18, "Style/Documentation: Missing top-level documentation comment for `class Yaml::Merge::FileAnalysis`.", 1343395007],
    [79, 7, 463, "Metrics/CyclomaticComplexity: Cyclomatic complexity for `collect_parse_errors` is too high. [9/7]", 2902547790],
    [79, 7, 463, "Metrics/PerceivedComplexity: Perceived complexity for `collect_parse_errors` is too high. [9/8]", 2902547790]
  ],
  "lib/yaml/merge/merge_result.rb:3354357999": [
    [5, 5, 17, "Style/Documentation: Missing top-level documentation comment for `class Yaml::Merge::MergeResult`.", 1573951962],
    [51, 7, 411, "Metrics/MethodLength: Method has too many lines. [11/10]", 722307290]
  ],
  "lib/yaml/merge/node_wrapper.rb:3183359084": [
    [5, 5, 17, "Style/Documentation: Missing top-level documentation comment for `class Yaml::Merge::NodeWrapper`.", 2253907480],
    [5, 5, 3624, "Metrics/ClassLength: Class has too many lines. [113/100]", 315603318],
    [131, 7, 628, "Metrics/AbcSize: Assignment Branch Condition size for `scalar_text` is too high. [<4, 16, 7> 17.92/17]", 4064538637],
    [131, 7, 628, "Metrics/MethodLength: Method has too many lines. [15/10]", 4064538637]
  ],
  "lib/yaml/merge/smart_merger.rb:3891369900": [
    [5, 5, 17, "Style/Documentation: Missing top-level documentation comment for `class Yaml::Merge::SmartMerger`.", 497427992],
    [53, 7, 14, "Style/Documentation: Missing top-level documentation comment for `class Yaml::Merge::SmartMerger::Resolver`.", 246603789],
    [53, 7, 11754, "Metrics/ClassLength: Class has too many lines. [222/100]", 3403485685],
    [79, 9, 1732, "Metrics/AbcSize: Assignment Branch Condition size for `merge_node_lists` is too high. [<7, 16, 6> 18.47/17]", 450262146],
    [79, 9, 1732, "Metrics/MethodLength: Method has too many lines. [34/10]", 450262146],
    [79, 29, 145, "Metrics/ParameterLists: Avoid parameter lists longer than 5 parameters. [6/5]", 2477726420],
    [126, 9, 2387, "Metrics/AbcSize: Assignment Branch Condition size for `merge_matched_nodes` is too high. [<8, 18, 7> 20.9/17]", 2618134068],
    [126, 9, 2387, "Metrics/MethodLength: Method has too many lines. [40/10]", 2618134068],
    [126, 32, 186, "Metrics/ParameterLists: Avoid parameter lists longer than 5 parameters. [8/5]", 3152212802],
    [140, 121, 4, "Layout/LineLength: Line is too long. [124/120]", 2087424909],
    [142, 121, 18, "Layout/LineLength: Line is too long. [138/120]", 2937407567],
    [143, 121, 10, "Layout/LineLength: Line is too long. [130/120]", 3781823699],
    [170, 9, 2278, "Metrics/AbcSize: Assignment Branch Condition size for `merge_mapping_pair` is too high. [<14, 22, 7> 27/17]", 1090440619],
    [170, 9, 2278, "Metrics/CyclomaticComplexity: Cyclomatic complexity for `merge_mapping_pair` is too high. [8/7]", 1090440619],
    [170, 9, 2278, "Metrics/MethodLength: Method has too many lines. [42/10]", 1090440619],
    [170, 31, 185, "Metrics/ParameterLists: Avoid parameter lists longer than 5 parameters. [8/5]", 445012610],
    [219, 42, 238, "Metrics/ParameterLists: Avoid parameter lists longer than 5 parameters. [8/5]", 3756071712],
    [220, 43, 15, "Lint/UnusedMethodArgument: Unused method argument - `template_owners`.", 4125284088],
    [220, 83, 22, "Lint/UnusedMethodArgument: Unused method argument - `template_boundary_line`.", 1490012195],
    [297, 9, 520, "Metrics/AbcSize: Assignment Branch Condition size for `emit_container_tail` is too high. [<4, 16, 6> 17.55/17]", 3480636332]
  ],
  "spec/fixtures_integration_spec.rb:2725675905": [
    [3, 1, 10020, "Metrics/BlockLength: Block has too many lines. [235/25]", 4279594244],
    [34, 3, 2008, "Metrics/BlockLength: Block has too many lines. [29/25]", 645579110],
    [105, 3, 812, "Metrics/BlockLength: Block has too many lines. [27/25]", 1239461839],
    [154, 121, 1, "Layout/LineLength: Line is too long. [121/120]", 177610]
  ],
  "spec/retained_blank_gap_spec.rb:3080228732": [
    [5, 1, 914, "Metrics/BlockLength: Block has too many lines. [33/25]", 2851550009]
  ],
  "yaml-merge.gemspec:4176605017": [
    [138, 121, 34, "Layout/LineLength: Line is too long. [154/120]", 4147388508],
    [149, 121, 50, "Layout/LineLength: Line is too long. [170/120]", 3888612416],
    [150, 121, 29, "Layout/LineLength: Line is too long. [149/120]", 981994949]
  ]
}
