{
  ".simplecov:2169141317": [
    [1, 1, 1, "Style/FrozenStringLiteralComment: Missing frozen string literal comment.", 177542]
  ],
  "Rakefile:3394296839": [
    [18, 121, 17, "Layout/LineLength: Line is too long. [137/120]", 174264873],
    [81, 3, 1023, "Metrics/BlockLength: Block has too many lines. [32/25]", 54868638],
    [165, 121, 22, "Layout/LineLength: Line is too long. [142/120]", 1367093088],
    [168, 121, 18, "Layout/LineLength: Line is too long. [138/120]", 3881946477]
  ],
  "gemfiles/modular/benchmark/r4/v0.5.gemfile:3644720371": [
    [1, 1, 1, "Style/FrozenStringLiteralComment: Missing frozen string literal comment.", 177542]
  ],
  "gemfiles/modular/benchmark/vHEAD.gemfile:2838879269": [
    [1, 1, 0, "Naming/FileName: The name of this source file (`vHEAD.gemfile`) should use snake_case.", 5381],
    [1, 1, 1, "Style/FrozenStringLiteralComment: Missing frozen string literal comment.", 177542]
  ],
  "gemfiles/modular/cgi/r4/v0.5.gemfile:367169322": [
    [1, 1, 1, "Style/FrozenStringLiteralComment: Missing frozen string literal comment.", 177602]
  ],
  "gemfiles/modular/cgi/vHEAD.gemfile:2729540777": [
    [1, 1, 0, "Naming/FileName: The name of this source file (`vHEAD.gemfile`) should use snake_case.", 5381],
    [1, 1, 1, "Style/FrozenStringLiteralComment: Missing frozen string literal comment.", 177602]
  ],
  "gemfiles/modular/erb/r2/v3.0.gemfile:1688285565": [
    [1, 1, 1, "Style/FrozenStringLiteralComment: Missing frozen string literal comment.", 177602]
  ],
  "gemfiles/modular/erb/r3/v5.0.gemfile:343545730": [
    [1, 1, 1, "Style/FrozenStringLiteralComment: Missing frozen string literal comment.", 177602]
  ],
  "gemfiles/modular/erb/r4/v5.0.gemfile:343545730": [
    [1, 1, 1, "Style/FrozenStringLiteralComment: Missing frozen string literal comment.", 177602]
  ],
  "gemfiles/modular/erb/vHEAD.gemfile:981929959": [
    [1, 1, 0, "Naming/FileName: The name of this source file (`vHEAD.gemfile`) should use snake_case.", 5381],
    [1, 1, 1, "Style/FrozenStringLiteralComment: Missing frozen string literal comment.", 177542]
  ],
  "gemfiles/modular/mutex_m/r2/v0.3.gemfile:4055275004": [
    [1, 1, 1, "Style/FrozenStringLiteralComment: Missing frozen string literal comment.", 177542]
  ],
  "gemfiles/modular/mutex_m/r3/v0.3.gemfile:4055275004": [
    [1, 1, 1, "Style/FrozenStringLiteralComment: Missing frozen string literal comment.", 177542]
  ],
  "gemfiles/modular/mutex_m/r4/v0.3.gemfile:4055275004": [
    [1, 1, 1, "Style/FrozenStringLiteralComment: Missing frozen string literal comment.", 177542]
  ],
  "gemfiles/modular/mutex_m/vHEAD.gemfile:556854763": [
    [1, 1, 0, "Naming/FileName: The name of this source file (`vHEAD.gemfile`) should use snake_case.", 5381],
    [1, 1, 1, "Style/FrozenStringLiteralComment: Missing frozen string literal comment.", 177542]
  ],
  "gemfiles/modular/rspec.gemfile:2263543889": [
    [1, 1, 1, "Style/FrozenStringLiteralComment: Missing frozen string literal comment.", 177602]
  ],
  "gemfiles/modular/stringio/r2/v3.0.gemfile:821604304": [
    [1, 1, 1, "Style/FrozenStringLiteralComment: Missing frozen string literal comment.", 177542]
  ],
  "gemfiles/modular/stringio/r3/v3.0.gemfile:821604304": [
    [1, 1, 1, "Style/FrozenStringLiteralComment: Missing frozen string literal comment.", 177542]
  ],
  "gemfiles/modular/stringio/r4/v3.0.gemfile:821604304": [
    [1, 1, 1, "Style/FrozenStringLiteralComment: Missing frozen string literal comment.", 177542]
  ],
  "gemfiles/modular/stringio/vHEAD.gemfile:1045839691": [
    [1, 1, 0, "Naming/FileName: The name of this source file (`vHEAD.gemfile`) should use snake_case.", 5381],
    [1, 1, 1, "Style/FrozenStringLiteralComment: Missing frozen string literal comment.", 177542]
  ],
  "gemfiles/modular/templating.gemfile:550492539": [
    [8, 1, 53, "Lint/EmptyConditionalBody: Avoid `if` branches without a body.", 677248371]
  ],
  "gemfiles/modular/webrick/r4/v1.9.gemfile:3092661193": [
    [1, 1, 1, "Style/FrozenStringLiteralComment: Missing frozen string literal comment.", 177602]
  ],
  "gemfiles/modular/webrick/vHEAD.gemfile:3867684682": [
    [1, 1, 0, "Naming/FileName: The name of this source file (`vHEAD.gemfile`) should use snake_case.", 5381],
    [1, 1, 1, "Style/FrozenStringLiteralComment: Missing frozen string literal comment.", 177602]
  ],
  "gemfiles/modular/x_std_libs.gemfile:2324400122": [
    [1, 1, 1, "Style/FrozenStringLiteralComment: Missing frozen string literal comment.", 177542]
  ],
  "gemfiles/modular/x_std_libs/r2/libs.gemfile:36276542": [
    [1, 1, 1, "Style/FrozenStringLiteralComment: Missing frozen string literal comment.", 177600]
  ],
  "gemfiles/modular/x_std_libs/r3/libs.gemfile:4030570297": [
    [1, 1, 1, "Style/FrozenStringLiteralComment: Missing frozen string literal comment.", 177600]
  ],
  "gemfiles/modular/x_std_libs/r4/libs.gemfile:732451732": [
    [1, 1, 1, "Style/FrozenStringLiteralComment: Missing frozen string literal comment.", 177600]
  ],
  "gemfiles/modular/x_std_libs/vHEAD.gemfile:2390363993": [
    [1, 1, 0, "Naming/FileName: The name of this source file (`vHEAD.gemfile`) should use snake_case.", 5381],
    [1, 1, 1, "Style/FrozenStringLiteralComment: Missing frozen string literal comment.", 177600]
  ],
  "lib/tree_haver.rb:3080472912": [
    [48, 1, 16, "Style/Documentation: Missing top-level documentation comment for `module TreeHaver`.", 3627168465],
    [48, 1, 17806, "Metrics/ModuleLength: Module has too many lines. [462/100]", 765750911],
    [66, 3, 566, "Metrics/MethodLength: Method has too many lines. [12/10]", 1536513137],
    [123, 3, 272, "Metrics/MethodLength: Method has too many lines. [11/10]", 505877912],
    [155, 3, 543, "Metrics/MethodLength: Method has too many lines. [14/10]", 3733215372],
    [220, 3, 458, "Metrics/CyclomaticComplexity: Cyclomatic complexity for `backend_module` is too high. [9/7]", 73937708],
    [220, 3, 458, "Metrics/MethodLength: Method has too many lines. [12/10]", 73937708],
    [220, 3, 458, "Metrics/PerceivedComplexity: Perceived complexity for `backend_module` is too high. [9/8]", 73937708],
    [256, 3, 1147, "Metrics/AbcSize: Assignment Branch Condition size for `register_language` is too high. [<0, 20, 10> 22.36/17]", 738075279],
    [256, 3, 1147, "Metrics/CyclomaticComplexity: Cyclomatic complexity for `register_language` is too high. [11/7]", 738075279],
    [256, 3, 1147, "Metrics/MethodLength: Method has too many lines. [16/10]", 738075279],
    [256, 3, 1147, "Metrics/PerceivedComplexity: Perceived complexity for `register_language` is too high. [11/8]", 738075279],
    [256, 24, 165, "Metrics/ParameterLists: Avoid parameter lists longer than 5 parameters. [9/5]", 2985413937],
    [291, 3, 1969, "Metrics/AbcSize: Assignment Branch Condition size for `parser_for` is too high. [<14, 35, 18> 41.77/17]", 3351435495],
    [291, 3, 1969, "Metrics/CyclomaticComplexity: Cyclomatic complexity for `parser_for` is too high. [19/7]", 3351435495],
    [291, 3, 1969, "Metrics/MethodLength: Method has too many lines. [39/10]", 3351435495],
    [291, 3, 1969, "Metrics/PerceivedComplexity: Perceived complexity for `parser_for` is too high. [19/8]", 3351435495],
    [291, 17, 155, "Metrics/ParameterLists: Avoid parameter lists longer than 5 parameters. [8/5]", 1417642817],
    [346, 3, 2089, "Metrics/MethodLength: Method has too many lines. [51/10]", 2791676388],
    [400, 3, 704, "Metrics/AbcSize: Assignment Branch Condition size for `requested_backend_type` is too high. [<4, 17, 9> 19.65/17]", 3087691662],
    [400, 3, 704, "Metrics/CyclomaticComplexity: Cyclomatic complexity for `requested_backend_type` is too high. [8/7]", 3087691662],
    [400, 3, 704, "Metrics/MethodLength: Method has too many lines. [14/10]", 3087691662],
    [400, 3, 704, "Metrics/PerceivedComplexity: Perceived complexity for `requested_backend_type` is too high. [9/8]", 3087691662],
    [452, 3, 696, "Metrics/MethodLength: Method has too many lines. [14/10]", 307274721],
    [483, 3, 422, "Metrics/CyclomaticComplexity: Cyclomatic complexity for `registered_backend_type_available?` is too high. [8/7]", 1544952013],
    [553, 3, 489, "Metrics/CyclomaticComplexity: Cyclomatic complexity for `backend_module_for` is too high. [10/7]", 3448932255],
    [553, 3, 489, "Metrics/MethodLength: Method has too many lines. [22/10]", 3448932255]
  ],
  "lib/tree_haver/backend_api.rb:3354059061": [
    [30, 3, 12181, "Metrics/ModuleLength: Module has too many lines. [243/100]", 205645546],
    [139, 5, 8882, "Metrics/ClassLength: Class has too many lines. [180/100]", 4281605197],
    [145, 7, 1502, "Metrics/AbcSize: Assignment Branch Condition size for `validate` is too high. [<4, 22, 10> 24.49/17]", 747017743],
    [145, 7, 1502, "Metrics/MethodLength: Method has too many lines. [31/10]", 747017743],
    [145, 7, 1502, "Metrics/PerceivedComplexity: Perceived complexity for `validate` is too high. [11/8]", 747017743],
    [213, 7, 903, "Metrics/MethodLength: Method has too many lines. [24/10]", 3041411230],
    [261, 7, 1271, "Metrics/AbcSize: Assignment Branch Condition size for `validate_capabilities_hash` is too high. [<7, 27, 7> 28.76/17]", 3965262932],
    [261, 7, 1271, "Metrics/CyclomaticComplexity: Cyclomatic complexity for `validate_capabilities_hash` is too high. [8/7]", 3965262932],
    [261, 7, 1271, "Metrics/MethodLength: Method has too many lines. [25/10]", 3965262932],
    [277, 121, 14, "Layout/LineLength: Line is too long. [134/120]", 2253399502],
    [296, 7, 908, "Metrics/AbcSize: Assignment Branch Condition size for `validate_language` is too high. [<6, 17, 4> 18.47/17]", 733551867],
    [315, 7, 797, "Metrics/AbcSize: Assignment Branch Condition size for `validate_parser` is too high. [<5, 16, 7> 18.17/17]", 1229041751],
    [315, 7, 797, "Metrics/CyclomaticComplexity: Cyclomatic complexity for `validate_parser` is too high. [8/7]", 1229041751],
    [315, 7, 797, "Metrics/MethodLength: Method has too many lines. [15/10]", 1229041751],
    [349, 7, 862, "Metrics/AbcSize: Assignment Branch Condition size for `validate_node_class` is too high. [<8, 18, 8> 21.26/17]", 1873188195],
    [349, 7, 862, "Metrics/CyclomaticComplexity: Cyclomatic complexity for `validate_node_class` is too high. [8/7]", 1873188195],
    [349, 7, 862, "Metrics/MethodLength: Method has too many lines. [20/10]", 1873188195],
    [349, 7, 862, "Metrics/PerceivedComplexity: Perceived complexity for `validate_node_class` is too high. [9/8]", 1873188195],
    [375, 11, 20, "Naming/PredicatePrefix: Rename `has_method_or_alias?` to `method_or_alias?`.", 285116235]
  ],
  "lib/tree_haver/backend_context.rb:159197618": [
    [3, 1, 16, "Style/Documentation: Missing top-level documentation comment for `module TreeHaver`.", 3627168465]
  ],
  "lib/tree_haver/backend_registry.rb:3617332926": [
    [4, 3, 22, "Style/Documentation: Missing top-level documentation comment for `module TreeHaver::BackendRegistry`.", 733935278],
    [4, 3, 5134, "Metrics/ModuleLength: Module has too many lines. [152/100]", 1483988260],
    [39, 5, 395, "Metrics/MethodLength: Method has too many lines. [11/10]", 2000730238],
    [55, 5, 889, "Metrics/AbcSize: Assignment Branch Condition size for `register_tag` is too high. [<5, 20, 5> 21.21/17]", 2276764069],
    [55, 5, 889, "Metrics/MethodLength: Method has too many lines. [18/10]", 2276764069],
    [105, 5, 397, "Metrics/MethodLength: Method has too many lines. [11/10]", 4007185633]
  ],
  "lib/tree_haver/backends/citrus.rb:1338520481": [
    [40, 9, 449, "Metrics/MethodLength: Method has too many lines. [11/10]", 1138819533],
    [173, 11, 1133, "Metrics/CyclomaticComplexity: Cyclomatic complexity for `from_library` is too high. [11/7]", 2613019266],
    [173, 11, 1133, "Metrics/MethodLength: Method has too many lines. [16/10]", 2613019266],
    [173, 11, 1133, "Metrics/PerceivedComplexity: Perceived complexity for `from_library` is too high. [11/8]", 2613019266],
    [230, 9, 597, "Metrics/MethodLength: Method has too many lines. [12/10]", 3923424594],
    [403, 9, 810, "Metrics/AbcSize: Assignment Branch Condition size for `structural?` is too high. [<3, 19, 8> 20.83/17]", 3166173256],
    [403, 9, 810, "Metrics/CyclomaticComplexity: Cyclomatic complexity for `structural?` is too high. [9/7]", 3166173256],
    [403, 9, 810, "Metrics/MethodLength: Method has too many lines. [12/10]", 3166173256],
    [403, 9, 810, "Metrics/PerceivedComplexity: Perceived complexity for `structural?` is too high. [9/8]", 3166173256],
    [436, 9, 1255, "Metrics/CyclomaticComplexity: Cyclomatic complexity for `extract_type_from_event` is too high. [9/7]", 2022108773],
    [436, 9, 1255, "Metrics/MethodLength: Method has too many lines. [17/10]", 2022108773]
  ],
  "lib/tree_haver/backends/ffi.rb:3535574921": [
    [83, 9, 853, "Metrics/MethodLength: Method has too many lines. [15/10]", 1876257977],
    [147, 7, 7352, "Metrics/ModuleLength: Module has too many lines. [111/100]", 4125377349],
    [148, 9, 7320, "Metrics/ClassLength: Class has too many lines. [109/100]", 1130902814],
    [183, 11, 559, "Metrics/MethodLength: Method has too many lines. [11/10]", 678018999],
    [232, 11, 4265, "Metrics/AbcSize: Assignment Branch Condition size for `try_load!` is too high. [<11, 40, 10> 42.67/17]", 2312962113],
    [232, 11, 4265, "Metrics/CyclomaticComplexity: Cyclomatic complexity for `try_load!` is too high. [10/7]", 2312962113],
    [232, 11, 4265, "Metrics/MethodLength: Method has too many lines. [58/10]", 2312962113],
    [232, 11, 4265, "Metrics/PerceivedComplexity: Perceived complexity for `try_load!` is too high. [11/8]", 2312962113],
    [260, 121, 4, "Layout/LineLength: Line is too long. [124/120]", 2086221887],
    [262, 121, 6, "Layout/LineLength: Line is too long. [126/120]", 2163360042],
    [367, 9, 312, "Metrics/CyclomaticComplexity: Cyclomatic complexity for `<=>` is too high. [8/7]", 2433292528],
    [437, 11, 4377, "Metrics/AbcSize: Assignment Branch Condition size for `from_library` is too high. [<16, 30, 18> 38.47/17]", 3403850855],
    [437, 11, 4377, "Metrics/CyclomaticComplexity: Cyclomatic complexity for `from_library` is too high. [17/7]", 3403850855],
    [437, 11, 4377, "Metrics/MethodLength: Method has too many lines. [43/10]", 3403850855],
    [437, 11, 4377, "Metrics/PerceivedComplexity: Perceived complexity for `from_library` is too high. [19/8]", 3403850855],
    [437, 47, 4, "Lint/UnusedMethodArgument: Unused method argument - `name`.", 2087876002],
    [502, 121, 11, "Layout/LineLength: Line is too long. [131/120]", 2415433817],
    [554, 9, 3159, "Metrics/AbcSize: Assignment Branch Condition size for `language=` is too high. [<4, 44, 11> 45.53/17]", 1815427493],
    [554, 9, 3159, "Metrics/CyclomaticComplexity: Cyclomatic complexity for `language=` is too high. [10/7]", 1815427493],
    [554, 9, 3159, "Metrics/MethodLength: Method has too many lines. [40/10]", 1815427493],
    [554, 9, 3159, "Metrics/PerceivedComplexity: Perceived complexity for `language=` is too high. [10/8]", 1815427493],
    [715, 7, 10506, "Metrics/ClassLength: Class has too many lines. [129/100]", 3710916551],
    [807, 13, 10, "Naming/PredicatePrefix: Rename `has_error?` to `error?`.", 946854183],
    [933, 9, 694, "Metrics/AbcSize: Assignment Branch Condition size for `descendant_for_point_range` is too high. [<7, 21, 5> 22.69/17]", 979329510],
    [953, 9, 706, "Metrics/AbcSize: Assignment Branch Condition size for `named_descendant_for_point_range` is too high. [<7, 21, 5> 22.69/17]", 2494446138]
  ],
  "lib/tree_haver/backends/java.rb:3360169733": [
    [134, 7, 815, "Metrics/AbcSize: Assignment Branch Condition size for `configure_native_library_path!` is too high. [<4, 17, 6> 18.47/17]", 1362415302],
    [227, 121, 7, "Layout/LineLength: Line is too long. [127/120]", 3409700051],
    [260, 7, 9885, "Metrics/ClassLength: Class has too many lines. [114/100]", 136252046],
    [292, 9, 312, "Metrics/CyclomaticComplexity: Cyclomatic complexity for `<=>` is too high. [8/7]", 2433292528],
    [340, 11, 4098, "Metrics/AbcSize: Assignment Branch Condition size for `from_library` is too high. [<19, 32, 14> 39.76/17]", 3050250526],
    [340, 11, 4098, "Metrics/CyclomaticComplexity: Cyclomatic complexity for `from_library` is too high. [14/7]", 3050250526],
    [340, 11, 4098, "Metrics/MethodLength: Method has too many lines. [48/10]", 3050250526],
    [340, 11, 4098, "Metrics/PerceivedComplexity: Perceived complexity for `from_library` is too high. [16/8]", 3050250526],
    [426, 11, 2084, "Metrics/AbcSize: Assignment Branch Condition size for `load_by_name` is too high. [<11, 17, 6> 21.12/17]", 226213748],
    [426, 11, 2084, "Metrics/MethodLength: Method has too many lines. [35/10]", 226213748],
    [542, 9, 1016, "Metrics/MethodLength: Method has too many lines. [17/10]", 4123264427],
    [649, 9, 702, "Metrics/MethodLength: Method has too many lines. [14/10]", 1334016319],
    [649, 17, 89, "Metrics/ParameterLists: Avoid parameter lists longer than 5 parameters. [6/5]", 3152137646],
    [728, 9, 583, "Metrics/MethodLength: Method has too many lines. [11/10]", 2457478600],
    [816, 13, 10, "Naming/PredicatePrefix: Rename `has_error?` to `error?`.", 946854183]
  ],
  "lib/tree_haver/backends/mri.rb:863330290": [
    [59, 9, 916, "Metrics/MethodLength: Method has too many lines. [15/10]", 749971754],
    [179, 9, 312, "Metrics/CyclomaticComplexity: Cyclomatic complexity for `<=>` is too high. [8/7]", 2433292528],
    [232, 11, 1562, "Metrics/MethodLength: Method has too many lines. [11/10]", 3858647816]
  ],
  "lib/tree_haver/backends/parslet.rb:2216589940": [
    [41, 9, 323, "Metrics/MethodLength: Method has too many lines. [11/10]", 694290592],
    [108, 121, 3, "Layout/LineLength: Line is too long. [123/120]", 193340030],
    [172, 11, 1133, "Metrics/CyclomaticComplexity: Cyclomatic complexity for `from_library` is too high. [11/7]", 2613019266],
    [172, 11, 1133, "Metrics/MethodLength: Method has too many lines. [16/10]", 2613019266],
    [172, 11, 1133, "Metrics/PerceivedComplexity: Perceived complexity for `from_library` is too high. [11/8]", 2613019266],
    [246, 9, 591, "Metrics/MethodLength: Method has too many lines. [12/10]", 3007454066],
    [335, 7, 6292, "Metrics/ClassLength: Class has too many lines. [155/100]", 3100555518],
    [362, 9, 452, "Metrics/CyclomaticComplexity: Cyclomatic complexity for `start_byte` is too high. [8/7]", 2663206926],
    [362, 9, 452, "Metrics/MethodLength: Method has too many lines. [12/10]", 2663206926],
    [380, 9, 557, "Metrics/MethodLength: Method has too many lines. [12/10]", 2982914846],
    [443, 9, 404, "Metrics/MethodLength: Method has too many lines. [11/10]", 1111982079],
    [501, 9, 313, "Metrics/MethodLength: Method has too many lines. [13/10]", 1927903077],
    [519, 9, 447, "Metrics/CyclomaticComplexity: Cyclomatic complexity for `find_first_slice` is too high. [8/7]", 334195423],
    [519, 9, 447, "Metrics/MethodLength: Method has too many lines. [16/10]", 334195423],
    [539, 9, 461, "Metrics/CyclomaticComplexity: Cyclomatic complexity for `find_last_slice` is too high. [8/7]", 3960808114],
    [539, 9, 461, "Metrics/MethodLength: Method has too many lines. [16/10]", 3960808114]
  ],
  "lib/tree_haver/backends/prism.rb:2692274576": [
    [39, 9, 448, "Metrics/MethodLength: Method has too many lines. [11/10]", 2383415890],
    [70, 121, 13, "Layout/LineLength: Line is too long. [133/120]", 721867551],
    [71, 9, 712, "Metrics/MethodLength: Method has too many lines. [12/10]", 1576927704],
    [145, 41, 6, "Lint/UnusedMethodArgument: Unused method argument - `symbol`.", 2153517219],
    [182, 9, 554, "Metrics/MethodLength: Method has too many lines. [16/10]", 3452414947],
    [250, 13, 11, "Naming/PredicatePrefix: Rename `has_errors?` to `errors?`.", 1181419252],
    [275, 69, 27, "Lint/HashCompareByIdentity: Use `Hash#compare_by_identity` instead of using `object_id` for keys.", 1979346241],
    [301, 13, 64, "Lint/HashCompareByIdentity: Use `Hash#compare_by_identity` instead of using `object_id` for keys.", 1942915391],
    [305, 9, 519, "Metrics/AbcSize: Assignment Branch Condition size for `classify_comment_hint` is too high. [<5, 20, 5> 21.21/17]", 869270335],
    [485, 13, 10, "Naming/PredicatePrefix: Rename `has_error?` to `error?`.", 946854183]
  ],
  "lib/tree_haver/backends/psych.rb:1528613408": [
    [30, 9, 448, "Metrics/MethodLength: Method has too many lines. [11/10]", 2367418678],
    [59, 9, 601, "Metrics/MethodLength: Method has too many lines. [11/10]", 2824278890],
    [342, 9, 901, "Metrics/AbcSize: Assignment Branch Condition size for `extract_text_from_location` is too high. [<8, 23, 18> 30.28/17]", 1252700264],
    [342, 9, 901, "Metrics/CyclomaticComplexity: Cyclomatic complexity for `extract_text_from_location` is too high. [14/7]", 1252700264],
    [342, 9, 901, "Metrics/MethodLength: Method has too many lines. [22/10]", 1252700264],
    [342, 9, 901, "Metrics/PerceivedComplexity: Perceived complexity for `extract_text_from_location` is too high. [16/8]", 1252700264]
  ],
  "lib/tree_haver/backends/rust.rb:3784474048": [
    [52, 9, 548, "Metrics/MethodLength: Method has too many lines. [15/10]", 3791803966],
    [156, 121, 1, "Layout/LineLength: Line is too long. [121/120]", 177548]
  ],
  "lib/tree_haver/backends/tslp.rb:242411540": [
    [10, 5, 8101, "Metrics/ModuleLength: Module has too many lines. [117/100]", 3469901771],
    [34, 9, 663, "Metrics/MethodLength: Method has too many lines. [16/10]", 2812178140],
    [113, 9, 651, "Metrics/MethodLength: Method has too many lines. [12/10]", 3907686821],
    [146, 7, 14, "Style/Documentation: Missing top-level documentation comment for `class TreeHaver::Backends::Tslp::Language`.", 3674592793],
    [158, 7, 12, "Style/Documentation: Missing top-level documentation comment for `class TreeHaver::Backends::Tslp::Parser`.", 2485220908],
    [159, 9, 607, "Metrics/AbcSize: Assignment Branch Condition size for `parse` is too high. [<2, 19, 4> 19.52/17]", 103430155],
    [181, 7, 10, "Style/Documentation: Missing top-level documentation comment for `class TreeHaver::Backends::Tslp::Tree`.", 3516465773],
    [194, 7, 10, "Style/Documentation: Missing top-level documentation comment for `class TreeHaver::Backends::Tslp::Node`.", 3515419275],
    [256, 13, 10, "Naming/PredicatePrefix: Rename `has_error?` to `error?`.", 946854183]
  ],
  "lib/tree_haver/base/comment.rb:699160654": [
    [10, 5, 8183, "Metrics/ClassLength: Class has too many lines. [152/100]", 4001235397]
  ],
  "lib/tree_haver/base/node.rb:1678639669": [
    [36, 5, 7902, "Metrics/ClassLength: Class has too many lines. [159/100]", 171773185],
    [170, 11, 10, "Naming/PredicatePrefix: Rename `has_error?` to `error?`.", 946854183],
    [247, 7, 888, "Metrics/AbcSize: Assignment Branch Condition size for `source_position` is too high. [<6, 20, 12> 24.08/17]", 3968023659],
    [247, 7, 888, "Metrics/CyclomaticComplexity: Cyclomatic complexity for `source_position` is too high. [9/7]", 3968023659],
    [247, 7, 888, "Metrics/MethodLength: Method has too many lines. [28/10]", 3968023659],
    [247, 7, 888, "Metrics/PerceivedComplexity: Perceived complexity for `source_position` is too high. [13/8]", 3968023659],
    [314, 7, 355, "Metrics/MethodLength: Method has too many lines. [11/10]", 1012295608]
  ],
  "lib/tree_haver/base/tree.rb:3081630142": [
    [89, 15, 145, "Metrics/ParameterLists: Avoid parameter lists longer than 5 parameters. [6/5]", 1155535733],
    [103, 11, 10, "Naming/PredicatePrefix: Rename `has_error?` to `error?`.", 946854183]
  ],
  "lib/tree_haver/citrus_grammar_finder.rb:2540014236": [
    [31, 3, 7013, "Metrics/ClassLength: Class has too many lines. [102/100]", 245808593],
    [66, 5, 3770, "Metrics/AbcSize: Assignment Branch Condition size for `available?` is too high. [<16, 52, 21> 58.32/17]", 3886463212],
    [66, 5, 3770, "Metrics/CyclomaticComplexity: Cyclomatic complexity for `available?` is too high. [22/7]", 3886463212],
    [66, 5, 3770, "Metrics/MethodLength: Method has too many lines. [50/10]", 3886463212],
    [66, 5, 3770, "Metrics/PerceivedComplexity: Perceived complexity for `available?` is too high. [22/8]", 3886463212],
    [94, 121, 2, "Layout/LineLength: Line is too long. [122/120]", 5858894]
  ],
  "lib/tree_haver/contracts.rb:1571706604": [
    [3, 1, 16, "Style/Documentation: Missing top-level documentation comment for `module TreeHaver`.", 3627168465],
    [3, 1, 28139, "Metrics/ModuleLength: Module has too many lines. [924/100]", 3701899480],
    [91, 5, 732, "Metrics/AbcSize: Assignment Branch Condition size for `to_h` is too high. [<0, 18, 2> 18.11/17]", 3031678572],
    [91, 5, 732, "Metrics/MethodLength: Method has too many lines. [17/10]", 3031678572],
    [170, 5, 697, "Metrics/MethodLength: Method has too many lines. [18/10]", 389212725],
    [231, 5, 507, "Metrics/MethodLength: Method has too many lines. [13/10]", 2631332781],
    [329, 5, 580, "Metrics/MethodLength: Method has too many lines. [13/10]", 2166080747],
    [558, 5, 558, "Metrics/AbcSize: Assignment Branch Condition size for `to_h` is too high. [<0, 17, 4> 17.46/17]", 2109105399],
    [558, 5, 558, "Metrics/MethodLength: Method has too many lines. [18/10]", 2109105399],
    [610, 3, 780, "Metrics/AbcSize: Assignment Branch Condition size for `library_path_errors` is too high. [<3, 20, 10> 22.56/17]", 1003454820],
    [610, 3, 780, "Metrics/CyclomaticComplexity: Cyclomatic complexity for `library_path_errors` is too high. [10/7]", 1003454820],
    [610, 3, 780, "Metrics/MethodLength: Method has too many lines. [14/10]", 1003454820],
    [610, 3, 780, "Metrics/PerceivedComplexity: Perceived complexity for `library_path_errors` is too high. [10/8]", 1003454820],
    [652, 3, 686, "Metrics/MethodLength: Method has too many lines. [16/10]", 2530945134],
    [674, 3, 483, "Metrics/MethodLength: Method has too many lines. [15/10]", 3654427448],
    [693, 3, 511, "Metrics/MethodLength: Method has too many lines. [16/10]", 145071639],
    [770, 5, 384, "Metrics/AbcSize: Assignment Branch Condition size for `to_h` is too high. [<0, 19, 6> 19.92/17]", 1287649270],
    [841, 5, 449, "Metrics/CyclomaticComplexity: Cyclomatic complexity for `to_h` is too high. [10/7]", 1722332092],
    [841, 5, 449, "Metrics/PerceivedComplexity: Perceived complexity for `to_h` is too high. [10/8]", 1722332092],
    [873, 121, 1, "Layout/LineLength: Line is too long. [121/120]", 177610],
    [874, 5, 420, "Metrics/MethodLength: Method has too many lines. [12/10]", 722580369],
    [914, 42, 8, "Lint/StructNewOverride: `:entries` member overrides `Struct#entries` and it may be unexpected.", 999966509],
    [937, 3, 473, "Metrics/MethodLength: Method has too many lines. [18/10]", 1284459726],
    [958, 3, 655, "Metrics/AbcSize: Assignment Branch Condition size for `byte_offset_for_point` is too high. [<7, 25, 14> 29.5/17]", 1278853347],
    [958, 3, 655, "Metrics/CyclomaticComplexity: Cyclomatic complexity for `byte_offset_for_point` is too high. [9/7]", 1278853347],
    [958, 3, 655, "Metrics/MethodLength: Method has too many lines. [17/10]", 1278853347],
    [958, 3, 655, "Metrics/PerceivedComplexity: Perceived complexity for `byte_offset_for_point` is too high. [10/8]", 1278853347]
  ],
  "lib/tree_haver/grammar_finder.rb:262426767": [
    [55, 3, 13737, "Metrics/ClassLength: Class has too many lines. [201/100]", 842233610],
    [155, 5, 1710, "Metrics/CyclomaticComplexity: Cyclomatic complexity for `find_library_path` is too high. [8/7]", 4164717952],
    [155, 5, 1710, "Metrics/MethodLength: Method has too many lines. [25/10]", 4164717952],
    [269, 7, 845, "Metrics/MethodLength: Method has too many lines. [12/10]", 916567473],
    [315, 5, 577, "Metrics/MethodLength: Method has too many lines. [16/10]", 651056353],
    [340, 5, 623, "Metrics/MethodLength: Method has too many lines. [14/10]", 1438381615],
    [360, 5, 846, "Metrics/MethodLength: Method has too many lines. [12/10]", 667615068],
    [398, 5, 730, "Metrics/MethodLength: Method has too many lines. [13/10]", 927307656]
  ],
  "lib/tree_haver/kaitai_backend.rb:335397596": [
    [3, 1, 16, "Style/Documentation: Missing top-level documentation comment for `module TreeHaver`.", 3627168465]
  ],
  "lib/tree_haver/language.rb:2775049278": [
    [39, 3, 12087, "Metrics/ModuleLength: Module has too many lines. [115/100]", 221887443],
    [40, 5, 12061, "Metrics/ClassLength: Class has too many lines. [113/100]", 309443185],
    [89, 7, 1966, "Metrics/AbcSize: Assignment Branch Condition size for `from_library` is too high. [<4, 20, 10> 22.72/17]", 980659500],
    [89, 7, 1966, "Metrics/CyclomaticComplexity: Cyclomatic complexity for `from_library` is too high. [9/7]", 980659500],
    [89, 7, 1966, "Metrics/MethodLength: Method has too many lines. [31/10]", 980659500],
    [89, 7, 1966, "Metrics/PerceivedComplexity: Perceived complexity for `from_library` is too high. [11/8]", 980659500],
    [114, 121, 1, "Layout/LineLength: Line is too long. [121/120]", 177538],
    [156, 7, 4289, "Metrics/AbcSize: Assignment Branch Condition size for `method_missing` is too high. [<10, 39, 30> 50.21/17]", 1314689525],
    [156, 7, 4289, "Metrics/CyclomaticComplexity: Cyclomatic complexity for `method_missing` is too high. [24/7]", 1314689525],
    [156, 7, 4289, "Metrics/MethodLength: Method has too many lines. [56/10]", 1314689525],
    [156, 7, 4289, "Metrics/PerceivedComplexity: Perceived complexity for `method_missing` is too high. [26/8]", 1314689525],
    [274, 7, 786, "Metrics/MethodLength: Method has too many lines. [12/10]", 3697766033]
  ],
  "lib/tree_haver/language_pack.rb:3024861237": [
    [3, 1, 16, "Style/Documentation: Missing top-level documentation comment for `module TreeHaver`.", 3627168465]
  ],
  "lib/tree_haver/language_registry.rb:4004085498": [
    [83, 121, 2, "Layout/LineLength: Line is too long. [122/120]", 5861089],
    [111, 5, 834, "Metrics/AbcSize: Assignment Branch Condition size for `with_registration` is too high. [<11, 22, 5> 25.1/17]", 1103319853],
    [111, 5, 834, "Metrics/MethodLength: Method has too many lines. [25/10]", 1103319853]
  ],
  "lib/tree_haver/library_path_utils.rb:1552423902": [
    [32, 5, 861, "Metrics/MethodLength: Method has too many lines. [12/10]", 1638068630]
  ],
  "lib/tree_haver/node.rb:715762930": [
    [62, 3, 16601, "Metrics/ClassLength: Class has too many lines. [237/100]", 2290466920],
    [136, 5, 708, "Metrics/AbcSize: Assignment Branch Condition size for `start_point` is too high. [<2, 19, 7> 20.35/17]", 2066418249],
    [136, 5, 708, "Metrics/MethodLength: Method has too many lines. [17/10]", 2066418249],
    [161, 5, 694, "Metrics/AbcSize: Assignment Branch Condition size for `end_point` is too high. [<2, 19, 7> 20.35/17]", 2127773446],
    [161, 5, 694, "Metrics/MethodLength: Method has too many lines. [17/10]", 2127773446],
    [232, 5, 948, "Metrics/AbcSize: Assignment Branch Condition size for `text` is too high. [<1, 14, 11> 17.83/17]", 748349201],
    [232, 5, 948, "Metrics/CyclomaticComplexity: Cyclomatic complexity for `text` is too high. [9/7]", 748349201],
    [232, 5, 948, "Metrics/MethodLength: Method has too many lines. [16/10]", 748349201],
    [232, 5, 948, "Metrics/PerceivedComplexity: Perceived complexity for `text` is too high. [11/8]", 748349201],
    [259, 9, 10, "Naming/PredicatePrefix: Rename `has_error?` to `error?`.", 946854183],
    [328, 5, 994, "Metrics/AbcSize: Assignment Branch Condition size for `named_child` is too high. [<6, 13, 10> 17.46/17]", 3449163117],
    [328, 5, 994, "Metrics/CyclomaticComplexity: Cyclomatic complexity for `named_child` is too high. [9/7]", 3449163117],
    [328, 5, 994, "Metrics/MethodLength: Method has too many lines. [21/10]", 3449163117],
    [328, 5, 994, "Metrics/PerceivedComplexity: Perceived complexity for `named_child` is too high. [10/8]", 3449163117],
    [366, 5, 734, "Metrics/MethodLength: Method has too many lines. [15/10]", 3099919150],
    [425, 7, 4, "Style/EmptyElse: Redundant `else`-clause.", 2087423834]
  ],
  "lib/tree_haver/parser.rb:3097008666": [
    [71, 3, 15402, "Metrics/ClassLength: Class has too many lines. [181/100]", 2262931609],
    [84, 5, 938, "Metrics/MethodLength: Method has too many lines. [13/10]", 569209133],
    [116, 5, 844, "Metrics/MethodLength: Method has too many lines. [11/10]", 3700471369],
    [141, 5, 583, "Metrics/CyclomaticComplexity: Cyclomatic complexity for `backend` is too high. [9/7]", 942469984],
    [141, 5, 583, "Metrics/MethodLength: Method has too many lines. [20/10]", 942469984],
    [244, 5, 1114, "Metrics/CyclomaticComplexity: Cyclomatic complexity for `parse_string` is too high. [8/7]", 2146281390],
    [244, 5, 1114, "Metrics/MethodLength: Method has too many lines. [16/10]", 2146281390],
    [244, 5, 1114, "Metrics/PerceivedComplexity: Perceived complexity for `parse_string` is too high. [10/8]", 2146281390],
    [280, 5, 1162, "Metrics/AbcSize: Assignment Branch Condition size for `switch_backend_for_language` is too high. [<10, 11, 11> 18.49/17]", 3918477333],
    [280, 5, 1162, "Metrics/CyclomaticComplexity: Cyclomatic complexity for `switch_backend_for_language` is too high. [11/7]", 3918477333],
    [280, 5, 1162, "Metrics/MethodLength: Method has too many lines. [26/10]", 3918477333],
    [280, 5, 1162, "Metrics/PerceivedComplexity: Perceived complexity for `switch_backend_for_language` is too high. [9/8]", 3918477333],
    [327, 5, 3598, "Metrics/AbcSize: Assignment Branch Condition size for `unwrap_language` is too high. [<4, 32, 32> 45.43/17]", 2683894777],
    [327, 5, 3598, "Metrics/CyclomaticComplexity: Cyclomatic complexity for `unwrap_language` is too high. [29/7]", 2683894777],
    [327, 5, 3598, "Metrics/MethodLength: Method has too many lines. [55/10]", 2683894777],
    [327, 5, 3598, "Metrics/PerceivedComplexity: Perceived complexity for `unwrap_language` is too high. [23/8]", 2683894777],
    [421, 5, 892, "Metrics/CyclomaticComplexity: Cyclomatic complexity for `try_reload_language_for_backend` is too high. [9/7]", 1872419716],
    [421, 5, 892, "Metrics/MethodLength: Method has too many lines. [14/10]", 1872419716],
    [421, 5, 892, "Metrics/PerceivedComplexity: Perceived complexity for `try_reload_language_for_backend` is too high. [9/8]", 1872419716]
  ],
  "lib/tree_haver/parslet_grammar_finder.rb:756779364": [
    [32, 3, 6418, "Metrics/ClassLength: Class has too many lines. [105/100]", 2916347470],
    [67, 5, 2630, "Metrics/AbcSize: Assignment Branch Condition size for `available?` is too high. [<14, 39, 19> 45.59/17]", 1827795944],
    [67, 5, 2630, "Metrics/CyclomaticComplexity: Cyclomatic complexity for `available?` is too high. [20/7]", 1827795944],
    [67, 5, 2630, "Metrics/MethodLength: Method has too many lines. [43/10]", 1827795944],
    [67, 5, 2630, "Metrics/PerceivedComplexity: Perceived complexity for `available?` is too high. [20/8]", 1827795944]
  ],
  "lib/tree_haver/path_validator.rb:1827441298": [
    [31, 3, 11571, "Metrics/ModuleLength: Module has too many lines. [133/100]", 3916793077],
    [71, 5, 1048, "Metrics/AbcSize: Assignment Branch Condition size for `trusted_directories` is too high. [<4, 16, 5> 17.23/17]", 2683168069],
    [71, 5, 1048, "Metrics/MethodLength: Method has too many lines. [13/10]", 2683168069],
    [182, 5, 1000, "Metrics/AbcSize: Assignment Branch Condition size for `safe_library_path?` is too high. [<1, 15, 15> 21.24/17]", 3331427816],
    [182, 5, 1000, "Metrics/CyclomaticComplexity: Cyclomatic complexity for `safe_library_path?` is too high. [15/7]", 3331427816],
    [182, 5, 1000, "Metrics/MethodLength: Method has too many lines. [11/10]", 3331427816],
    [182, 5, 1000, "Metrics/PerceivedComplexity: Perceived complexity for `safe_library_path?` is too high. [15/8]", 3331427816],
    [314, 5, 911, "Metrics/AbcSize: Assignment Branch Condition size for `validation_errors` is too high. [<2, 21, 13> 24.78/17]", 1249065882],
    [314, 5, 911, "Metrics/CyclomaticComplexity: Cyclomatic complexity for `validation_errors` is too high. [13/7]", 1249065882],
    [314, 5, 911, "Metrics/MethodLength: Method has too many lines. [14/10]", 1249065882],
    [314, 5, 911, "Metrics/PerceivedComplexity: Perceived complexity for `validation_errors` is too high. [13/8]", 1249065882],
    [345, 9, 20, "Naming/PredicatePrefix: Rename `has_valid_extension?` to `valid_extension?`.", 2041908655]
  ],
  "lib/tree_haver/peg_backends.rb:3294387811": [
    [3, 1, 16, "Style/Documentation: Missing top-level documentation comment for `module TreeHaver`.", 3627168465],
    [37, 3, 610, "Metrics/MethodLength: Method has too many lines. [21/10]", 369761402],
    [61, 3, 377, "Metrics/MethodLength: Method has too many lines. [13/10]", 1137341195]
  ],
  "lib/tree_haver/rspec/dependency_tags.rb:4000664168": [
    [7, 5, 21, "Style/Documentation: Missing top-level documentation comment for `module TreeHaver::RSpec::DependencyTags`.", 2626933713]
  ],
  "lib/tree_haver/tree.rb:2964558805": [
    [129, 5, 1443, "Metrics/AbcSize: Assignment Branch Condition size for `edit` is too high. [<8, 18, 7> 20.9/17]", 4208399016],
    [129, 5, 1443, "Metrics/MethodLength: Method has too many lines. [24/10]", 4208399016],
    [129, 13, 89, "Metrics/ParameterLists: Avoid parameter lists longer than 5 parameters. [6/5]", 3152137646]
  ],
  "spec/backend_registry_spec.rb:229950927": [
    [5, 1, 3102, "Metrics/BlockLength: Block has too many lines. [62/25]", 3416335650]
  ],
  "spec/fixtures_integration_spec.rb:1107009509": [
    [3, 1, 52012, "Metrics/BlockLength: Block has too many lines. [1116/25]", 592858895],
    [108, 3, 1282, "Metrics/BlockLength: Block has too many lines. [29/25]", 505243730],
    [141, 3, 1840, "Metrics/BlockLength: Block has too many lines. [35/25]", 1365684528],
    [180, 3, 1365, "Metrics/BlockLength: Block has too many lines. [33/25]", 1597100003],
    [247, 3, 2110, "Metrics/BlockLength: Block has too many lines. [41/25]", 219204301],
    [294, 3, 2166, "Metrics/BlockLength: Block has too many lines. [27/25]", 2219571348],
    [354, 3, 1786, "Metrics/BlockLength: Block has too many lines. [30/25]", 1655451032],
    [432, 3, 1345, "Metrics/BlockLength: Block has too many lines. [26/25]", 1188499098],
    [534, 3, 3250, "Metrics/BlockLength: Block has too many lines. [64/25]", 2852118886],
    [589, 121, 57, "Layout/LineLength: Line is too long. [177/120]", 2115564430],
    [602, 3, 752, "Metrics/AbcSize: Assignment Branch Condition size for `normalized_tree_node` is too high. [<0, 19, 4> 19.42/17]", 1725197185],
    [602, 3, 752, "Metrics/MethodLength: Method has too many lines. [18/10]", 1725197185],
    [623, 3, 850, "Metrics/AbcSize: Assignment Branch Condition size for `backend_capability` is too high. [<0, 20, 0> 20/17]", 3278569026],
    [623, 3, 850, "Metrics/MethodLength: Method has too many lines. [14/10]", 3278569026],
    [640, 3, 744, "Metrics/MethodLength: Method has too many lines. [13/10]", 1675624229],
    [679, 3, 492, "Metrics/MethodLength: Method has too many lines. [11/10]", 4123526878],
    [714, 3, 566, "Metrics/AbcSize: Assignment Branch Condition size for `parse_error_tolerance` is too high. [<1, 17, 1> 17.06/17]", 933590597],
    [714, 3, 566, "Metrics/MethodLength: Method has too many lines. [14/10]", 933590597],
    [739, 3, 2652, "Metrics/BlockLength: Block has too many lines. [47/25]", 214520278],
    [1039, 7, 87, "Lint/ConstantDefinitionInBlock: Do not define constants this way within a block.", 3860036845],
    [1045, 7, 60, "Lint/ConstantDefinitionInBlock: Do not define constants this way within a block.", 1411318317],
    [1063, 3, 1334, "Metrics/BlockLength: Block has too many lines. [41/25]", 1427111445],
    [1069, 7, 134, "Lint/ConstantDefinitionInBlock: Do not define constants this way within a block.", 1166944291],
    [1075, 7, 60, "Lint/ConstantDefinitionInBlock: Do not define constants this way within a block.", 1411318317],
    [1085, 7, 134, "Lint/ConstantDefinitionInBlock: Do not define constants this way within a block.", 1166944291],
    [1091, 7, 60, "Lint/ConstantDefinitionInBlock: Do not define constants this way within a block.", 1411318317],
    [1115, 3, 1290, "Metrics/BlockLength: Block has too many lines. [41/25]", 3478080675],
    [1121, 7, 157, "Lint/ConstantDefinitionInBlock: Do not define constants this way within a block.", 2460330604],
    [1127, 7, 60, "Lint/ConstantDefinitionInBlock: Do not define constants this way within a block.", 1411318317],
    [1137, 7, 154, "Lint/ConstantDefinitionInBlock: Do not define constants this way within a block.", 3868502553],
    [1143, 7, 60, "Lint/ConstantDefinitionInBlock: Do not define constants this way within a block.", 1411318317],
    [1167, 3, 1405, "Metrics/BlockLength: Block has too many lines. [44/25]", 2313436250],
    [1173, 7, 134, "Lint/ConstantDefinitionInBlock: Do not define constants this way within a block.", 1166944291],
    [1179, 7, 60, "Lint/ConstantDefinitionInBlock: Do not define constants this way within a block.", 1411318317],
    [1189, 7, 134, "Lint/ConstantDefinitionInBlock: Do not define constants this way within a block.", 1166944291],
    [1195, 7, 60, "Lint/ConstantDefinitionInBlock: Do not define constants this way within a block.", 1411318317]
  ],
  "spec/grammar_finder_spec.rb:143254687": [
    [5, 1, 3065, "Metrics/BlockLength: Block has too many lines. [51/25]", 4150338550],
    [19, 3, 2446, "Metrics/BlockLength: Block has too many lines. [39/25]", 552612354]
  ],
  "tree_haver.gemspec:1877878426": [
    [16, 121, 19, "Layout/LineLength: Line is too long. [139/120]", 1512975621],
    [138, 121, 34, "Layout/LineLength: Line is too long. [154/120]", 4147388508],
    [149, 121, 50, "Layout/LineLength: Line is too long. [170/120]", 3888612416],
    [150, 121, 29, "Layout/LineLength: Line is too long. [149/120]", 981994949],
    [157, 121, 12, "Layout/LineLength: Line is too long. [132/120]", 4229808912]
  ]
}
