{
  ".simplecov:3673321797": [
    [1, 1, 1, "Style/FrozenStringLiteralComment: Missing frozen string literal comment.", 177542]
  ],
  "Rakefile:3896923777": [
    [18, 121, 17, "Layout/LineLength: Line is too long. [137/120]", 174264873],
    [81, 3, 1023, "Metrics/BlockLength: Block has too many lines. [32/25]", 54868638],
    [165, 121, 22, "Layout/LineLength: Line is too long. [142/120]", 1367093088],
    [168, 121, 18, "Layout/LineLength: Line is too long. [138/120]", 3881946477]
  ],
  "dotenv-merge.gemspec:3344508594": [
    [138, 121, 34, "Layout/LineLength: Line is too long. [154/120]", 4147388508],
    [149, 121, 50, "Layout/LineLength: Line is too long. [170/120]", 3888612416],
    [150, 121, 29, "Layout/LineLength: Line is too long. [149/120]", 981994949]
  ],
  "gemfiles/modular/benchmark/r4/v0.5.gemfile:3644720371": [
    [1, 1, 1, "Style/FrozenStringLiteralComment: Missing frozen string literal comment.", 177542]
  ],
  "gemfiles/modular/benchmark/vHEAD.gemfile:2838879269": [
    [1, 1, 0, "Naming/FileName: The name of this source file (`vHEAD.gemfile`) should use snake_case.", 5381],
    [1, 1, 1, "Style/FrozenStringLiteralComment: Missing frozen string literal comment.", 177542]
  ],
  "gemfiles/modular/cgi/r4/v0.5.gemfile:367169322": [
    [1, 1, 1, "Style/FrozenStringLiteralComment: Missing frozen string literal comment.", 177602]
  ],
  "gemfiles/modular/cgi/vHEAD.gemfile:2729540777": [
    [1, 1, 0, "Naming/FileName: The name of this source file (`vHEAD.gemfile`) should use snake_case.", 5381],
    [1, 1, 1, "Style/FrozenStringLiteralComment: Missing frozen string literal comment.", 177602]
  ],
  "gemfiles/modular/erb/r2/v3.0.gemfile:1688285565": [
    [1, 1, 1, "Style/FrozenStringLiteralComment: Missing frozen string literal comment.", 177602]
  ],
  "gemfiles/modular/erb/r3/v5.0.gemfile:343545730": [
    [1, 1, 1, "Style/FrozenStringLiteralComment: Missing frozen string literal comment.", 177602]
  ],
  "gemfiles/modular/erb/r4/v5.0.gemfile:343545730": [
    [1, 1, 1, "Style/FrozenStringLiteralComment: Missing frozen string literal comment.", 177602]
  ],
  "gemfiles/modular/erb/vHEAD.gemfile:981929959": [
    [1, 1, 0, "Naming/FileName: The name of this source file (`vHEAD.gemfile`) should use snake_case.", 5381],
    [1, 1, 1, "Style/FrozenStringLiteralComment: Missing frozen string literal comment.", 177542]
  ],
  "gemfiles/modular/mutex_m/r2/v0.3.gemfile:4055275004": [
    [1, 1, 1, "Style/FrozenStringLiteralComment: Missing frozen string literal comment.", 177542]
  ],
  "gemfiles/modular/mutex_m/r3/v0.3.gemfile:4055275004": [
    [1, 1, 1, "Style/FrozenStringLiteralComment: Missing frozen string literal comment.", 177542]
  ],
  "gemfiles/modular/mutex_m/r4/v0.3.gemfile:4055275004": [
    [1, 1, 1, "Style/FrozenStringLiteralComment: Missing frozen string literal comment.", 177542]
  ],
  "gemfiles/modular/mutex_m/vHEAD.gemfile:556854763": [
    [1, 1, 0, "Naming/FileName: The name of this source file (`vHEAD.gemfile`) should use snake_case.", 5381],
    [1, 1, 1, "Style/FrozenStringLiteralComment: Missing frozen string literal comment.", 177542]
  ],
  "gemfiles/modular/rspec.gemfile:2263543889": [
    [1, 1, 1, "Style/FrozenStringLiteralComment: Missing frozen string literal comment.", 177602]
  ],
  "gemfiles/modular/stringio/r2/v3.0.gemfile:821604304": [
    [1, 1, 1, "Style/FrozenStringLiteralComment: Missing frozen string literal comment.", 177542]
  ],
  "gemfiles/modular/stringio/r3/v3.0.gemfile:821604304": [
    [1, 1, 1, "Style/FrozenStringLiteralComment: Missing frozen string literal comment.", 177542]
  ],
  "gemfiles/modular/stringio/r4/v3.0.gemfile:821604304": [
    [1, 1, 1, "Style/FrozenStringLiteralComment: Missing frozen string literal comment.", 177542]
  ],
  "gemfiles/modular/stringio/vHEAD.gemfile:1045839691": [
    [1, 1, 0, "Naming/FileName: The name of this source file (`vHEAD.gemfile`) should use snake_case.", 5381],
    [1, 1, 1, "Style/FrozenStringLiteralComment: Missing frozen string literal comment.", 177542]
  ],
  "gemfiles/modular/templating.gemfile:637207389": [
    [15, 3, 47, "Bundler/DuplicatedGem: Gem `tree_sitter_language_pack` requirements already given on line 11 of the Gemfile.", 2310012541]
  ],
  "gemfiles/modular/webrick/r4/v1.9.gemfile:3092661193": [
    [1, 1, 1, "Style/FrozenStringLiteralComment: Missing frozen string literal comment.", 177602]
  ],
  "gemfiles/modular/webrick/vHEAD.gemfile:3867684682": [
    [1, 1, 0, "Naming/FileName: The name of this source file (`vHEAD.gemfile`) should use snake_case.", 5381],
    [1, 1, 1, "Style/FrozenStringLiteralComment: Missing frozen string literal comment.", 177602]
  ],
  "gemfiles/modular/x_std_libs.gemfile:2324400122": [
    [1, 1, 1, "Style/FrozenStringLiteralComment: Missing frozen string literal comment.", 177542]
  ],
  "gemfiles/modular/x_std_libs/r2/libs.gemfile:36276542": [
    [1, 1, 1, "Style/FrozenStringLiteralComment: Missing frozen string literal comment.", 177600]
  ],
  "gemfiles/modular/x_std_libs/r3/libs.gemfile:4030570297": [
    [1, 1, 1, "Style/FrozenStringLiteralComment: Missing frozen string literal comment.", 177600]
  ],
  "gemfiles/modular/x_std_libs/r4/libs.gemfile:732451732": [
    [1, 1, 1, "Style/FrozenStringLiteralComment: Missing frozen string literal comment.", 177600]
  ],
  "gemfiles/modular/x_std_libs/vHEAD.gemfile:2390363993": [
    [1, 1, 0, "Naming/FileName: The name of this source file (`vHEAD.gemfile`) should use snake_case.", 5381],
    [1, 1, 1, "Style/FrozenStringLiteralComment: Missing frozen string literal comment.", 177600]
  ],
  "lib/dotenv-merge.rb:219474054": [
    [1, 1, 0, "Naming/FileName: The name of this source file (`dotenv-merge.rb`) should use snake_case.", 5381]
  ],
  "lib/dotenv/merge.rb:1627389419": [
    [14, 3, 12, "Style/Documentation: Missing top-level documentation comment for `module Dotenv::Merge`.", 2866359175]
  ],
  "lib/dotenv/merge/comment_tracker.rb:107522322": [
    [75, 7, 484, "Metrics/MethodLength: Method has too many lines. [13/10]", 786949197]
  ],
  "lib/dotenv/merge/env_line.rb:1395549015": [
    [38, 5, 6332, "Metrics/ClassLength: Class has too many lines. [112/100]", 1345509408],
    [65, 7, 442, "Metrics/MethodLength: Method has too many lines. [14/10]", 415810066],
    [177, 7, 576, "Metrics/MethodLength: Method has too many lines. [18/10]", 1351261581],
    [202, 121, 3, "Layout/LineLength: Line is too long. [123/120]", 193406010]
  ],
  "lib/dotenv/merge/file_analysis.rb:2149227270": [
    [24, 5, 11402, "Metrics/ClassLength: Class has too many lines. [196/100]", 533148837],
    [40, 7, 1071, "Metrics/MethodLength: Method has too many lines. [14/10]", 963793440],
    [255, 7, 589, "Metrics/MethodLength: Method has too many lines. [15/10]", 1686454790],
    [281, 7, 1569, "Metrics/AbcSize: Assignment Branch Condition size for `build_freeze_blocks` is too high. [<5, 22, 8> 23.94/17]", 3217990133],
    [281, 7, 1569, "Metrics/MethodLength: Method has too many lines. [43/10]", 3217990133],
    [285, 9, 1142, "Metrics/BlockLength: Block has too many lines. [30/25]", 2797533974],
    [333, 7, 908, "Metrics/AbcSize: Assignment Branch Condition size for `integrate_freeze_blocks` is too high. [<8, 20, 11> 24.19/17]", 3290540918],
    [333, 7, 908, "Metrics/CyclomaticComplexity: Cyclomatic complexity for `integrate_freeze_blocks` is too high. [10/7]", 3290540918],
    [333, 7, 908, "Metrics/MethodLength: Method has too many lines. [18/10]", 3290540918],
    [333, 7, 908, "Metrics/PerceivedComplexity: Perceived complexity for `integrate_freeze_blocks` is too high. [11/8]", 3290540918]
  ],
  "lib/dotenv/merge/smart_merger.rb:1416653553": [
    [27, 5, 19504, "Metrics/ClassLength: Class has too many lines. [379/100]", 1271421201],
    [53, 7, 1092, "Metrics/MethodLength: Method has too many lines. [16/10]", 2908064588],
    [53, 21, 401, "Metrics/ParameterLists: Avoid parameter lists longer than 5 parameters. [13/5]", 1661881927],
    [127, 7, 2338, "Metrics/AbcSize: Assignment Branch Condition size for `perform_merge` is too high. [<17, 42, 7> 45.85/17]", 2431495447],
    [127, 7, 2338, "Metrics/MethodLength: Method has too many lines. [49/10]", 2431495447],
    [237, 7, 733, "Metrics/MethodLength: Method has too many lines. [11/10]", 3293257138],
    [262, 7, 331, "Metrics/CyclomaticComplexity: Cyclomatic complexity for `apply_node_typing` is too high. [8/7]", 1465922549],
    [274, 7, 680, "Metrics/MethodLength: Method has too many lines. [11/10]", 4253249620],
    [302, 7, 707, "Metrics/MethodLength: Method has too many lines. [13/10]", 657590111],
    [386, 7, 1134, "Metrics/MethodLength: Method has too many lines. [15/10]", 3700686114],
    [386, 25, 239, "Metrics/ParameterLists: Avoid parameter lists longer than 5 parameters. [7/5]", 406985461],
    [469, 7, 1797, "Metrics/AbcSize: Assignment Branch Condition size for `collapse_cross_source_preamble_prefixes` is too high. [<14, 21, 9> 26.8/17]", 3130187278],
    [469, 7, 1797, "Metrics/CyclomaticComplexity: Cyclomatic complexity for `collapse_cross_source_preamble_prefixes` is too high. [9/7]", 3130187278],
    [469, 7, 1797, "Metrics/MethodLength: Method has too many lines. [31/10]", 3130187278],
    [469, 7, 1797, "Metrics/PerceivedComplexity: Perceived complexity for `collapse_cross_source_preamble_prefixes` is too high. [9/8]", 3130187278],
    [509, 7, 536, "Metrics/MethodLength: Method has too many lines. [15/10]", 4188914818],
    [537, 121, 2, "Layout/LineLength: Line is too long. [122/120]", 5861122]
  ],
  "spec/dotenv/merge/comment_behavior_matrix_spec.rb:3873004917": [
    [19, 121, 72, "Layout/LineLength: Line is too long. [192/120]", 727266440],
    [20, 121, 81, "Layout/LineLength: Line is too long. [201/120]", 2338882412],
    [21, 121, 81, "Layout/LineLength: Line is too long. [201/120]", 2338882412],
    [22, 121, 73, "Layout/LineLength: Line is too long. [193/120]", 2861499882],
    [23, 121, 80, "Layout/LineLength: Line is too long. [200/120]", 851778368]
  ],
  "spec/dotenv/merge/comment_tracker_spec.rb:2874668910": [
    [3, 1, 2792, "Metrics/BlockLength: Block has too many lines. [67/25]", 3333395414],
    [4, 3, 1161, "Metrics/BlockLength: Block has too many lines. [34/25]", 3155362699],
    [49, 3, 1573, "Metrics/BlockLength: Block has too many lines. [29/25]", 2926301238]
  ],
  "spec/dotenv/merge/env_line_spec.rb:22931135": [
    [3, 1, 8558, "Metrics/BlockLength: Block has too many lines. [240/25]", 612064308],
    [4, 3, 4878, "Metrics/BlockLength: Block has too many lines. [143/25]", 4253904397]
  ],
  "spec/dotenv/merge/file_analysis_spec.rb:1766323157": [
    [3, 1, 12591, "Metrics/BlockLength: Block has too many lines. [336/25]", 3181229288],
    [4, 3, 1048, "Metrics/BlockLength: Block has too many lines. [28/25]", 1006937171],
    [38, 3, 2747, "Metrics/BlockLength: Block has too many lines. [77/25]", 1880493411],
    [266, 3, 1819, "Metrics/BlockLength: Block has too many lines. [33/25]", 768689889],
    [313, 3, 1498, "Metrics/BlockLength: Block has too many lines. [32/25]", 3435107213],
    [356, 3, 1164, "Metrics/BlockLength: Block has too many lines. [35/25]", 2711157174]
  ],
  "spec/dotenv/merge/freeze_node_spec.rb:4194645439": [
    [5, 1, 7011, "Metrics/BlockLength: Block has too many lines. [170/25]", 2479529721]
  ],
  "spec/dotenv/merge/merge_result_spec.rb:185036265": [
    [5, 1, 6358, "Metrics/BlockLength: Block has too many lines. [163/25]", 2313329306]
  ],
  "spec/dotenv/merge/smart_merger_spec.rb:3022416291": [
    [3, 1, 21266, "Metrics/BlockLength: Block has too many lines. [531/25]", 2706633331],
    [24, 3, 13017, "Metrics/BlockLength: Block has too many lines. [317/25]", 1016391740],
    [57, 5, 1320, "Metrics/BlockLength: Block has too many lines. [37/25]", 2903507276],
    [156, 5, 2293, "Metrics/BlockLength: Block has too many lines. [48/25]", 1412485907],
    [222, 121, 25, "Layout/LineLength: Line is too long. [145/120]", 1224552102],
    [226, 5, 4055, "Metrics/BlockLength: Block has too many lines. [94/25]", 3099913322],
    [396, 5, 1538, "Metrics/BlockLength: Block has too many lines. [33/25]", 4208751294],
    [479, 3, 939, "Metrics/BlockLength: Block has too many lines. [26/25]", 4270544143],
    [513, 3, 2177, "Metrics/BlockLength: Block has too many lines. [58/25]", 2538783756],
    [662, 3, 1280, "Metrics/BlockLength: Block has too many lines. [32/25]", 2559985794]
  ],
  "spec/dotenv/merge_spec.rb:3204622260": [
    [3, 1, 2523, "Metrics/BlockLength: Block has too many lines. [63/25]", 2724479079],
    [19, 3, 1267, "Metrics/BlockLength: Block has too many lines. [29/25]", 2157048718]
  ],
  "spec/integration/reproducible_merge_spec.rb:2470745815": [
    [6, 1, 1451, "Metrics/BlockLength: Block has too many lines. [31/25]", 1550571542]
  ]
}
