{
  "- [kc] kettle-jem/template: updated 398 project files:\n- code and tests (20)": [
    {
      "file": "CHANGELOG.md",
      "lines": [
        53,
        121
      ]
    }
  ],
  "- code and tests (1)\n- dependencies (1)": [
    {
      "file": "CHANGELOG.md",
      "lines": [
        185,
        275
      ]
    }
  ],
  "- code and tests (20)\n- configuration (12)": [
    {
      "file": "CHANGELOG.md",
      "lines": [
        54,
        122
      ]
    }
  ],
  "- configuration (12)\n- dependencies (147)": [
    {
      "file": "CHANGELOG.md",
      "lines": [
        55,
        123
      ]
    }
  ],
  "- dependencies (147)\n- documentation (9)": [
    {
      "file": "CHANGELOG.md",
      "lines": [
        56,
        124
      ]
    }
  ],
  "- documentation (9)\n- other (123)": [
    {
      "file": "CHANGELOG.md",
      "lines": [
        57,
        125
      ]
    }
  ],
  "- other (123)\n- workflows (87)": [
    {
      "file": "CHANGELOG.md",
      "lines": [
        58,
        126
      ]
    }
  ],
  "[[profiles.textconv-normalized.attributes]]\ndiff = \"smorg-json-textconv\"": [
    {
      "file": ".structuredmerge/git-drivers.toml",
      "lines": [
        19,
        22,
        34,
        37
      ]
    }
  ],
  "[[profiles.textconv-normalized.attributes]]\ndiff = \"smorg-toml-textconv\"": [
    {
      "file": ".structuredmerge/git-drivers.toml",
      "lines": [
        31,
        40
      ]
    }
  ],
  "[[profiles.textconv-normalized.attributes]]\ndiff = \"smorg-yaml-textconv\"": [
    {
      "file": ".structuredmerge/git-drivers.toml",
      "lines": [
        25,
        28
      ]
    }
  ],
  "bundler-cache: true\n# Direct appraisal Gemfiles can contain Bundler GIT/PATH lockfile": [
    {
      "file": ".github/workflows/dep-heads.yml",
      "lines": [
        69,
        126,
        184
      ]
    }
  ],
  "scope = \"global\"\nvalue = \"true\"": [
    {
      "file": ".structuredmerge/git-drivers.toml",
      "lines": [
        49,
        57,
        65
      ]
    }
  ],
  "value = \"true\"\n[[profiles.textconv-normalized.git_config]]": [
    {
      "file": ".structuredmerge/git-drivers.toml",
      "lines": [
        50,
        58
      ]
    }
  ]
}
