{
  "[[profiles.textconv-normalized.attributes]]\ndiff = \"smorg-json-textconv\"": [
    {
      "file": ".structuredmerge/git-drivers.toml",
      "lines": [
        19,
        22,
        34,
        37
      ]
    }
  ],
  "[[profiles.textconv-normalized.attributes]]\ndiff = \"smorg-toml-textconv\"": [
    {
      "file": ".structuredmerge/git-drivers.toml",
      "lines": [
        31,
        40
      ]
    }
  ],
  "[[profiles.textconv-normalized.attributes]]\ndiff = \"smorg-yaml-textconv\"": [
    {
      "file": ".structuredmerge/git-drivers.toml",
      "lines": [
        25,
        28
      ]
    }
  ],
  "appraisal: \"dep-heads\"\nexec_cmd: \"kettle-test\"": [
    {
      "file": ".github/workflows/dep-heads.yml",
      "lines": [
        43,
        97,
        151
      ]
    }
  ],
  "appraisal: \"head\"\nexec_cmd: \"kettle-test\"": [
    {
      "file": ".github/workflows/heads.yml",
      "lines": [
        43,
        104,
        162
      ]
    }
  ],
  "direct_bundle: true\nrubygems: default": [
    {
      "file": ".github/workflows/dep-heads.yml",
      "lines": [
        105,
        159
      ]
    }
  ],
  "exec_cmd: \"kettle-test\"\n# Run directly from the generated appraisal Gemfile so setup-ruby": [
    {
      "file": ".github/workflows/dep-heads.yml",
      "lines": [
        44,
        98,
        152
      ]
    }
  ],
  "exec_cmd: \"kettle-test\"\nrubygems: default": [
    {
      "file": ".github/workflows/heads.yml",
      "lines": [
        44,
        105,
        163
      ]
    }
  ],
  "if: ${{ !env.ACT }}\nuses: ruby/setup-ruby@95ef2b042f9d7a56d8268cba8559e2842e2ad01b # v1.321.0": [
    {
      "file": ".github/workflows/dep-heads.yml",
      "lines": [
        63,
        117,
        172
      ]
    },
    {
      "file": ".github/workflows/heads.yml",
      "lines": [
        56,
        117,
        175
      ]
    }
  ],
  "scope = \"global\"\nvalue = \"true\"": [
    {
      "file": ".structuredmerge/git-drivers.toml",
      "lines": [
        49,
        57,
        65
      ]
    }
  ],
  "value = \"true\"\n[[profiles.textconv-normalized.git_config]]": [
    {
      "file": ".structuredmerge/git-drivers.toml",
      "lines": [
        50,
        58
      ]
    }
  ]
}
