{
  "kettle-jem.gemspec:3556270548": [
    [98, 3, 70, "Gemspec/DependencyVersion: Dependency version specification is required.", 4023754366],
    [99, 3, 65, "Gemspec/DependencyVersion: Dependency version specification is required.", 1638532368],
    [100, 3, 53, "Gemspec/DependencyVersion: Dependency version specification is required.", 897228968],
    [101, 3, 54, "Gemspec/DependencyVersion: Dependency version specification is required.", 1601414454],
    [103, 3, 62, "Gemspec/DependencyVersion: Dependency version specification is required.", 3348222081],
    [104, 3, 56, "Gemspec/DependencyVersion: Dependency version specification is required.", 3843726476],
    [105, 3, 54, "Gemspec/DependencyVersion: Dependency version specification is required.", 3293105462],
    [107, 3, 58, "Gemspec/DependencyVersion: Dependency version specification is required.", 670728969],
    [108, 3, 58, "Gemspec/DependencyVersion: Dependency version specification is required.", 1722946409],
    [109, 3, 56, "Gemspec/DependencyVersion: Dependency version specification is required.", 2273926958],
    [110, 3, 55, "Gemspec/DependencyVersion: Dependency version specification is required.", 1475977371],
    [111, 3, 55, "Gemspec/DependencyVersion: Dependency version specification is required.", 3458446143],
    [112, 3, 53, "Gemspec/DependencyVersion: Dependency version specification is required.", 3112555885],
    [113, 3, 54, "Gemspec/DependencyVersion: Dependency version specification is required.", 1663642130],
    [115, 3, 54, "Gemspec/DependencyVersion: Dependency version specification is required.", 527713396],
    [117, 3, 54, "Gemspec/DependencyVersion: Dependency version specification is required.", 3116501450],
    [119, 3, 54, "Gemspec/DependencyVersion: Dependency version specification is required.", 2771890615]
  ],
  "lib/kettle/jem.rb:3544003428": [
    [10405, 9, 6, "Lint/NonLocalExitFromIterator: Non-local exit from iterator, without return value. `next`, `break`, `Array#find`, `Array#any?`, etc. is preferred.", 2123913871],
    [10507, 7, 33, "ThreadSafety/ClassInstanceVariable: Avoid class instance variables.", 4276656835]
  ],
  "spec/cli_spec.rb:3761948005": [
    [7, 1, 31, "RSpec/SpecFilePathFormat: Spec path should end with `kettle/jem/cli*_spec.rb`.", 242933042]
  ],
  "spec/old_public_spec_audit_spec.rb:53783039": [
    [5, 16, 34, "RSpec/DescribeClass: The first argument to describe should be the class or module being tested.", 3165191681]
  ],
  "spec/rake_tasks_spec.rb:3709153509": [
    [6, 16, 23, "RSpec/DescribeClass: The first argument to describe should be the class or module being tested.", 2536257102],
    [13, 7, 15, "ThreadSafety/DirChdir: Avoid using `Dir.chdir` due to its process-wide effect.", 131138375]
  ],
  "spec/release_packaging_spec.rb:442813246": [
    [7, 16, 30, "RSpec/DescribeClass: The first argument to describe should be the class or module being tested.", 385760763],
    [11, 5, 19, "ThreadSafety/DirChdir: Avoid using `Dir.chdir` due to its process-wide effect.", 1195043639],
    [20, 31, 19, "ThreadSafety/DirChdir: Avoid using `Dir.chdir` due to its process-wide effect.", 1195043639]
  ],
  "spec/self_test_task_spec.rb:4045302601": [
    [5, 1, 47, "RSpec/SpecFilePathFormat: Spec path should end with `kettle/jem/tasks/self_test_task*_spec.rb`.", 363358509]
  ],
  "spec/system/bundle_gem_scaffold_spec.rb:3435405872": [
    [270, 7, 19, "ThreadSafety/DirChdir: Avoid using `Dir.chdir` due to its process-wide effect.", 1195043639]
  ],
  "spec/template_version_gem_bootstrap_spec.rb:1344550664": [
    [5, 16, 43, "RSpec/DescribeClass: The first argument to describe should be the class or module being tested.", 874562695]
  ],
  "spec/thin_slice_spec.rb:255467015": [
    [5, 1, 26, "RSpec/SpecFilePathFormat: Spec path should end with `kettle/jem*_spec.rb`.", 2213719156]
  ],
  "spec/version_gem_pattern_spec.rb:4198176520": [
    [3, 16, 37, "RSpec/DescribeClass: The first argument to describe should be the class or module being tested.", 1528688504],
    [7, 5, 41, "RSpec/LeakyLocalVariable: Do not use local variables defined outside of examples inside of them.", 452275883]
  ]
}
