{
  "kettle-jem.gemspec:370705385": [
    [19, 32, 10, "Gemspec/RequiredRubyVersion: `required_ruby_version` and `TargetRubyVersion` (3.2, which may be specified in .rubocop.yml) should be equal.", 3888670706],
    [88, 3, 70, "Gemspec/DependencyVersion: Dependency version specification is required.", 4023754366],
    [89, 3, 65, "Gemspec/DependencyVersion: Dependency version specification is required.", 1638532368],
    [90, 3, 53, "Gemspec/DependencyVersion: Dependency version specification is required.", 897228968],
    [91, 3, 54, "Gemspec/DependencyVersion: Dependency version specification is required.", 1601414454],
    [92, 3, 61, "Gemspec/DependencyVersion: Dependency version specification is required.", 2631699923],
    [93, 3, 62, "Gemspec/DependencyVersion: Dependency version specification is required.", 3348222081],
    [94, 3, 56, "Gemspec/DependencyVersion: Dependency version specification is required.", 3843726476],
    [95, 3, 54, "Gemspec/DependencyVersion: Dependency version specification is required.", 3293105462],
    [98, 3, 58, "Gemspec/DependencyVersion: Dependency version specification is required.", 670728969],
    [99, 3, 58, "Gemspec/DependencyVersion: Dependency version specification is required.", 1722946409],
    [100, 3, 56, "Gemspec/DependencyVersion: Dependency version specification is required.", 2273926958],
    [101, 3, 55, "Gemspec/DependencyVersion: Dependency version specification is required.", 1475977371],
    [102, 3, 55, "Gemspec/DependencyVersion: Dependency version specification is required.", 3458446143],
    [104, 3, 53, "Gemspec/DependencyVersion: Dependency version specification is required.", 3112555885],
    [105, 3, 54, "Gemspec/DependencyVersion: Dependency version specification is required.", 1663642130],
    [107, 3, 54, "Gemspec/DependencyVersion: Dependency version specification is required.", 527713396],
    [109, 3, 54, "Gemspec/DependencyVersion: Dependency version specification is required.", 3116501450],
    [110, 3, 54, "Gemspec/DependencyVersion: Dependency version specification is required.", 2771890615]
  ],
  "lib/kettle/jem.rb:3366031935": [
    [2068, 26, 28, "ThreadSafety/ClassInstanceVariable: Avoid class instance variables.", 2704873303],
    [2068, 59, 28, "ThreadSafety/ClassInstanceVariable: Avoid class instance variables.", 2704873303],
    [2081, 7, 28, "ThreadSafety/ClassInstanceVariable: Avoid class instance variables.", 2704873303]
  ],
  "spec/byte_offset_edit_spec.rb:2910572097": [
    [5, 1, 26, "RSpec/SpecFilePathFormat: Spec path should end with `kettle/jem*_spec.rb`.", 2213719156]
  ],
  "spec/require_boundary_spec.rb:229247040": [
    [6, 16, 29, "RSpec/DescribeClass: The first argument to describe should be the class or module being tested.", 3305472538]
  ]
}
