{
  "kettle-jem.gemspec:1783780734": [
    [19, 32, 10, "Gemspec/RequiredRubyVersion: `required_ruby_version` and `TargetRubyVersion` (3.2, which may be specified in .rubocop.yml) should be equal.", 3888670706],
    [90, 3, 70, "Gemspec/DependencyVersion: Dependency version specification is required.", 4023754366],
    [91, 3, 65, "Gemspec/DependencyVersion: Dependency version specification is required.", 1638532368],
    [92, 3, 53, "Gemspec/DependencyVersion: Dependency version specification is required.", 897228968],
    [93, 3, 54, "Gemspec/DependencyVersion: Dependency version specification is required.", 1601414454],
    [94, 3, 61, "Gemspec/DependencyVersion: Dependency version specification is required.", 2631699923],
    [95, 3, 62, "Gemspec/DependencyVersion: Dependency version specification is required.", 3348222081],
    [96, 3, 56, "Gemspec/DependencyVersion: Dependency version specification is required.", 3843726476],
    [97, 3, 54, "Gemspec/DependencyVersion: Dependency version specification is required.", 3293105462],
    [100, 3, 58, "Gemspec/DependencyVersion: Dependency version specification is required.", 670728969],
    [101, 3, 58, "Gemspec/DependencyVersion: Dependency version specification is required.", 1722946409],
    [102, 3, 56, "Gemspec/DependencyVersion: Dependency version specification is required.", 2273926958],
    [103, 3, 55, "Gemspec/DependencyVersion: Dependency version specification is required.", 1475977371],
    [104, 3, 55, "Gemspec/DependencyVersion: Dependency version specification is required.", 3458446143],
    [106, 3, 53, "Gemspec/DependencyVersion: Dependency version specification is required.", 3112555885],
    [107, 3, 54, "Gemspec/DependencyVersion: Dependency version specification is required.", 1663642130],
    [109, 3, 54, "Gemspec/DependencyVersion: Dependency version specification is required.", 527713396],
    [111, 3, 54, "Gemspec/DependencyVersion: Dependency version specification is required.", 3116501450],
    [112, 3, 54, "Gemspec/DependencyVersion: Dependency version specification is required.", 2771890615]
  ]
}
